// !$*UTF8*$!
{
	archiveVersion = 1;
	classes = {
	};
	objectVersion = 46;
	objects = {

/* Begin PBXBuildFile section */
		0207DA581B56EA530066E2B4 /* Images.xcassets in Resources */ = {isa = PBXBuildFile; fileRef = 0207DA571B56EA530066E2B4 /* Images.xcassets */; };
		07470ED7C44C4AA4A16636F8 /* appbeep.wav in Resources */ = {isa = PBXBuildFile; fileRef = 4EBB908C0C0B48CC8663D50B /* appbeep.wav */; };
		0A61E5CE88F7485C9C55A933 /* LocationUploader.m in Sources */ = {isa = PBXBuildFile; fileRef = 1EAF4516A0E1412F8514EDFF /* LocationUploader.m */; };
		140EE292EB0B4EED882E6579 /* CoreLocation.framework in Frameworks */ = {isa = PBXBuildFile; fileRef = A37075EFC59940C29A63DCF9 /* CoreLocation.framework */; };
		1D3623260D0F684500981E51 /* AppDelegate.m in Sources */ = {isa = PBXBuildFile; fileRef = 1D3623250D0F684500981E51 /* AppDelegate.m */; };
		1D60589B0D05DD56006BFB54 /* main.m in Sources */ = {isa = PBXBuildFile; fileRef = 29B97316FDCFA39411CA2CEA /* main.m */; };
		1DD9D74218984D0395AF91EA /* CDVWKWebViewUIDelegate.m in Sources */ = {isa = PBXBuildFile; fileRef = F0C0211F7EDB420A86EBB4DC /* CDVWKWebViewUIDelegate.m */; };
		22F1BC7F0F8F47C58D51C438 /* APPNotificationOptions.m in Sources */ = {isa = PBXBuildFile; fileRef = 73B86F554D14436A87610FC8 /* APPNotificationOptions.m */; };
		2D4128F2FEE842E8B13873FD /* DatePicker.m in Sources */ = {isa = PBXBuildFile; fileRef = 31DEABBCD8624FB4A04D1108 /* DatePicker.m */; };
		2D598296280C466FBF8D86B6 /* sqlite3.c in Sources */ = {isa = PBXBuildFile; fileRef = 5C933C26886E47EFA9D6C54B /* sqlite3.c */; settings = {COMPILER_FLAGS = "-w -DSQLITE_THREADSAFE=1 -DSQLITE_DEFAULT_SYNCHRONOUS=3 -DSQLITE_DEFAULT_MEMSTATUS=0 -DSQLITE_OMIT_DECLTYPE -DSQLITE_OMIT_DEPRECATED -DSQLITE_OMIT_PROGRESS_CALLBACK -DSQLITE_OMIT_SHARED_CACHE -DSQLITE_TEMP_STORE=2 -DSQLITE_OMIT_LOAD_EXTENSION -DSQLITE_ENABLE_FTS3 -DSQLITE_ENABLE_FTS3_PARENTHESIS -DSQLITE_ENABLE_FTS4 -DSQLITE_ENABLE_RTREE -DSQLITE_DEFAULT_PAGE_SIZE=4096"; }; };
		301BF552109A68D80062928A /* libCordova.a in Frameworks */ = {isa = PBXBuildFile; fileRef = 301BF535109A57CC0062928A /* libCordova.a */; settings = {ATTRIBUTES = (Required, ); }; };
		302D95F114D2391D003F00A1 /* MainViewController.m in Sources */ = {isa = PBXBuildFile; fileRef = 302D95EF14D2391D003F00A1 /* MainViewController.m */; };
		302D95F214D2391D003F00A1 /* MainViewController.xib in Resources */ = {isa = PBXBuildFile; fileRef = 302D95F014D2391D003F00A1 /* MainViewController.xib */; };
		318586D0BBE6446195F37E35 /* SystemConfiguration.framework in Frameworks */ = {isa = PBXBuildFile; fileRef = 867A0DBF1177458CA9E811F7 /* SystemConfiguration.framework */; };
		330617CD21684EA2A40E5833 /* UNUserNotificationCenter+APPLocalNotification.m in Sources */ = {isa = PBXBuildFile; fileRef = 0CADFCE0E3E6432D807059B9 /* UNUserNotificationCenter+APPLocalNotification.m */; };
		368336CDE3074D8C9F9D672B /* APPBackgroundMode.m in Sources */ = {isa = PBXBuildFile; fileRef = 70E9612B05D14A8DB042732B /* APPBackgroundMode.m */; };
		3FA587FF60E44AE59A917280 /* APPLocalNotification.m in Sources */ = {isa = PBXBuildFile; fileRef = FE3F60224E38488C87227F4B /* APPLocalNotification.m */; };
		4753001D26A649AD85A09C69 /* LocationContract.m in Sources */ = {isa = PBXBuildFile; fileRef = 829E9707AFD345DAB44B9A56 /* LocationContract.m */; };
		4ECB92AC81A344FF8D2FA0FB /* Reachability.m in Sources */ = {isa = PBXBuildFile; fileRef = 76A2AEA2E8524D5AB9EA6240 /* Reachability.m */; };
		551AEA5EEB144686867537E0 /* Location.m in Sources */ = {isa = PBXBuildFile; fileRef = 458DFA716BAA4785A57B8010 /* Location.m */; };
		5ED07AA3D5CE4D14BCD5CD80 /* UNNotificationRequest+APPLocalNotification.m in Sources */ = {isa = PBXBuildFile; fileRef = 776B15A879DB4A3D895BF5D0 /* UNNotificationRequest+APPLocalNotification.m */; };
		633648432CD4411192ED9118 /* CDVLocation.m in Sources */ = {isa = PBXBuildFile; fileRef = 5240B8B8DC814F878E408F6B /* CDVLocation.m */; };
		644D3D2FEFDC4E10AD616511 /* DatePicker.xib in Resources */ = {isa = PBXBuildFile; fileRef = 31E3EF29F64148A4A88BB949 /* DatePicker.xib */; };
		6AFF5BF91D6E424B00AB3073 /* CDVLaunchScreen.storyboard in Resources */ = {isa = PBXBuildFile; fileRef = 6AFF5BF81D6E424B00AB3073 /* CDVLaunchScreen.storyboard */; };
		6D62AE41EA2E4D27B8924F89 /* FMDB.m in Sources */ = {isa = PBXBuildFile; fileRef = 64D63860C37E4C0EAFCB0D65 /* FMDB.m */; };
		703E14AF3EC04CC4B25BB0FC /* AudioToolbox.framework in Frameworks */ = {isa = PBXBuildFile; fileRef = 692161276D1E4BC2AF87292F /* AudioToolbox.framework */; settings = {ATTRIBUTES = (Weak, ); }; };
		70E2A712AB80494EBE9F7082 /* CoreTelephony.framework in Frameworks */ = {isa = PBXBuildFile; fileRef = 98CDFC70A6924A23BBB8921B /* CoreTelephony.framework */; };
		7267F2382DAF4E24B36D4C7B /* FMDBLogger.m in Sources */ = {isa = PBXBuildFile; fileRef = D00BD4012D07494BB663D53F /* FMDBLogger.m */; };
		73A3980EBD7D4254987F6BEF /* CDVStatusBar.m in Sources */ = {isa = PBXBuildFile; fileRef = 831F6F4C4E4D468CB7A48164 /* CDVStatusBar.m */; };
		7615B2F815154D938D05A3F1 /* GeolocationOpenHelper.m in Sources */ = {isa = PBXBuildFile; fileRef = 507EFD4FD99A4A6299B5E23C /* GeolocationOpenHelper.m */; };
		78D34B3F91E4486E8CF5059B /* APPMethodMagic.m in Sources */ = {isa = PBXBuildFile; fileRef = E85369842C854B75BA5F0848 /* APPMethodMagic.m */; };
		824BE9B00A054D2DB0B81038 /* CDVNotification.m in Sources */ = {isa = PBXBuildFile; fileRef = 21AFF498F2B04D66B2963D7C /* CDVNotification.m */; };
		83508E0D47534E01A98E53D3 /* CDVViewController+SplashScreen.m in Sources */ = {isa = PBXBuildFile; fileRef = 74B31BF050E34837808EA717 /* CDVViewController+SplashScreen.m */; };
		844D8EF2B4DA4054911D274E /* CDVConnection.m in Sources */ = {isa = PBXBuildFile; fileRef = 442B0676B4504187B8EC3AD0 /* CDVConnection.m */; };
		8FE38D5DF2FE42D8812F7159 /* CDVSplashScreen.m in Sources */ = {isa = PBXBuildFile; fileRef = 772FB7F85AE440E28ED9076F /* CDVSplashScreen.m */; };
		9253B99441B74C72A661BB75 /* Logging.m in Sources */ = {isa = PBXBuildFile; fileRef = 99E66D2E58EA45C4A7BD85F2 /* Logging.m */; };
		94B44E5C6AFD45CBB0224193 /* CDVWKProcessPoolFactory.m in Sources */ = {isa = PBXBuildFile; fileRef = E110BF23F31C4CC9A73C7D5C /* CDVWKProcessPoolFactory.m */; };
		96D054B07AB148A2AB06C3F3 /* BackgroundTaskManager.m in Sources */ = {isa = PBXBuildFile; fileRef = 4EAC723D584F419E85335585 /* BackgroundTaskManager.m */; };
		988365D3C1E240678F6F4980 /* SQLitePlugin.m in Sources */ = {isa = PBXBuildFile; fileRef = A4AAC0C863AF4422AEAC42E9 /* SQLitePlugin.m */; };
		AA45426C25AE4EA1B90453AB /* AVFoundation.framework in Frameworks */ = {isa = PBXBuildFile; fileRef = F95ABFA32C8A439AA97DC948 /* AVFoundation.framework */; settings = {ATTRIBUTES = (Weak, ); }; };
		ADDFF596B5F8486D987250AF /* Config.m in Sources */ = {isa = PBXBuildFile; fileRef = 59162C27DBF641C1BDEDAF29 /* Config.m */; };
		B05750CFF30144F3ABF830EC /* CDVBackgroundGeolocation.m in Sources */ = {isa = PBXBuildFile; fileRef = 1917C8F3D22A4A67A66ECAA6 /* CDVBackgroundGeolocation.m */; };
		B37BFB3CF9564E2BA8BAA365 /* SQLiteLocationDAO.m in Sources */ = {isa = PBXBuildFile; fileRef = BE8E18B151C242AC987DF38B /* SQLiteLocationDAO.m */; };
		B7052271CDA14003B6358790 /* UserNotifications.framework in Frameworks */ = {isa = PBXBuildFile; fileRef = 06F92D1A48724C098E63F4FE /* UserNotifications.framework */; };
		BB4410C1784D45FAB2F2EF78 /* APPNotificationContent.m in Sources */ = {isa = PBXBuildFile; fileRef = D51017B3E3154B188C8F2A6C /* APPNotificationContent.m */; };
		C136C66C739340D4B6E95A99 /* CDVVibration.m in Sources */ = {isa = PBXBuildFile; fileRef = 4B3BE61269EC462797945E89 /* CDVVibration.m */; };
		C281F7E81FC240A98E157F2A /* CDVNotification.bundle in Resources */ = {isa = PBXBuildFile; fileRef = E20BFD41E2D04B6DA91A5C6E /* CDVNotification.bundle */; };
		C4F56A83824B468C8A14ED28 /* CDVWKWebViewEngine.m in Sources */ = {isa = PBXBuildFile; fileRef = 8EE4B58DC72D4D0B8A16938E /* CDVWKWebViewEngine.m */; };
		D02AEA14704942C28A99146B /* CustomPSPDFThreadSafeMutableDictionary.m in Sources */ = {isa = PBXBuildFile; fileRef = 7D1A9E128F8C4C9A97070535 /* CustomPSPDFThreadSafeMutableDictionary.m */; settings = {COMPILER_FLAGS = "-w"; }; };
		D29CCD04C09D470FA2B7A43D /* AppVersion.m in Sources */ = {isa = PBXBuildFile; fileRef = 0D52038277C44889B00596B0 /* AppVersion.m */; };
		D478AA94BC3C4D8F984C5430 /* LocationManager.m in Sources */ = {isa = PBXBuildFile; fileRef = 8D336DED51444D1B8266B7FB /* LocationManager.m */; };
		D52E2B3E788F4827B1905FEC /* NativeStorage.m in Sources */ = {isa = PBXBuildFile; fileRef = A61C7D61626E42AB917E35F4 /* NativeStorage.m */; };
		DDE04DDA4CA64D67AD6AF6F3 /* CocoaLumberjack.m in Sources */ = {isa = PBXBuildFile; fileRef = 4E742F2FAB0145AA8DFBE8AB /* CocoaLumberjack.m */; };
		DF3634AFDAA9452EAA17DAE2 /* libsqlite3.dylib in Frameworks */ = {isa = PBXBuildFile; fileRef = A7B76CA61930444089206DE4 /* libsqlite3.dylib */; settings = {ATTRIBUTES = (Weak, ); }; };
		E4D377A0507E46C4B787DF95 /* SQLiteHelper.m in Sources */ = {isa = PBXBuildFile; fileRef = 052984DEBD3F4FF7BDB80A59 /* SQLiteHelper.m */; };
		E790C1143B764E519C73579E /* APPBadge.m in Sources */ = {isa = PBXBuildFile; fileRef = A463220F162E4D298B57978D /* APPBadge.m */; };
		EB63D454AF724CDA89D03B73 /* SQLiteOpenHelper.m in Sources */ = {isa = PBXBuildFile; fileRef = 25E5DC314AC3495BB15B7618 /* SQLiteOpenHelper.m */; };
		FB7935179DDC4A0EAE808BE8 /* CDVReachability.m in Sources */ = {isa = PBXBuildFile; fileRef = 0E50B2A27F8944439890350E /* CDVReachability.m */; };
		FDDE2F83233541FDB892FC2D /* CDVDevice.m in Sources */ = {isa = PBXBuildFile; fileRef = 3036E08DCB2B40C4B6B85FBC /* CDVDevice.m */; };
		30E4866CFA974B73BE88D07F /* CDVWKWebViewFileXhr.m in Sources */ = {isa = PBXBuildFile; fileRef = BAB446AA55C244B68C62C3EB /* CDVWKWebViewFileXhr.m */; };
		A61A71F774CE4611B31FADB1 /* WebKit.framework in Frameworks */ = {isa = PBXBuildFile; fileRef = C5009AAAB2FF4FB7ACD220A9 /* WebKit.framework */; settings = {ATTRIBUTES = (Weak, ); }; };
		BEB79299F80A46B19187F838 /* CDVWKWebViewEngine+FileXhrFix.m in Sources */ = {isa = PBXBuildFile; fileRef = B34C0E700B1A4E55BDFC0953 /* CDVWKWebViewEngine+FileXhrFix.m */; };
/* End PBXBuildFile section */

/* Begin PBXContainerItemProxy section */
		301BF534109A57CC0062928A /* PBXContainerItemProxy */ = {
			isa = PBXContainerItemProxy;
			containerPortal = 301BF52D109A57CC0062928A /* CordovaLib.xcodeproj */;
			proxyType = 2;
			remoteGlobalIDString = D2AAC07E0554694100DB518D;
			remoteInfo = CordovaLib;
		};
		301BF550109A68C00062928A /* PBXContainerItemProxy */ = {
			isa = PBXContainerItemProxy;
			containerPortal = 301BF52D109A57CC0062928A /* CordovaLib.xcodeproj */;
			proxyType = 1;
			remoteGlobalIDString = D2AAC07D0554694100DB518D;
			remoteInfo = CordovaLib;
		};
		907D8123214C687600058A10 /* PBXContainerItemProxy */ = {
			isa = PBXContainerItemProxy;
			containerPortal = 301BF52D109A57CC0062928A /* CordovaLib.xcodeproj */;
			proxyType = 2;
			remoteGlobalIDString = C0C01EB21E3911D50056E6CB;
			remoteInfo = Cordova;
		};
/* End PBXContainerItemProxy section */

/* Begin PBXFileReference section */
		0207DA571B56EA530066E2B4 /* Images.xcassets */ = {isa = PBXFileReference; lastKnownFileType = folder.assetcatalog; name = Images.xcassets; path = "Vasa Pandu/Images.xcassets"; sourceTree = SOURCE_ROOT; };
		0331EF652B5143F7B6CBEC52 /* AppVersion.h */ = {isa = PBXFileReference; explicitFileType = undefined; fileEncoding = 4; includeInIndex = 0; lastKnownFileType = sourcecode.c.h; name = AppVersion.h; path = "cordova-plugin-app-version/AppVersion.h"; sourceTree = "<group>"; };
		052984DEBD3F4FF7BDB80A59 /* SQLiteHelper.m */ = {isa = PBXFileReference; explicitFileType = undefined; fileEncoding = 4; includeInIndex = 0; lastKnownFileType = sourcecode.c.objc; name = SQLiteHelper.m; path = "cordova-plugin-mauron85-background-geolocation/SQLiteHelper.m"; sourceTree = "<group>"; };
		05BA157034B048A9A1ACF8B8 /* CDVLocation.h */ = {isa = PBXFileReference; explicitFileType = undefined; fileEncoding = 4; includeInIndex = 0; lastKnownFileType = sourcecode.c.h; name = CDVLocation.h; path = "cordova-plugin-geolocation/CDVLocation.h"; sourceTree = "<group>"; };
		06F92D1A48724C098E63F4FE /* UserNotifications.framework */ = {isa = PBXFileReference; explicitFileType = undefined; fileEncoding = 9; includeInIndex = 0; lastKnownFileType = wrapper.framework; name = UserNotifications.framework; path = System/Library/Frameworks/UserNotifications.framework; sourceTree = SDKROOT; };
		0895C7013A29428AB9A18560 /* UNUserNotificationCenter+APPLocalNotification.h */ = {isa = PBXFileReference; explicitFileType = undefined; fileEncoding = 4; includeInIndex = 0; lastKnownFileType = sourcecode.c.h; name = "UNUserNotificationCenter+APPLocalNotification.h"; path = "cordova-plugin-local-notification/UNUserNotificationCenter+APPLocalNotification.h"; sourceTree = "<group>"; };
		0CADFCE0E3E6432D807059B9 /* UNUserNotificationCenter+APPLocalNotification.m */ = {isa = PBXFileReference; explicitFileType = undefined; fileEncoding = 4; includeInIndex = 0; lastKnownFileType = sourcecode.c.objc; name = "UNUserNotificationCenter+APPLocalNotification.m"; path = "cordova-plugin-local-notification/UNUserNotificationCenter+APPLocalNotification.m"; sourceTree = "<group>"; };
		0D52038277C44889B00596B0 /* AppVersion.m */ = {isa = PBXFileReference; explicitFileType = undefined; fileEncoding = 4; includeInIndex = 0; lastKnownFileType = sourcecode.c.objc; name = AppVersion.m; path = "cordova-plugin-app-version/AppVersion.m"; sourceTree = "<group>"; };
		0E118B8DF4D3449D8C4346C1 /* Location.h */ = {isa = PBXFileReference; explicitFileType = undefined; fileEncoding = 4; includeInIndex = 0; lastKnownFileType = sourcecode.c.h; name = Location.h; path = "cordova-plugin-mauron85-background-geolocation/Location.h"; sourceTree = "<group>"; };
		0E50B2A27F8944439890350E /* CDVReachability.m */ = {isa = PBXFileReference; explicitFileType = undefined; fileEncoding = 4; includeInIndex = 0; lastKnownFileType = sourcecode.c.objc; name = CDVReachability.m; path = "cordova-plugin-network-information/CDVReachability.m"; sourceTree = "<group>"; };
		140FF9CCB3F44F008D31176E /* LocationManager.h */ = {isa = PBXFileReference; explicitFileType = undefined; fileEncoding = 4; includeInIndex = 0; lastKnownFileType = sourcecode.c.h; name = LocationManager.h; path = "cordova-plugin-mauron85-background-geolocation/LocationManager.h"; sourceTree = "<group>"; };
		1917C8F3D22A4A67A66ECAA6 /* CDVBackgroundGeolocation.m */ = {isa = PBXFileReference; explicitFileType = undefined; fileEncoding = 4; includeInIndex = 0; lastKnownFileType = sourcecode.c.objc; name = CDVBackgroundGeolocation.m; path = "cordova-plugin-mauron85-background-geolocation/CDVBackgroundGeolocation.m"; sourceTree = "<group>"; };
		1D3623240D0F684500981E51 /* AppDelegate.h */ = {isa = PBXFileReference; fileEncoding = 4; lastKnownFileType = sourcecode.c.h; path = AppDelegate.h; sourceTree = "<group>"; };
		1D3623250D0F684500981E51 /* AppDelegate.m */ = {isa = PBXFileReference; fileEncoding = 4; lastKnownFileType = sourcecode.c.objc; path = AppDelegate.m; sourceTree = "<group>"; };
		1D6058910D05DD3D006BFB54 /* Vasa Pandu.app */ = {isa = PBXFileReference; explicitFileType = wrapper.application; includeInIndex = 0; path = "Vasa Pandu.app"; sourceTree = BUILT_PRODUCTS_DIR; };
		1EAF4516A0E1412F8514EDFF /* LocationUploader.m */ = {isa = PBXFileReference; explicitFileType = undefined; fileEncoding = 4; includeInIndex = 0; lastKnownFileType = sourcecode.c.objc; name = LocationUploader.m; path = "cordova-plugin-mauron85-background-geolocation/LocationUploader.m"; sourceTree = "<group>"; };
		21AFF498F2B04D66B2963D7C /* CDVNotification.m */ = {isa = PBXFileReference; explicitFileType = undefined; fileEncoding = 4; includeInIndex = 0; lastKnownFileType = sourcecode.c.objc; name = CDVNotification.m; path = "cordova-plugin-dialogs/CDVNotification.m"; sourceTree = "<group>"; };
		25E5DC314AC3495BB15B7618 /* SQLiteOpenHelper.m */ = {isa = PBXFileReference; explicitFileType = undefined; fileEncoding = 4; includeInIndex = 0; lastKnownFileType = sourcecode.c.objc; name = SQLiteOpenHelper.m; path = "cordova-plugin-mauron85-background-geolocation/SQLiteOpenHelper.m"; sourceTree = "<group>"; };
		27C4C4779FF34AC58D48A5E5 /* sqlite3.h */ = {isa = PBXFileReference; explicitFileType = undefined; fileEncoding = 4; includeInIndex = 0; lastKnownFileType = sourcecode.c.h; name = sqlite3.h; path = "cordova-sqlite-storage/sqlite3.h"; sourceTree = "<group>"; };
		29B97316FDCFA39411CA2CEA /* main.m */ = {isa = PBXFileReference; fileEncoding = 4; lastKnownFileType = sourcecode.c.objc; path = main.m; sourceTree = "<group>"; };
		29C22967C83E4EC88E0AA990 /* Config.h */ = {isa = PBXFileReference; explicitFileType = undefined; fileEncoding = 4; includeInIndex = 0; lastKnownFileType = sourcecode.c.h; name = Config.h; path = "cordova-plugin-mauron85-background-geolocation/Config.h"; sourceTree = "<group>"; };
		29EDD19941504C00AFB539DB /* CDVWKWebViewUIDelegate.h */ = {isa = PBXFileReference; explicitFileType = undefined; fileEncoding = 4; includeInIndex = 0; lastKnownFileType = sourcecode.c.h; name = CDVWKWebViewUIDelegate.h; path = "cordova-plugin-wkwebview-engine/CDVWKWebViewUIDelegate.h"; sourceTree = "<group>"; };
		301BF52D109A57CC0062928A /* CordovaLib.xcodeproj */ = {isa = PBXFileReference; lastKnownFileType = "wrapper.pb-project"; name = CordovaLib.xcodeproj; path = CordovaLib/CordovaLib.xcodeproj; sourceTree = "<group>"; };
		301BF56E109A69640062928A /* www */ = {isa = PBXFileReference; lastKnownFileType = folder; path = www; sourceTree = SOURCE_ROOT; };
		302D95EE14D2391D003F00A1 /* MainViewController.h */ = {isa = PBXFileReference; fileEncoding = 4; lastKnownFileType = sourcecode.c.h; path = MainViewController.h; sourceTree = "<group>"; };
		302D95EF14D2391D003F00A1 /* MainViewController.m */ = {isa = PBXFileReference; fileEncoding = 4; lastKnownFileType = sourcecode.c.objc; path = MainViewController.m; sourceTree = "<group>"; };
		302D95F014D2391D003F00A1 /* MainViewController.xib */ = {isa = PBXFileReference; fileEncoding = 4; lastKnownFileType = file.xib; path = MainViewController.xib; sourceTree = "<group>"; };
		3036E08DCB2B40C4B6B85FBC /* CDVDevice.m */ = {isa = PBXFileReference; explicitFileType = undefined; fileEncoding = 4; includeInIndex = 0; lastKnownFileType = sourcecode.c.objc; name = CDVDevice.m; path = "cordova-plugin-device/CDVDevice.m"; sourceTree = "<group>"; };
		3047A50F1AB8059700498E2A /* build-debug.xcconfig */ = {isa = PBXFileReference; fileEncoding = 4; lastKnownFileType = text.xcconfig; name = "build-debug.xcconfig"; path = "cordova/build-debug.xcconfig"; sourceTree = SOURCE_ROOT; };
		3047A5101AB8059700498E2A /* build-release.xcconfig */ = {isa = PBXFileReference; fileEncoding = 4; lastKnownFileType = text.xcconfig; name = "build-release.xcconfig"; path = "cordova/build-release.xcconfig"; sourceTree = SOURCE_ROOT; };
		3047A5111AB8059700498E2A /* build.xcconfig */ = {isa = PBXFileReference; fileEncoding = 4; lastKnownFileType = text.xcconfig; name = build.xcconfig; path = cordova/build.xcconfig; sourceTree = SOURCE_ROOT; };
		31DEABBCD8624FB4A04D1108 /* DatePicker.m */ = {isa = PBXFileReference; explicitFileType = undefined; fileEncoding = 4; includeInIndex = 0; lastKnownFileType = sourcecode.c.objc; name = DatePicker.m; path = "cordova-plugin-datepicker/DatePicker.m"; sourceTree = "<group>"; };
		31E3EF29F64148A4A88BB949 /* DatePicker.xib */ = {isa = PBXFileReference; explicitFileType = undefined; fileEncoding = 9; includeInIndex = 0; lastKnownFileType = file.xib; path = DatePicker.xib; sourceTree = "<group>"; };
		32CA4F630368D1EE00C91783 /* Vasa Pandu-Prefix.pch */ = {isa = PBXFileReference; fileEncoding = 4; lastKnownFileType = sourcecode.c.h; path = "Vasa Pandu-Prefix.pch"; sourceTree = "<group>"; };
		442B0676B4504187B8EC3AD0 /* CDVConnection.m */ = {isa = PBXFileReference; explicitFileType = undefined; fileEncoding = 4; includeInIndex = 0; lastKnownFileType = sourcecode.c.objc; name = CDVConnection.m; path = "cordova-plugin-network-information/CDVConnection.m"; sourceTree = "<group>"; };
		458DFA716BAA4785A57B8010 /* Location.m */ = {isa = PBXFileReference; explicitFileType = undefined; fileEncoding = 4; includeInIndex = 0; lastKnownFileType = sourcecode.c.objc; name = Location.m; path = "cordova-plugin-mauron85-background-geolocation/Location.m"; sourceTree = "<group>"; };
		48ADB019EC3F4391962E6C36 /* CDVConnection.h */ = {isa = PBXFileReference; explicitFileType = undefined; fileEncoding = 4; includeInIndex = 0; lastKnownFileType = sourcecode.c.h; name = CDVConnection.h; path = "cordova-plugin-network-information/CDVConnection.h"; sourceTree = "<group>"; };
		4B3BE61269EC462797945E89 /* CDVVibration.m */ = {isa = PBXFileReference; explicitFileType = undefined; fileEncoding = 4; includeInIndex = 0; lastKnownFileType = sourcecode.c.objc; name = CDVVibration.m; path = "cordova-plugin-vibration/CDVVibration.m"; sourceTree = "<group>"; };
		4B403DBEF2254062B03BF3B6 /* CDVSplashScreen.h */ = {isa = PBXFileReference; explicitFileType = undefined; fileEncoding = 4; includeInIndex = 0; lastKnownFileType = sourcecode.c.h; name = CDVSplashScreen.h; path = "cordova-plugin-splashscreen/CDVSplashScreen.h"; sourceTree = "<group>"; };
		4B7C248917C14E9A96DA64BA /* CDVViewController+SplashScreen.h */ = {isa = PBXFileReference; explicitFileType = undefined; fileEncoding = 4; includeInIndex = 0; lastKnownFileType = sourcecode.c.h; name = "CDVViewController+SplashScreen.h"; path = "cordova-plugin-splashscreen/CDVViewController+SplashScreen.h"; sourceTree = "<group>"; };
		4E742F2FAB0145AA8DFBE8AB /* CocoaLumberjack.m */ = {isa = PBXFileReference; explicitFileType = undefined; fileEncoding = 4; includeInIndex = 0; lastKnownFileType = sourcecode.c.objc; name = CocoaLumberjack.m; path = "cordova-plugin-mauron85-background-geolocation/CocoaLumberjack.m"; sourceTree = "<group>"; };
		4EAC723D584F419E85335585 /* BackgroundTaskManager.m */ = {isa = PBXFileReference; explicitFileType = undefined; fileEncoding = 4; includeInIndex = 0; lastKnownFileType = sourcecode.c.objc; name = BackgroundTaskManager.m; path = "cordova-plugin-mauron85-background-geolocation/BackgroundTaskManager.m"; sourceTree = "<group>"; };
		4EBB908C0C0B48CC8663D50B /* appbeep.wav */ = {isa = PBXFileReference; explicitFileType = undefined; fileEncoding = 9; includeInIndex = 0; lastKnownFileType = unknown; path = appbeep.wav; sourceTree = "<group>"; };
		507EFD4FD99A4A6299B5E23C /* GeolocationOpenHelper.m */ = {isa = PBXFileReference; explicitFileType = undefined; fileEncoding = 4; includeInIndex = 0; lastKnownFileType = sourcecode.c.objc; name = GeolocationOpenHelper.m; path = "cordova-plugin-mauron85-background-geolocation/GeolocationOpenHelper.m"; sourceTree = "<group>"; };
		5240B8B8DC814F878E408F6B /* CDVLocation.m */ = {isa = PBXFileReference; explicitFileType = undefined; fileEncoding = 4; includeInIndex = 0; lastKnownFileType = sourcecode.c.objc; name = CDVLocation.m; path = "cordova-plugin-geolocation/CDVLocation.m"; sourceTree = "<group>"; };
		547F292BB0A249458C4ACD30 /* APPNotificationOptions.h */ = {isa = PBXFileReference; explicitFileType = undefined; fileEncoding = 4; includeInIndex = 0; lastKnownFileType = sourcecode.c.h; name = APPNotificationOptions.h; path = "cordova-plugin-local-notification/APPNotificationOptions.h"; sourceTree = "<group>"; };
		59162C27DBF641C1BDEDAF29 /* Config.m */ = {isa = PBXFileReference; explicitFileType = undefined; fileEncoding = 4; includeInIndex = 0; lastKnownFileType = sourcecode.c.objc; name = Config.m; path = "cordova-plugin-mauron85-background-geolocation/Config.m"; sourceTree = "<group>"; };
		5C933C26886E47EFA9D6C54B /* sqlite3.c */ = {isa = PBXFileReference; explicitFileType = undefined; fileEncoding = 9; includeInIndex = 0; lastKnownFileType = unknown; name = sqlite3.c; path = "cordova-sqlite-storage/sqlite3.c"; sourceTree = "<group>"; };
		5CE5992CC9C2418DB86ABD6C /* CDVWKProcessPoolFactory.h */ = {isa = PBXFileReference; explicitFileType = undefined; fileEncoding = 4; includeInIndex = 0; lastKnownFileType = sourcecode.c.h; name = CDVWKProcessPoolFactory.h; path = "cordova-plugin-wkwebview-engine/CDVWKProcessPoolFactory.h"; sourceTree = "<group>"; };
		5D294AE434D2430496C3D562 /* SQLiteLocationDAO.h */ = {isa = PBXFileReference; explicitFileType = undefined; fileEncoding = 4; includeInIndex = 0; lastKnownFileType = sourcecode.c.h; name = SQLiteLocationDAO.h; path = "cordova-plugin-mauron85-background-geolocation/SQLiteLocationDAO.h"; sourceTree = "<group>"; };
		5E4333A26F344FB9B0631124 /* CDVStatusBar.h */ = {isa = PBXFileReference; explicitFileType = undefined; fileEncoding = 4; includeInIndex = 0; lastKnownFileType = sourcecode.c.h; name = CDVStatusBar.h; path = "cordova-plugin-statusbar/CDVStatusBar.h"; sourceTree = "<group>"; };
		63B750A5D8BF483EB8FA7BB8 /* CDVReachability.h */ = {isa = PBXFileReference; explicitFileType = undefined; fileEncoding = 4; includeInIndex = 0; lastKnownFileType = sourcecode.c.h; name = CDVReachability.h; path = "cordova-plugin-network-information/CDVReachability.h"; sourceTree = "<group>"; };
		64D63860C37E4C0EAFCB0D65 /* FMDB.m */ = {isa = PBXFileReference; explicitFileType = undefined; fileEncoding = 4; includeInIndex = 0; lastKnownFileType = sourcecode.c.objc; name = FMDB.m; path = "cordova-plugin-mauron85-background-geolocation/FMDB.m"; sourceTree = "<group>"; };
		68BA7031F14F4F1E978C54DA /* FMDB.h */ = {isa = PBXFileReference; explicitFileType = undefined; fileEncoding = 4; includeInIndex = 0; lastKnownFileType = sourcecode.c.h; name = FMDB.h; path = "cordova-plugin-mauron85-background-geolocation/FMDB.h"; sourceTree = "<group>"; };
		692161276D1E4BC2AF87292F /* AudioToolbox.framework */ = {isa = PBXFileReference; explicitFileType = undefined; fileEncoding = 9; includeInIndex = 0; lastKnownFileType = wrapper.framework; name = AudioToolbox.framework; path = System/Library/Frameworks/AudioToolbox.framework; sourceTree = SDKROOT; };
		6AFF5BF81D6E424B00AB3073 /* CDVLaunchScreen.storyboard */ = {isa = PBXFileReference; fileEncoding = 4; lastKnownFileType = file.storyboard; name = CDVLaunchScreen.storyboard; path = "Vasa Pandu/CDVLaunchScreen.storyboard"; sourceTree = SOURCE_ROOT; };
		70E9612B05D14A8DB042732B /* APPBackgroundMode.m */ = {isa = PBXFileReference; explicitFileType = undefined; fileEncoding = 4; includeInIndex = 0; lastKnownFileType = sourcecode.c.objc; name = APPBackgroundMode.m; path = "cordova-plugin-background-mode/APPBackgroundMode.m"; sourceTree = "<group>"; };
		7290C596752340E1A88B6412 /* CDVVibration.h */ = {isa = PBXFileReference; explicitFileType = undefined; fileEncoding = 4; includeInIndex = 0; lastKnownFileType = sourcecode.c.h; name = CDVVibration.h; path = "cordova-plugin-vibration/CDVVibration.h"; sourceTree = "<group>"; };
		73B86F554D14436A87610FC8 /* APPNotificationOptions.m */ = {isa = PBXFileReference; explicitFileType = undefined; fileEncoding = 4; includeInIndex = 0; lastKnownFileType = sourcecode.c.objc; name = APPNotificationOptions.m; path = "cordova-plugin-local-notification/APPNotificationOptions.m"; sourceTree = "<group>"; };
		74B31BF050E34837808EA717 /* CDVViewController+SplashScreen.m */ = {isa = PBXFileReference; explicitFileType = undefined; fileEncoding = 4; includeInIndex = 0; lastKnownFileType = sourcecode.c.objc; name = "CDVViewController+SplashScreen.m"; path = "cordova-plugin-splashscreen/CDVViewController+SplashScreen.m"; sourceTree = "<group>"; };
		753F28F75E4A4FD9B49C73C3 /* Logging.h */ = {isa = PBXFileReference; explicitFileType = undefined; fileEncoding = 4; includeInIndex = 0; lastKnownFileType = sourcecode.c.h; name = Logging.h; path = "cordova-plugin-mauron85-background-geolocation/Logging.h"; sourceTree = "<group>"; };
		760F1714842D4FCFA7B179C8 /* APPBadge.h */ = {isa = PBXFileReference; explicitFileType = undefined; fileEncoding = 4; includeInIndex = 0; lastKnownFileType = sourcecode.c.h; name = APPBadge.h; path = "cordova-plugin-badge/APPBadge.h"; sourceTree = "<group>"; };
		76A2AEA2E8524D5AB9EA6240 /* Reachability.m */ = {isa = PBXFileReference; explicitFileType = undefined; fileEncoding = 4; includeInIndex = 0; lastKnownFileType = sourcecode.c.objc; name = Reachability.m; path = "cordova-plugin-mauron85-background-geolocation/Reachability.m"; sourceTree = "<group>"; };
		771F01236196400C9CA86EB4 /* FMDBLogger.h */ = {isa = PBXFileReference; explicitFileType = undefined; fileEncoding = 4; includeInIndex = 0; lastKnownFileType = sourcecode.c.h; name = FMDBLogger.h; path = "cordova-plugin-mauron85-background-geolocation/FMDBLogger.h"; sourceTree = "<group>"; };
		772FB7F85AE440E28ED9076F /* CDVSplashScreen.m */ = {isa = PBXFileReference; explicitFileType = undefined; fileEncoding = 4; includeInIndex = 0; lastKnownFileType = sourcecode.c.objc; name = CDVSplashScreen.m; path = "cordova-plugin-splashscreen/CDVSplashScreen.m"; sourceTree = "<group>"; };
		776B15A879DB4A3D895BF5D0 /* UNNotificationRequest+APPLocalNotification.m */ = {isa = PBXFileReference; explicitFileType = undefined; fileEncoding = 4; includeInIndex = 0; lastKnownFileType = sourcecode.c.objc; name = "UNNotificationRequest+APPLocalNotification.m"; path = "cordova-plugin-local-notification/UNNotificationRequest+APPLocalNotification.m"; sourceTree = "<group>"; };
		7D1A9E128F8C4C9A97070535 /* CustomPSPDFThreadSafeMutableDictionary.m */ = {isa = PBXFileReference; explicitFileType = undefined; fileEncoding = 4; includeInIndex = 0; lastKnownFileType = sourcecode.c.objc; name = CustomPSPDFThreadSafeMutableDictionary.m; path = "cordova-sqlite-storage/CustomPSPDFThreadSafeMutableDictionary.m"; sourceTree = "<group>"; };
		829E9707AFD345DAB44B9A56 /* LocationContract.m */ = {isa = PBXFileReference; explicitFileType = undefined; fileEncoding = 4; includeInIndex = 0; lastKnownFileType = sourcecode.c.objc; name = LocationContract.m; path = "cordova-plugin-mauron85-background-geolocation/LocationContract.m"; sourceTree = "<group>"; };
		831F6F4C4E4D468CB7A48164 /* CDVStatusBar.m */ = {isa = PBXFileReference; explicitFileType = undefined; fileEncoding = 4; includeInIndex = 0; lastKnownFileType = sourcecode.c.objc; name = CDVStatusBar.m; path = "cordova-plugin-statusbar/CDVStatusBar.m"; sourceTree = "<group>"; };
		867A0DBF1177458CA9E811F7 /* SystemConfiguration.framework */ = {isa = PBXFileReference; explicitFileType = undefined; fileEncoding = 9; includeInIndex = 0; lastKnownFileType = wrapper.framework; name = SystemConfiguration.framework; path = System/Library/Frameworks/SystemConfiguration.framework; sourceTree = SDKROOT; };
		895DF523E86E402FA27B49F8 /* NativeStorage.h */ = {isa = PBXFileReference; explicitFileType = undefined; fileEncoding = 4; includeInIndex = 0; lastKnownFileType = sourcecode.c.h; name = NativeStorage.h; path = "cordova-plugin-nativestorage/NativeStorage.h"; sourceTree = "<group>"; };
		89749C646E5B454BBF2CB394 /* LocationUploader.h */ = {isa = PBXFileReference; explicitFileType = undefined; fileEncoding = 4; includeInIndex = 0; lastKnownFileType = sourcecode.c.h; name = LocationUploader.h; path = "cordova-plugin-mauron85-background-geolocation/LocationUploader.h"; sourceTree = "<group>"; };
		8C9DE7A789F74D6DBFD40940 /* CDVNotification.h */ = {isa = PBXFileReference; explicitFileType = undefined; fileEncoding = 4; includeInIndex = 0; lastKnownFileType = sourcecode.c.h; name = CDVNotification.h; path = "cordova-plugin-dialogs/CDVNotification.h"; sourceTree = "<group>"; };
		8D1107310486CEB800E47090 /* Vasa Pandu-Info.plist */ = {isa = PBXFileReference; fileEncoding = 4; lastKnownFileType = text.plist.xml; name = "Vasa Pandu-Info.plist"; path = "Vasa Pandu/Vasa Pandu-Info.plist"; plistStructureDefinitionIdentifier = "com.apple.xcode.plist.structure-definition.iphone.info-plist"; sourceTree = SOURCE_ROOT; };
		8D336DED51444D1B8266B7FB /* LocationManager.m */ = {isa = PBXFileReference; explicitFileType = undefined; fileEncoding = 4; includeInIndex = 0; lastKnownFileType = sourcecode.c.objc; name = LocationManager.m; path = "cordova-plugin-mauron85-background-geolocation/LocationManager.m"; sourceTree = "<group>"; };
		8EE4B58DC72D4D0B8A16938E /* CDVWKWebViewEngine.m */ = {isa = PBXFileReference; explicitFileType = undefined; fileEncoding = 4; includeInIndex = 0; lastKnownFileType = sourcecode.c.objc; name = CDVWKWebViewEngine.m; path = "cordova-plugin-wkwebview-engine/CDVWKWebViewEngine.m"; sourceTree = "<group>"; };
		9504CFD5D3B4431DBCC08C69 /* APPNotificationContent.h */ = {isa = PBXFileReference; explicitFileType = undefined; fileEncoding = 4; includeInIndex = 0; lastKnownFileType = sourcecode.c.h; name = APPNotificationContent.h; path = "cordova-plugin-local-notification/APPNotificationContent.h"; sourceTree = "<group>"; };
		98CDFC70A6924A23BBB8921B /* CoreTelephony.framework */ = {isa = PBXFileReference; explicitFileType = undefined; fileEncoding = 9; includeInIndex = 0; lastKnownFileType = wrapper.framework; name = CoreTelephony.framework; path = System/Library/Frameworks/CoreTelephony.framework; sourceTree = SDKROOT; };
		99E66D2E58EA45C4A7BD85F2 /* Logging.m */ = {isa = PBXFileReference; explicitFileType = undefined; fileEncoding = 4; includeInIndex = 0; lastKnownFileType = sourcecode.c.objc; name = Logging.m; path = "cordova-plugin-mauron85-background-geolocation/Logging.m"; sourceTree = "<group>"; };
		9A4D1C9353C243C9A946495D /* UNNotificationRequest+APPLocalNotification.h */ = {isa = PBXFileReference; explicitFileType = undefined; fileEncoding = 4; includeInIndex = 0; lastKnownFileType = sourcecode.c.h; name = "UNNotificationRequest+APPLocalNotification.h"; path = "cordova-plugin-local-notification/UNNotificationRequest+APPLocalNotification.h"; sourceTree = "<group>"; };
		A0AFC4D9503E4056BAE983F4 /* Reachability.h */ = {isa = PBXFileReference; explicitFileType = undefined; fileEncoding = 4; includeInIndex = 0; lastKnownFileType = sourcecode.c.h; name = Reachability.h; path = "cordova-plugin-mauron85-background-geolocation/Reachability.h"; sourceTree = "<group>"; };
		A0FE850F497E4756AEF28A73 /* APPBackgroundMode.h */ = {isa = PBXFileReference; explicitFileType = undefined; fileEncoding = 4; includeInIndex = 0; lastKnownFileType = sourcecode.c.h; name = APPBackgroundMode.h; path = "cordova-plugin-background-mode/APPBackgroundMode.h"; sourceTree = "<group>"; };
		A1AA6B08A792479DB4519329 /* GeolocationOpenHelper.h */ = {isa = PBXFileReference; explicitFileType = undefined; fileEncoding = 4; includeInIndex = 0; lastKnownFileType = sourcecode.c.h; name = GeolocationOpenHelper.h; path = "cordova-plugin-mauron85-background-geolocation/GeolocationOpenHelper.h"; sourceTree = "<group>"; };
		A37075EFC59940C29A63DCF9 /* CoreLocation.framework */ = {isa = PBXFileReference; explicitFileType = undefined; fileEncoding = 9; includeInIndex = 0; lastKnownFileType = wrapper.framework; name = CoreLocation.framework; path = System/Library/Frameworks/CoreLocation.framework; sourceTree = SDKROOT; };
		A463220F162E4D298B57978D /* APPBadge.m */ = {isa = PBXFileReference; explicitFileType = undefined; fileEncoding = 4; includeInIndex = 0; lastKnownFileType = sourcecode.c.objc; name = APPBadge.m; path = "cordova-plugin-badge/APPBadge.m"; sourceTree = "<group>"; };
		A4AAC0C863AF4422AEAC42E9 /* SQLitePlugin.m */ = {isa = PBXFileReference; explicitFileType = undefined; fileEncoding = 4; includeInIndex = 0; lastKnownFileType = sourcecode.c.objc; name = SQLitePlugin.m; path = "cordova-sqlite-storage/SQLitePlugin.m"; sourceTree = "<group>"; };
		A61C7D61626E42AB917E35F4 /* NativeStorage.m */ = {isa = PBXFileReference; explicitFileType = undefined; fileEncoding = 4; includeInIndex = 0; lastKnownFileType = sourcecode.c.objc; name = NativeStorage.m; path = "cordova-plugin-nativestorage/NativeStorage.m"; sourceTree = "<group>"; };
		A7B76CA61930444089206DE4 /* libsqlite3.dylib */ = {isa = PBXFileReference; explicitFileType = undefined; fileEncoding = 9; includeInIndex = 0; lastKnownFileType = "compiled.mach-o.dylib"; name = libsqlite3.dylib; path = usr/lib/libsqlite3.dylib; sourceTree = SDKROOT; };
		ACFE9A90C32F4486AAC6C4EF /* SQLiteHelper.h */ = {isa = PBXFileReference; explicitFileType = undefined; fileEncoding = 4; includeInIndex = 0; lastKnownFileType = sourcecode.c.h; name = SQLiteHelper.h; path = "cordova-plugin-mauron85-background-geolocation/SQLiteHelper.h"; sourceTree = "<group>"; };
		B7535C90AE7C4B82BEF73718 /* BackgroundTaskManager.h */ = {isa = PBXFileReference; explicitFileType = undefined; fileEncoding = 4; includeInIndex = 0; lastKnownFileType = sourcecode.c.h; name = BackgroundTaskManager.h; path = "cordova-plugin-mauron85-background-geolocation/BackgroundTaskManager.h"; sourceTree = "<group>"; };
		BE8E18B151C242AC987DF38B /* SQLiteLocationDAO.m */ = {isa = PBXFileReference; explicitFileType = undefined; fileEncoding = 4; includeInIndex = 0; lastKnownFileType = sourcecode.c.objc; name = SQLiteLocationDAO.m; path = "cordova-plugin-mauron85-background-geolocation/SQLiteLocationDAO.m"; sourceTree = "<group>"; };
		BECBE625D1CE462591CA0840 /* CDVWKWebViewEngine.h */ = {isa = PBXFileReference; explicitFileType = undefined; fileEncoding = 4; includeInIndex = 0; lastKnownFileType = sourcecode.c.h; name = CDVWKWebViewEngine.h; path = "cordova-plugin-wkwebview-engine/CDVWKWebViewEngine.h"; sourceTree = "<group>"; };
		C152B8D367E9463EA5524C28 /* APPLocalNotification.h */ = {isa = PBXFileReference; explicitFileType = undefined; fileEncoding = 4; includeInIndex = 0; lastKnownFileType = sourcecode.c.h; name = APPLocalNotification.h; path = "cordova-plugin-local-notification/APPLocalNotification.h"; sourceTree = "<group>"; };
		C493274FFEFE444BB1A97B62 /* LocationContract.h */ = {isa = PBXFileReference; explicitFileType = undefined; fileEncoding = 4; includeInIndex = 0; lastKnownFileType = sourcecode.c.h; name = LocationContract.h; path = "cordova-plugin-mauron85-background-geolocation/LocationContract.h"; sourceTree = "<group>"; };
		C8BEAC06A07E49228465D599 /* CDVDevice.h */ = {isa = PBXFileReference; explicitFileType = undefined; fileEncoding = 4; includeInIndex = 0; lastKnownFileType = sourcecode.c.h; name = CDVDevice.h; path = "cordova-plugin-device/CDVDevice.h"; sourceTree = "<group>"; };
		CAD692938FA54E17AA2F7DCB /* APPMethodMagic.h */ = {isa = PBXFileReference; explicitFileType = undefined; fileEncoding = 4; includeInIndex = 0; lastKnownFileType = sourcecode.c.h; name = APPMethodMagic.h; path = "cordova-plugin-background-mode/APPMethodMagic.h"; sourceTree = "<group>"; };
		D00BD4012D07494BB663D53F /* FMDBLogger.m */ = {isa = PBXFileReference; explicitFileType = undefined; fileEncoding = 4; includeInIndex = 0; lastKnownFileType = sourcecode.c.objc; name = FMDBLogger.m; path = "cordova-plugin-mauron85-background-geolocation/FMDBLogger.m"; sourceTree = "<group>"; };
		D51017B3E3154B188C8F2A6C /* APPNotificationContent.m */ = {isa = PBXFileReference; explicitFileType = undefined; fileEncoding = 4; includeInIndex = 0; lastKnownFileType = sourcecode.c.objc; name = APPNotificationContent.m; path = "cordova-plugin-local-notification/APPNotificationContent.m"; sourceTree = "<group>"; };
		DA5385024BDC4438B2F501D0 /* SQLiteOpenHelper.h */ = {isa = PBXFileReference; explicitFileType = undefined; fileEncoding = 4; includeInIndex = 0; lastKnownFileType = sourcecode.c.h; name = SQLiteOpenHelper.h; path = "cordova-plugin-mauron85-background-geolocation/SQLiteOpenHelper.h"; sourceTree = "<group>"; };
		E110BF23F31C4CC9A73C7D5C /* CDVWKProcessPoolFactory.m */ = {isa = PBXFileReference; explicitFileType = undefined; fileEncoding = 4; includeInIndex = 0; lastKnownFileType = sourcecode.c.objc; name = CDVWKProcessPoolFactory.m; path = "cordova-plugin-wkwebview-engine/CDVWKProcessPoolFactory.m"; sourceTree = "<group>"; };
		E20BFD41E2D04B6DA91A5C6E /* CDVNotification.bundle */ = {isa = PBXFileReference; explicitFileType = undefined; fileEncoding = 9; includeInIndex = 0; lastKnownFileType = "wrapper.plug-in"; path = CDVNotification.bundle; sourceTree = "<group>"; };
		E41503F58E1E4D399144555B /* CocoaLumberjack.h */ = {isa = PBXFileReference; explicitFileType = undefined; fileEncoding = 4; includeInIndex = 0; lastKnownFileType = sourcecode.c.h; name = CocoaLumberjack.h; path = "cordova-plugin-mauron85-background-geolocation/CocoaLumberjack.h"; sourceTree = "<group>"; };
		E85369842C854B75BA5F0848 /* APPMethodMagic.m */ = {isa = PBXFileReference; explicitFileType = undefined; fileEncoding = 4; includeInIndex = 0; lastKnownFileType = sourcecode.c.objc; name = APPMethodMagic.m; path = "cordova-plugin-background-mode/APPMethodMagic.m"; sourceTree = "<group>"; };
		EB76B14FEAB94703A5D67262 /* CDVBackgroundGeolocation.h */ = {isa = PBXFileReference; explicitFileType = undefined; fileEncoding = 4; includeInIndex = 0; lastKnownFileType = sourcecode.c.h; name = CDVBackgroundGeolocation.h; path = "cordova-plugin-mauron85-background-geolocation/CDVBackgroundGeolocation.h"; sourceTree = "<group>"; };
		EB87FDF31871DA8E0020F90C /* www */ = {isa = PBXFileReference; lastKnownFileType = folder; name = www; path = ../../www; sourceTree = "<group>"; };
		EB87FDF41871DAF40020F90C /* config.xml */ = {isa = PBXFileReference; lastKnownFileType = text.xml; name = config.xml; path = ../../config.xml; sourceTree = "<group>"; };
		ED33DF2A687741AEAF9F8254 /* Bridging-Header.h */ = {isa = PBXFileReference; fileEncoding = 4; lastKnownFileType = sourcecode.c.h; path = "Bridging-Header.h"; sourceTree = "<group>"; };
		F0C0211F7EDB420A86EBB4DC /* CDVWKWebViewUIDelegate.m */ = {isa = PBXFileReference; explicitFileType = undefined; fileEncoding = 4; includeInIndex = 0; lastKnownFileType = sourcecode.c.objc; name = CDVWKWebViewUIDelegate.m; path = "cordova-plugin-wkwebview-engine/CDVWKWebViewUIDelegate.m"; sourceTree = "<group>"; };
		F840E1F0165FE0F500CFE078 /* config.xml */ = {isa = PBXFileReference; lastKnownFileType = text.xml; name = config.xml; path = "Vasa Pandu/config.xml"; sourceTree = "<group>"; };
		F95ABFA32C8A439AA97DC948 /* AVFoundation.framework */ = {isa = PBXFileReference; explicitFileType = undefined; fileEncoding = 9; includeInIndex = 0; lastKnownFileType = wrapper.framework; name = AVFoundation.framework; path = System/Library/Frameworks/AVFoundation.framework; sourceTree = SDKROOT; };
		FC7267AB993F4CE6A3418628 /* SQLitePlugin.h */ = {isa = PBXFileReference; explicitFileType = undefined; fileEncoding = 4; includeInIndex = 0; lastKnownFileType = sourcecode.c.h; name = SQLitePlugin.h; path = "cordova-sqlite-storage/SQLitePlugin.h"; sourceTree = "<group>"; };
		FE3F60224E38488C87227F4B /* APPLocalNotification.m */ = {isa = PBXFileReference; explicitFileType = undefined; fileEncoding = 4; includeInIndex = 0; lastKnownFileType = sourcecode.c.objc; name = APPLocalNotification.m; path = "cordova-plugin-local-notification/APPLocalNotification.m"; sourceTree = "<group>"; };
		FFEE2A6684824E94B4C10635 /* DatePicker.h */ = {isa = PBXFileReference; explicitFileType = undefined; fileEncoding = 4; includeInIndex = 0; lastKnownFileType = sourcecode.c.h; name = DatePicker.h; path = "cordova-plugin-datepicker/DatePicker.h"; sourceTree = "<group>"; };
		BAB446AA55C244B68C62C3EB /* CDVWKWebViewFileXhr.m */ = {isa = PBXFileReference; name = "CDVWKWebViewFileXhr.m"; path = "cordova-plugin-wkwebview-file-xhr/CDVWKWebViewFileXhr.m"; sourceTree = "<group>"; fileEncoding = 4; lastKnownFileType = sourcecode.c.objc; explicitFileType = undefined; includeInIndex = 0; };
		D60351C5314E46C1A1261EAB /* CDVWKWebViewFileXhr.h */ = {isa = PBXFileReference; name = "CDVWKWebViewFileXhr.h"; path = "cordova-plugin-wkwebview-file-xhr/CDVWKWebViewFileXhr.h"; sourceTree = "<group>"; fileEncoding = 4; lastKnownFileType = sourcecode.c.h; explicitFileType = undefined; includeInIndex = 0; };
		C5009AAAB2FF4FB7ACD220A9 /* WebKit.framework */ = {isa = PBXFileReference; name = "WebKit.framework"; path = "System/Library/Frameworks/WebKit.framework"; sourceTree = SDKROOT; fileEncoding = undefined; lastKnownFileType = wrapper.framework; explicitFileType = undefined; includeInIndex = 0; };
		B34C0E700B1A4E55BDFC0953 /* CDVWKWebViewEngine+FileXhrFix.m */ = {isa = PBXFileReference; name = "CDVWKWebViewEngine+FileXhrFix.m"; path = "cordova-plugin-wkwebviewxhrfix/CDVWKWebViewEngine+FileXhrFix.m"; sourceTree = "<group>"; fileEncoding = 4; lastKnownFileType = sourcecode.c.objc; explicitFileType = undefined; includeInIndex = 0; };
		04455BFABBEC4D72ABFE606B /* CDVWKWebViewEngine+FileXhrFix.h */ = {isa = PBXFileReference; name = "CDVWKWebViewEngine+FileXhrFix.h"; path = "cordova-plugin-wkwebviewxhrfix/CDVWKWebViewEngine+FileXhrFix.h"; sourceTree = "<group>"; fileEncoding = 4; lastKnownFileType = sourcecode.c.h; explicitFileType = undefined; includeInIndex = 0; };
/* End PBXFileReference section */

/* Begin PBXFrameworksBuildPhase section */
		1D60588F0D05DD3D006BFB54 /* Frameworks */ = {
			isa = PBXFrameworksBuildPhase;
			buildActionMask = 2147483647;
			files = (
				301BF552109A68D80062928A /* libCordova.a in Frameworks */,
				703E14AF3EC04CC4B25BB0FC /* AudioToolbox.framework in Frameworks */,
				140EE292EB0B4EED882E6579 /* CoreLocation.framework in Frameworks */,
				B7052271CDA14003B6358790 /* UserNotifications.framework in Frameworks */,
				318586D0BBE6446195F37E35 /* SystemConfiguration.framework in Frameworks */,
				AA45426C25AE4EA1B90453AB /* AVFoundation.framework in Frameworks */,
				DF3634AFDAA9452EAA17DAE2 /* libsqlite3.dylib in Frameworks */,
				70E2A712AB80494EBE9F7082 /* CoreTelephony.framework in Frameworks */,
				A61A71F774CE4611B31FADB1 /* WebKit.framework in Frameworks */,
			);
			runOnlyForDeploymentPostprocessing = 0;
		};
/* End PBXFrameworksBuildPhase section */

/* Begin PBXGroup section */
		080E96DDFE201D6D7F000001 /* Classes */ = {
			isa = PBXGroup;
			children = (
				302D95EE14D2391D003F00A1 /* MainViewController.h */,
				302D95EF14D2391D003F00A1 /* MainViewController.m */,
				302D95F014D2391D003F00A1 /* MainViewController.xib */,
				1D3623240D0F684500981E51 /* AppDelegate.h */,
				1D3623250D0F684500981E51 /* AppDelegate.m */,
			);
			name = Classes;
			path = "Vasa Pandu/Classes";
			sourceTree = SOURCE_ROOT;
		};
		19C28FACFE9D520D11CA2CBB /* Products */ = {
			isa = PBXGroup;
			children = (
				1D6058910D05DD3D006BFB54 /* Vasa Pandu.app */,
			);
			name = Products;
			sourceTree = "<group>";
		};
		29B97314FDCFA39411CA2CEA /* CustomTemplate */ = {
			isa = PBXGroup;
			children = (
				EB87FDF41871DAF40020F90C /* config.xml */,
				EB87FDF31871DA8E0020F90C /* www */,
				EB87FDF11871DA420020F90C /* Staging */,
				301BF52D109A57CC0062928A /* CordovaLib.xcodeproj */,
				080E96DDFE201D6D7F000001 /* Classes */,
				307C750510C5A3420062BCA9 /* Plugins */,
				29B97315FDCFA39411CA2CEA /* Other Sources */,
				29B97317FDCFA39411CA2CEA /* Resources */,
				29B97323FDCFA39411CA2CEA /* Frameworks */,
				19C28FACFE9D520D11CA2CBB /* Products */,
			);
			name = CustomTemplate;
			sourceTree = "<group>";
		};
		29B97315FDCFA39411CA2CEA /* Other Sources */ = {
			isa = PBXGroup;
			children = (
				32CA4F630368D1EE00C91783 /* Vasa Pandu-Prefix.pch */,
				29B97316FDCFA39411CA2CEA /* main.m */,
				ED33DF2A687741AEAF9F8254 /* Bridging-Header.h */,
			);
			name = "Other Sources";
			path = "Vasa Pandu";
			sourceTree = "<group>";
		};
		29B97317FDCFA39411CA2CEA /* Resources */ = {
			isa = PBXGroup;
			children = (
				0207DA571B56EA530066E2B4 /* Images.xcassets */,
				3047A50E1AB8057F00498E2A /* config */,
				8D1107310486CEB800E47090 /* Vasa Pandu-Info.plist */,
				6AFF5BF81D6E424B00AB3073 /* CDVLaunchScreen.storyboard */,
				4EBB908C0C0B48CC8663D50B /* appbeep.wav */,
				31E3EF29F64148A4A88BB949 /* DatePicker.xib */,
				E20BFD41E2D04B6DA91A5C6E /* CDVNotification.bundle */,
			);
			name = Resources;
			path = "Vasa Pandu/Resources";
			sourceTree = "<group>";
		};
		29B97323FDCFA39411CA2CEA /* Frameworks */ = {
			isa = PBXGroup;
			children = (
				692161276D1E4BC2AF87292F /* AudioToolbox.framework */,
				A37075EFC59940C29A63DCF9 /* CoreLocation.framework */,
				06F92D1A48724C098E63F4FE /* UserNotifications.framework */,
				867A0DBF1177458CA9E811F7 /* SystemConfiguration.framework */,
				F95ABFA32C8A439AA97DC948 /* AVFoundation.framework */,
				A7B76CA61930444089206DE4 /* libsqlite3.dylib */,
				98CDFC70A6924A23BBB8921B /* CoreTelephony.framework */,
				C5009AAAB2FF4FB7ACD220A9 /* WebKit.framework */,
			);
			name = Frameworks;
			sourceTree = "<group>";
		};
		301BF52E109A57CC0062928A /* Products */ = {
			isa = PBXGroup;
			children = (
				301BF535109A57CC0062928A /* libCordova.a */,
				907D8124214C687600058A10 /* Cordova.framework */,
			);
			name = Products;
			sourceTree = "<group>";
		};
		3047A50E1AB8057F00498E2A /* config */ = {
			isa = PBXGroup;
			children = (
				3047A50F1AB8059700498E2A /* build-debug.xcconfig */,
				3047A5101AB8059700498E2A /* build-release.xcconfig */,
				3047A5111AB8059700498E2A /* build.xcconfig */,
			);
			name = config;
			sourceTree = "<group>";
		};
		307C750510C5A3420062BCA9 /* Plugins */ = {
			isa = PBXGroup;
			children = (
				0D52038277C44889B00596B0 /* AppVersion.m */,
				0331EF652B5143F7B6CBEC52 /* AppVersion.h */,
				3036E08DCB2B40C4B6B85FBC /* CDVDevice.m */,
				C8BEAC06A07E49228465D599 /* CDVDevice.h */,
				70E9612B05D14A8DB042732B /* APPBackgroundMode.m */,
				E85369842C854B75BA5F0848 /* APPMethodMagic.m */,
				A0FE850F497E4756AEF28A73 /* APPBackgroundMode.h */,
				CAD692938FA54E17AA2F7DCB /* APPMethodMagic.h */,
				A463220F162E4D298B57978D /* APPBadge.m */,
				760F1714842D4FCFA7B179C8 /* APPBadge.h */,
				31DEABBCD8624FB4A04D1108 /* DatePicker.m */,
				FFEE2A6684824E94B4C10635 /* DatePicker.h */,
				21AFF498F2B04D66B2963D7C /* CDVNotification.m */,
				8C9DE7A789F74D6DBFD40940 /* CDVNotification.h */,
				5240B8B8DC814F878E408F6B /* CDVLocation.m */,
				05BA157034B048A9A1ACF8B8 /* CDVLocation.h */,
				FE3F60224E38488C87227F4B /* APPLocalNotification.m */,
				D51017B3E3154B188C8F2A6C /* APPNotificationContent.m */,
				73B86F554D14436A87610FC8 /* APPNotificationOptions.m */,
				0CADFCE0E3E6432D807059B9 /* UNUserNotificationCenter+APPLocalNotification.m */,
				776B15A879DB4A3D895BF5D0 /* UNNotificationRequest+APPLocalNotification.m */,
				C152B8D367E9463EA5524C28 /* APPLocalNotification.h */,
				9504CFD5D3B4431DBCC08C69 /* APPNotificationContent.h */,
				547F292BB0A249458C4ACD30 /* APPNotificationOptions.h */,
				0895C7013A29428AB9A18560 /* UNUserNotificationCenter+APPLocalNotification.h */,
				9A4D1C9353C243C9A946495D /* UNNotificationRequest+APPLocalNotification.h */,
				4EAC723D584F419E85335585 /* BackgroundTaskManager.m */,
				1917C8F3D22A4A67A66ECAA6 /* CDVBackgroundGeolocation.m */,
				4E742F2FAB0145AA8DFBE8AB /* CocoaLumberjack.m */,
				59162C27DBF641C1BDEDAF29 /* Config.m */,
				64D63860C37E4C0EAFCB0D65 /* FMDB.m */,
				D00BD4012D07494BB663D53F /* FMDBLogger.m */,
				507EFD4FD99A4A6299B5E23C /* GeolocationOpenHelper.m */,
				458DFA716BAA4785A57B8010 /* Location.m */,
				829E9707AFD345DAB44B9A56 /* LocationContract.m */,
				8D336DED51444D1B8266B7FB /* LocationManager.m */,
				1EAF4516A0E1412F8514EDFF /* LocationUploader.m */,
				99E66D2E58EA45C4A7BD85F2 /* Logging.m */,
				76A2AEA2E8524D5AB9EA6240 /* Reachability.m */,
				052984DEBD3F4FF7BDB80A59 /* SQLiteHelper.m */,
				BE8E18B151C242AC987DF38B /* SQLiteLocationDAO.m */,
				25E5DC314AC3495BB15B7618 /* SQLiteOpenHelper.m */,
				B7535C90AE7C4B82BEF73718 /* BackgroundTaskManager.h */,
				EB76B14FEAB94703A5D67262 /* CDVBackgroundGeolocation.h */,
				E41503F58E1E4D399144555B /* CocoaLumberjack.h */,
				29C22967C83E4EC88E0AA990 /* Config.h */,
				68BA7031F14F4F1E978C54DA /* FMDB.h */,
				771F01236196400C9CA86EB4 /* FMDBLogger.h */,
				A1AA6B08A792479DB4519329 /* GeolocationOpenHelper.h */,
				0E118B8DF4D3449D8C4346C1 /* Location.h */,
				C493274FFEFE444BB1A97B62 /* LocationContract.h */,
				140FF9CCB3F44F008D31176E /* LocationManager.h */,
				89749C646E5B454BBF2CB394 /* LocationUploader.h */,
				753F28F75E4A4FD9B49C73C3 /* Logging.h */,
				A0AFC4D9503E4056BAE983F4 /* Reachability.h */,
				ACFE9A90C32F4486AAC6C4EF /* SQLiteHelper.h */,
				5D294AE434D2430496C3D562 /* SQLiteLocationDAO.h */,
				DA5385024BDC4438B2F501D0 /* SQLiteOpenHelper.h */,
				A61C7D61626E42AB917E35F4 /* NativeStorage.m */,
				895DF523E86E402FA27B49F8 /* NativeStorage.h */,
				442B0676B4504187B8EC3AD0 /* CDVConnection.m */,
				0E50B2A27F8944439890350E /* CDVReachability.m */,
				48ADB019EC3F4391962E6C36 /* CDVConnection.h */,
				63B750A5D8BF483EB8FA7BB8 /* CDVReachability.h */,
				772FB7F85AE440E28ED9076F /* CDVSplashScreen.m */,
				74B31BF050E34837808EA717 /* CDVViewController+SplashScreen.m */,
				4B403DBEF2254062B03BF3B6 /* CDVSplashScreen.h */,
				4B7C248917C14E9A96DA64BA /* CDVViewController+SplashScreen.h */,
				831F6F4C4E4D468CB7A48164 /* CDVStatusBar.m */,
				5E4333A26F344FB9B0631124 /* CDVStatusBar.h */,
				4B3BE61269EC462797945E89 /* CDVVibration.m */,
				7290C596752340E1A88B6412 /* CDVVibration.h */,
				A4AAC0C863AF4422AEAC42E9 /* SQLitePlugin.m */,
				7D1A9E128F8C4C9A97070535 /* CustomPSPDFThreadSafeMutableDictionary.m */,
				5C933C26886E47EFA9D6C54B /* sqlite3.c */,
				FC7267AB993F4CE6A3418628 /* SQLitePlugin.h */,
				27C4C4779FF34AC58D48A5E5 /* sqlite3.h */,
				8EE4B58DC72D4D0B8A16938E /* CDVWKWebViewEngine.m */,
				F0C0211F7EDB420A86EBB4DC /* CDVWKWebViewUIDelegate.m */,
				E110BF23F31C4CC9A73C7D5C /* CDVWKProcessPoolFactory.m */,
				BECBE625D1CE462591CA0840 /* CDVWKWebViewEngine.h */,
				29EDD19941504C00AFB539DB /* CDVWKWebViewUIDelegate.h */,
				5CE5992CC9C2418DB86ABD6C /* CDVWKProcessPoolFactory.h */,
				BAB446AA55C244B68C62C3EB /* CDVWKWebViewFileXhr.m */,
				D60351C5314E46C1A1261EAB /* CDVWKWebViewFileXhr.h */,
				B34C0E700B1A4E55BDFC0953 /* CDVWKWebViewEngine+FileXhrFix.m */,
				04455BFABBEC4D72ABFE606B /* CDVWKWebViewEngine+FileXhrFix.h */,
			);
			name = Plugins;
			path = "Vasa Pandu/Plugins";
			sourceTree = SOURCE_ROOT;
		};
		EB87FDF11871DA420020F90C /* Staging */ = {
			isa = PBXGroup;
			children = (
				F840E1F0165FE0F500CFE078 /* config.xml */,
				301BF56E109A69640062928A /* www */,
			);
			name = Staging;
			sourceTree = "<group>";
		};
/* End PBXGroup section */

/* Begin PBXNativeTarget section */
		1D6058900D05DD3D006BFB54 /* Vasa Pandu */ = {
			isa = PBXNativeTarget;
			buildConfigurationList = 1D6058960D05DD3E006BFB54 /* Build configuration list for PBXNativeTarget "Vasa Pandu" */;
			buildPhases = (
				304B58A110DAC018002A0835 /* Copy www directory */,
				1D60588D0D05DD3D006BFB54 /* Resources */,
				1D60588E0D05DD3D006BFB54 /* Sources */,
				1D60588F0D05DD3D006BFB54 /* Frameworks */,
			);
			buildRules = (
			);
			dependencies = (
				301BF551109A68C00062928A /* PBXTargetDependency */,
			);
			name = "Vasa Pandu";
			productName = "Vasa Pandu";
			productReference = 1D6058910D05DD3D006BFB54 /* Vasa Pandu.app */;
			productType = "com.apple.product-type.application";
		};
/* End PBXNativeTarget section */

/* Begin PBXProject section */
		29B97313FDCFA39411CA2CEA /* Project object */ = {
			isa = PBXProject;
			attributes = {
				LastUpgradeCheck = 510;
				TargetAttributes = {
					1D6058900D05DD3D006BFB54 = {
						DevelopmentTeam = PAJ3E42WLS;
						ProvisioningStyle = Automatic;
					};
				};
			};
			buildConfigurationList = C01FCF4E08A954540054247B /* Build configuration list for PBXProject "Vasa Pandu" */;
			compatibilityVersion = "Xcode 3.2";
			developmentRegion = English;
			hasScannedForEncodings = 1;
			knownRegions = (
				English,
				en,
				Base,
			);
			mainGroup = 29B97314FDCFA39411CA2CEA /* CustomTemplate */;
			projectDirPath = "";
			projectReferences = (
				{
					ProductGroup = 301BF52E109A57CC0062928A /* Products */;
					ProjectRef = 301BF52D109A57CC0062928A /* CordovaLib.xcodeproj */;
				},
			);
			projectRoot = "";
			targets = (
				1D6058900D05DD3D006BFB54 /* Vasa Pandu */,
			);
		};
/* End PBXProject section */

/* Begin PBXReferenceProxy section */
		301BF535109A57CC0062928A /* libCordova.a */ = {
			isa = PBXReferenceProxy;
			fileType = archive.ar;
			path = libCordova.a;
			remoteRef = 301BF534109A57CC0062928A /* PBXContainerItemProxy */;
			sourceTree = BUILT_PRODUCTS_DIR;
		};
		907D8124214C687600058A10 /* Cordova.framework */ = {
			isa = PBXReferenceProxy;
			fileType = wrapper.framework;
			path = Cordova.framework;
			remoteRef = 907D8123214C687600058A10 /* PBXContainerItemProxy */;
			sourceTree = BUILT_PRODUCTS_DIR;
		};
/* End PBXReferenceProxy section */

/* Begin PBXResourcesBuildPhase section */
		1D60588D0D05DD3D006BFB54 /* Resources */ = {
			isa = PBXResourcesBuildPhase;
			buildActionMask = 2147483647;
			files = (
				302D95F214D2391D003F00A1 /* MainViewController.xib in Resources */,
				0207DA581B56EA530066E2B4 /* Images.xcassets in Resources */,
				6AFF5BF91D6E424B00AB3073 /* CDVLaunchScreen.storyboard in Resources */,
				07470ED7C44C4AA4A16636F8 /* appbeep.wav in Resources */,
				644D3D2FEFDC4E10AD616511 /* DatePicker.xib in Resources */,
				C281F7E81FC240A98E157F2A /* CDVNotification.bundle in Resources */,
			);
			runOnlyForDeploymentPostprocessing = 0;
		};
/* End PBXResourcesBuildPhase section */

/* Begin PBXShellScriptBuildPhase section */
		304B58A110DAC018002A0835 /* Copy www directory */ = {
			isa = PBXShellScriptBuildPhase;
			buildActionMask = 2147483647;
			files = (
			);
			inputPaths = (
			);
			name = "Copy www directory";
			outputPaths = (
			);
			runOnlyForDeploymentPostprocessing = 0;
			shellPath = /bin/sh;
			shellScript = "\"$SRCROOT/Vasa Pandu/Scripts/copy-www-build-step.sh\"";
			showEnvVarsInLog = 0;
		};
/* End PBXShellScriptBuildPhase section */

/* Begin PBXSourcesBuildPhase section */
		1D60588E0D05DD3D006BFB54 /* Sources */ = {
			isa = PBXSourcesBuildPhase;
			buildActionMask = 2147483647;
			files = (
				1D60589B0D05DD56006BFB54 /* main.m in Sources */,
				1D3623260D0F684500981E51 /* AppDelegate.m in Sources */,
				302D95F114D2391D003F00A1 /* MainViewController.m in Sources */,
				D29CCD04C09D470FA2B7A43D /* AppVersion.m in Sources */,
				FDDE2F83233541FDB892FC2D /* CDVDevice.m in Sources */,
				368336CDE3074D8C9F9D672B /* APPBackgroundMode.m in Sources */,
				78D34B3F91E4486E8CF5059B /* APPMethodMagic.m in Sources */,
				E790C1143B764E519C73579E /* APPBadge.m in Sources */,
				2D4128F2FEE842E8B13873FD /* DatePicker.m in Sources */,
				824BE9B00A054D2DB0B81038 /* CDVNotification.m in Sources */,
				633648432CD4411192ED9118 /* CDVLocation.m in Sources */,
				3FA587FF60E44AE59A917280 /* APPLocalNotification.m in Sources */,
				BB4410C1784D45FAB2F2EF78 /* APPNotificationContent.m in Sources */,
				22F1BC7F0F8F47C58D51C438 /* APPNotificationOptions.m in Sources */,
				330617CD21684EA2A40E5833 /* UNUserNotificationCenter+APPLocalNotification.m in Sources */,
				5ED07AA3D5CE4D14BCD5CD80 /* UNNotificationRequest+APPLocalNotification.m in Sources */,
				96D054B07AB148A2AB06C3F3 /* BackgroundTaskManager.m in Sources */,
				B05750CFF30144F3ABF830EC /* CDVBackgroundGeolocation.m in Sources */,
				DDE04DDA4CA64D67AD6AF6F3 /* CocoaLumberjack.m in Sources */,
				ADDFF596B5F8486D987250AF /* Config.m in Sources */,
				6D62AE41EA2E4D27B8924F89 /* FMDB.m in Sources */,
				7267F2382DAF4E24B36D4C7B /* FMDBLogger.m in Sources */,
				7615B2F815154D938D05A3F1 /* GeolocationOpenHelper.m in Sources */,
				551AEA5EEB144686867537E0 /* Location.m in Sources */,
				4753001D26A649AD85A09C69 /* LocationContract.m in Sources */,
				D478AA94BC3C4D8F984C5430 /* LocationManager.m in Sources */,
				0A61E5CE88F7485C9C55A933 /* LocationUploader.m in Sources */,
				9253B99441B74C72A661BB75 /* Logging.m in Sources */,
				4ECB92AC81A344FF8D2FA0FB /* Reachability.m in Sources */,
				E4D377A0507E46C4B787DF95 /* SQLiteHelper.m in Sources */,
				B37BFB3CF9564E2BA8BAA365 /* SQLiteLocationDAO.m in Sources */,
				EB63D454AF724CDA89D03B73 /* SQLiteOpenHelper.m in Sources */,
				D52E2B3E788F4827B1905FEC /* NativeStorage.m in Sources */,
				844D8EF2B4DA4054911D274E /* CDVConnection.m in Sources */,
				FB7935179DDC4A0EAE808BE8 /* CDVReachability.m in Sources */,
				8FE38D5DF2FE42D8812F7159 /* CDVSplashScreen.m in Sources */,
				83508E0D47534E01A98E53D3 /* CDVViewController+SplashScreen.m in Sources */,
				73A3980EBD7D4254987F6BEF /* CDVStatusBar.m in Sources */,
				C136C66C739340D4B6E95A99 /* CDVVibration.m in Sources */,
				988365D3C1E240678F6F4980 /* SQLitePlugin.m in Sources */,
				D02AEA14704942C28A99146B /* CustomPSPDFThreadSafeMutableDictionary.m in Sources */,
				2D598296280C466FBF8D86B6 /* sqlite3.c in Sources */,
				C4F56A83824B468C8A14ED28 /* CDVWKWebViewEngine.m in Sources */,
				1DD9D74218984D0395AF91EA /* CDVWKWebViewUIDelegate.m in Sources */,
				94B44E5C6AFD45CBB0224193 /* CDVWKProcessPoolFactory.m in Sources */,
				30E4866CFA974B73BE88D07F /* CDVWKWebViewFileXhr.m in Sources */,
				BEB79299F80A46B19187F838 /* CDVWKWebViewEngine+FileXhrFix.m in Sources */,
			);
			runOnlyForDeploymentPostprocessing = 0;
		};
/* End PBXSourcesBuildPhase section */

/* Begin PBXTargetDependency section */
		301BF551109A68C00062928A /* PBXTargetDependency */ = {
			isa = PBXTargetDependency;
			name = CordovaLib;
			targetProxy = 301BF550109A68C00062928A /* PBXContainerItemProxy */;
		};
/* End PBXTargetDependency section */

/* Begin XCBuildConfiguration section */
		1D6058940D05DD3E006BFB54 /* Debug */ = {
			isa = XCBuildConfiguration;
			baseConfigurationReference = 3047A50F1AB8059700498E2A /* build-debug.xcconfig */;
			buildSettings = {
				ALWAYS_SEARCH_USER_PATHS = NO;
				ASSETCATALOG_COMPILER_APPICON_NAME = AppIcon;
				ASSETCATALOG_COMPILER_LAUNCHIMAGE_NAME = LaunchImage;
				CLANG_ENABLE_MODULES = YES;
				CLANG_ENABLE_OBJC_ARC = YES;
				COPY_PHASE_STRIP = NO;
				CURRENT_PROJECT_VERSION = 1;
				DEVELOPMENT_TEAM = PAJ3E42WLS;
				GCC_DYNAMIC_NO_PIC = NO;
				GCC_OPTIMIZATION_LEVEL = 0;
				GCC_PRECOMPILE_PREFIX_HEADER = YES;
				GCC_PREFIX_HEADER = "Vasa Pandu/Vasa Pandu-Prefix.pch";
				GCC_THUMB_SUPPORT = NO;
				GCC_VERSION = "";
				INFOPLIST_FILE = "Vasa Pandu/Vasa Pandu-Info.plist";
				INFOPLIST_KEY_CFBundleDisplayName = "Vasa Pandu";
				INFOPLIST_KEY_LSApplicationCategoryType = "public.app-category.productivity";
				IPHONEOS_DEPLOYMENT_TARGET = 11.0;
				LD_RUNPATH_SEARCH_PATHS = "@executable_path/Frameworks";
				MARKETING_VERSION = 1.0;
				PRODUCT_BUNDLE_IDENTIFIER = com.imaniprima.vasa.nocola;
				PRODUCT_NAME = "$(TARGET_NAME)";
				SUPPORTED_PLATFORMS = "iphoneos iphonesimulator";
				SUPPORTS_MACCATALYST = NO;
				SUPPORTS_MAC_DESIGNED_FOR_IPHONE_IPAD = NO;
				TARGETED_DEVICE_FAMILY = "1,2";
				WK_WEB_VIEW_ONLY = 1;
			};
			name = Debug;
		};
		1D6058950D05DD3E006BFB54 /* Release */ = {
			isa = XCBuildConfiguration;
			baseConfigurationReference = 3047A5101AB8059700498E2A /* build-release.xcconfig */;
			buildSettings = {
				ALWAYS_SEARCH_USER_PATHS = NO;
				ASSETCATALOG_COMPILER_APPICON_NAME = AppIcon;
				ASSETCATALOG_COMPILER_LAUNCHIMAGE_NAME = LaunchImage;
				CLANG_ENABLE_MODULES = YES;
				CLANG_ENABLE_OBJC_ARC = YES;
				CODE_SIGN_IDENTITY = "Apple Development";
				COPY_PHASE_STRIP = YES;
				CURRENT_PROJECT_VERSION = 1;
				GCC_PRECOMPILE_PREFIX_HEADER = YES;
				GCC_PREFIX_HEADER = "Vasa Pandu/Vasa Pandu-Prefix.pch";
				GCC_THUMB_SUPPORT = NO;
				GCC_VERSION = "";
				INFOPLIST_FILE = "Vasa Pandu/Vasa Pandu-Info.plist";
				INFOPLIST_KEY_CFBundleDisplayName = "Vasa Pandu";
				INFOPLIST_KEY_LSApplicationCategoryType = "public.app-category.productivity";
				IPHONEOS_DEPLOYMENT_TARGET = 11.0;
				LD_RUNPATH_SEARCH_PATHS = "@executable_path/Frameworks";
				MARKETING_VERSION = 1.0;
				PRODUCT_BUNDLE_IDENTIFIER = com.imaniprima.vasa.nocola;
				PRODUCT_NAME = "$(TARGET_NAME)";
				SUPPORTED_PLATFORMS = "iphoneos iphonesimulator";
				SUPPORTS_MACCATALYST = NO;
				SUPPORTS_MAC_DESIGNED_FOR_IPHONE_IPAD = NO;
				TARGETED_DEVICE_FAMILY = "1,2";
				WK_WEB_VIEW_ONLY = 1;
			};
			name = Release;
		};
		C01FCF4F08A954540054247B /* Debug */ = {
			isa = XCBuildConfiguration;
			baseConfigurationReference = 3047A5111AB8059700498E2A /* build.xcconfig */;
			buildSettings = {
				CLANG_ENABLE_MODULES = YES;
				CLANG_ENABLE_OBJC_ARC = YES;
				CLANG_WARN_BLOCK_CAPTURE_AUTORELEASING = YES;
				CLANG_WARN_BOOL_CONVERSION = YES;
				CLANG_WARN_COMMA = YES;
				CLANG_WARN_CONSTANT_CONVERSION = YES;
				CLANG_WARN_DEPRECATED_OBJC_IMPLEMENTATIONS = YES;
				CLANG_WARN_EMPTY_BODY = YES;
				CLANG_WARN_ENUM_CONVERSION = YES;
				CLANG_WARN_INFINITE_RECURSION = YES;
				CLANG_WARN_INT_CONVERSION = YES;
				CLANG_WARN_NON_LITERAL_NULL_CONVERSION = YES;
				CLANG_WARN_OBJC_IMPLICIT_RETAIN_SELF = YES;
				CLANG_WARN_OBJC_LITERAL_CONVERSION = YES;
				CLANG_WARN_RANGE_LOOP_ANALYSIS = YES;
				CLANG_WARN_STRICT_PROTOTYPES = YES;
				CLANG_WARN_SUSPICIOUS_MOVE = YES;
				CLANG_WARN_UNREACHABLE_CODE = YES;
				CLANG_WARN__DUPLICATE_METHOD_MATCH = YES;
				ENABLE_STRICT_OBJC_MSGSEND = YES;
				ENABLE_TESTABILITY = YES;
				GCC_C_LANGUAGE_STANDARD = c99;
				GCC_NO_COMMON_BLOCKS = YES;
				GCC_THUMB_SUPPORT = NO;
				GCC_VERSION = "";
				GCC_WARN_64_TO_32_BIT_CONVERSION = YES;
				GCC_WARN_ABOUT_RETURN_TYPE = YES;
				GCC_WARN_UNDECLARED_SELECTOR = YES;
				GCC_WARN_UNINITIALIZED_AUTOS = YES;
				GCC_WARN_UNUSED_FUNCTION = YES;
				GCC_WARN_UNUSED_VARIABLE = YES;
				ONLY_ACTIVE_ARCH = YES;
				PRODUCT_BUNDLE_IDENTIFIER = com.imaniprima.vasa.nocola;
				SDKROOT = iphoneos;
				SKIP_INSTALL = NO;
				WK_WEB_VIEW_ONLY = 1;
			};
			name = Debug;
		};
		C01FCF5008A954540054247B /* Release */ = {
			isa = XCBuildConfiguration;
			baseConfigurationReference = 3047A5111AB8059700498E2A /* build.xcconfig */;
			buildSettings = {
				CLANG_ENABLE_MODULES = YES;
				CLANG_ENABLE_OBJC_ARC = YES;
				CLANG_WARN_BLOCK_CAPTURE_AUTORELEASING = YES;
				CLANG_WARN_BOOL_CONVERSION = YES;
				CLANG_WARN_COMMA = YES;
				CLANG_WARN_CONSTANT_CONVERSION = YES;
				CLANG_WARN_DEPRECATED_OBJC_IMPLEMENTATIONS = YES;
				CLANG_WARN_EMPTY_BODY = YES;
				CLANG_WARN_ENUM_CONVERSION = YES;
				CLANG_WARN_INFINITE_RECURSION = YES;
				CLANG_WARN_INT_CONVERSION = YES;
				CLANG_WARN_NON_LITERAL_NULL_CONVERSION = YES;
				CLANG_WARN_OBJC_IMPLICIT_RETAIN_SELF = YES;
				CLANG_WARN_OBJC_LITERAL_CONVERSION = YES;
				CLANG_WARN_RANGE_LOOP_ANALYSIS = YES;
				CLANG_WARN_STRICT_PROTOTYPES = YES;
				CLANG_WARN_SUSPICIOUS_MOVE = YES;
				CLANG_WARN_UNREACHABLE_CODE = YES;
				CLANG_WARN__DUPLICATE_METHOD_MATCH = YES;
				ENABLE_STRICT_OBJC_MSGSEND = YES;
				GCC_C_LANGUAGE_STANDARD = c99;
				GCC_NO_COMMON_BLOCKS = YES;
				GCC_THUMB_SUPPORT = NO;
				GCC_VERSION = "";
				GCC_WARN_64_TO_32_BIT_CONVERSION = YES;
				GCC_WARN_ABOUT_RETURN_TYPE = YES;
				GCC_WARN_UNDECLARED_SELECTOR = YES;
				GCC_WARN_UNINITIALIZED_AUTOS = YES;
				GCC_WARN_UNUSED_FUNCTION = YES;
				GCC_WARN_UNUSED_VARIABLE = YES;
				PRODUCT_BUNDLE_IDENTIFIER = com.imaniprima.vasa.nocola;
				SDKROOT = iphoneos;
				SKIP_INSTALL = NO;
				WK_WEB_VIEW_ONLY = 1;
			};
			name = Release;
		};
/* End XCBuildConfiguration section */

/* Begin XCConfigurationList section */
		1D6058960D05DD3E006BFB54 /* Build configuration list for PBXNativeTarget "Vasa Pandu" */ = {
			isa = XCConfigurationList;
			buildConfigurations = (
				1D6058940D05DD3E006BFB54 /* Debug */,
				1D6058950D05DD3E006BFB54 /* Release */,
			);
			defaultConfigurationIsVisible = 0;
			defaultConfigurationName = Release;
		};
		C01FCF4E08A954540054247B /* Build configuration list for PBXProject "Vasa Pandu" */ = {
			isa = XCConfigurationList;
			buildConfigurations = (
				C01FCF4F08A954540054247B /* Debug */,
				C01FCF5008A954540054247B /* Release */,
			);
			defaultConfigurationIsVisible = 0;
			defaultConfigurationName = Release;
		};
/* End XCConfigurationList section */
	};
	rootObject = 29B97313FDCFA39411CA2CEA /* Project object */;
}
