// !$*UTF8*$!
{
	archiveVersion = 1;
	classes = {
	};
	objectVersion = 46;
	objects = {
/* Begin PBXBuildFile section */
		0207DA581B56EA530066E2B4 /* Images.xcassets in Resources */ = {isa = PBXBuildFile; fileRef = 0207DA571B56EA530066E2B4 /* Images.xcassets */; };
		1D3623260D0F684500981E51 /* AppDelegate.m in Sources */ = {isa = PBXBuildFile; fileRef = 1D3623250D0F684500981E51 /* AppDelegate.m */; };
		1D60589B0D05DD56006BFB54 /* main.m in Sources */ = {isa = PBXBuildFile; fileRef = 29B97316FDCFA39411CA2CEA /* main.m */; };
		301BF552109A68D80062928A /* libCordova.a in Frameworks */ = {isa = PBXBuildFile; fileRef = 301BF535109A57CC0062928A /* libCordova.a */; };
		302D95F114D2391D003F00A1 /* MainViewController.m in Sources */ = {isa = PBXBuildFile; fileRef = 302D95EF14D2391D003F00A1 /* MainViewController.m */; };
		302D95F214D2391D003F00A1 /* MainViewController.xib in Resources */ = {isa = PBXBuildFile; fileRef = 302D95F014D2391D003F00A1 /* MainViewController.xib */; };
		3047A5121AB8059700498E2A /* build-debug.xcconfig in Resources */ = {isa = PBXBuildFile; fileRef = 3047A50F1AB8059700498E2A /* build-debug.xcconfig */; };
		3047A5131AB8059700498E2A /* build-release.xcconfig in Resources */ = {isa = PBXBuildFile; fileRef = 3047A5101AB8059700498E2A /* build-release.xcconfig */; };
		3047A5141AB8059700498E2A /* build.xcconfig in Resources */ = {isa = PBXBuildFile; fileRef = 3047A5111AB8059700498E2A /* build.xcconfig */; };
		6AFF5BF91D6E424B00AB3073 /* CDVLaunchScreen.storyboard in Resources */ = {isa = PBXBuildFile; fileRef = 6AFF5BF81D6E424B00AB3073 /* CDVLaunchScreen.storyboard */; };
		B1650C6D31EE402FA938D211 /* AppVersion.m in Sources */ = {isa = PBXBuildFile; fileRef = 763E1DEFE84D4B64BC1A1248 /* AppVersion.m */; };
		80DCBDC8297D4CCC9A8A4A03 /* CDVDevice.m in Sources */ = {isa = PBXBuildFile; fileRef = AB8FB0BA2CA44F189D94E165 /* CDVDevice.m */; };
		C811677C0A484568877F5E5B /* APPBackgroundMode.m in Sources */ = {isa = PBXBuildFile; fileRef = C980CB1FC7644578BD5EB3C1 /* APPBackgroundMode.m */; };
		91D094B43A17441A839D7F25 /* APPMethodMagic.m in Sources */ = {isa = PBXBuildFile; fileRef = A5D7928531BC4CA994B3712F /* APPMethodMagic.m */; };
		F52E73DB379145D3B5F3B48F /* appbeep.wav in Resources */ = {isa = PBXBuildFile; fileRef = B65B1F34DD9348A49782FB39 /* appbeep.wav */; };
		FDBC8975CEBE4946B0F9C3FC /* APPBadge.m in Sources */ = {isa = PBXBuildFile; fileRef = 88A278587D284BE8B999FD6B /* APPBadge.m */; };
		89135AB3815049BEB1A57FBC /* DatePicker.m in Sources */ = {isa = PBXBuildFile; fileRef = 95A40C2F08EE4EE39A13FB0A /* DatePicker.m */; };
		CF61A18DB0304978B546B73D /* DatePicker.xib in Resources */ = {isa = PBXBuildFile; fileRef = D520FE6A732547278CEE2E1F /* DatePicker.xib */; };
		D189BD31F39C4818802B567E /* CDVNotification.m in Sources */ = {isa = PBXBuildFile; fileRef = 2A50EACC6F664F9DAB81FEA4 /* CDVNotification.m */; };
		89A22097D6D64A0295BDFC99 /* CDVNotification.bundle in Resources */ = {isa = PBXBuildFile; fileRef = 359C16BDA7B84C24B5CE2D77 /* CDVNotification.bundle */; };
		36B27BC346F148E2B072B264 /* AudioToolbox.framework in Frameworks */ = {isa = PBXBuildFile; fileRef = 1D249284D4744846966C97D0 /* AudioToolbox.framework */; settings = {ATTRIBUTES = (Weak, ); }; };
		48D9FD643DBE4514806E8827 /* CDVLocation.m in Sources */ = {isa = PBXBuildFile; fileRef = 0C56EB1FE08F43109FEACACC /* CDVLocation.m */; };
		917D00D4C746451CBE07955A /* CoreLocation.framework in Frameworks */ = {isa = PBXBuildFile; fileRef = EC4C015AFAA845908FAB3E79 /* CoreLocation.framework */; };
		5E569A7DDB424CE5916699B9 /* CDVSplashScreen.m in Sources */ = {isa = PBXBuildFile; fileRef = F95576C7DAB24E15BBFD32EF /* CDVSplashScreen.m */; };
		35BDA786C1C64E319EA4D1C8 /* CDVViewController+SplashScreen.m in Sources */ = {isa = PBXBuildFile; fileRef = CA28D42FC8FA45DF8DFAF9DD /* CDVViewController+SplashScreen.m */; };
		9D87F2874D3549F4A7C71D77 /* CDVSplashScreen+IonicDeploy.m in Sources */ = {isa = PBXBuildFile; fileRef = EC5FE81B2084435FADB65D32 /* CDVSplashScreen+IonicDeploy.m */; };
		A654A965A58E4560B37D181D /* IonicConstant.m in Sources */ = {isa = PBXBuildFile; fileRef = DED88B8A86104929B5EB1529 /* IonicConstant.m */; };
		DCB0D7880A724AE29DC1C8B1 /* IonicDeploy.m in Sources */ = {isa = PBXBuildFile; fileRef = 48E37101E761472A846DA3A0 /* IonicDeploy.m */; };
		582CD0123FBB4F38B3650F39 /* Download.m in Sources */ = {isa = PBXBuildFile; fileRef = B638FB5F3E334E83B5C40D4E /* Download.m */; };
		85444A6F66E64C638B6CEFC1 /* DownloadManager.m in Sources */ = {isa = PBXBuildFile; fileRef = CDF23F0446804F3385CEFCA1 /* DownloadManager.m */; };
		15912F2C13E7451D8063E0AB /* SSZipArchive.m in Sources */ = {isa = PBXBuildFile; fileRef = 5770140551D84ACB85233364 /* SSZipArchive.m */; };
		5E31C095AE1E4B4FA7A7D4EC /* ioapi.c in Resources */ = {isa = PBXBuildFile; fileRef = E589ED89AFDF4409BBA0F703 /* ioapi.c */; };
		70298E5B5D3D45FEA5C867D2 /* unzip.c in Resources */ = {isa = PBXBuildFile; fileRef = 38BA32E4E9BB45EA8ECBFA42 /* unzip.c */; };
		EA00A7A5B64B4FC9B48A28E7 /* zip.c in Resources */ = {isa = PBXBuildFile; fileRef = 7B34C99C92AE4E5FBAC8CD0E /* zip.c */; };
		B356BAA95D4645E290D86D5A /* adler32.c in Resources */ = {isa = PBXBuildFile; fileRef = 7CEB90A405EF4551A44A7CC2 /* adler32.c */; };
		E9E21505863C470D9438A78F /* compress.c in Resources */ = {isa = PBXBuildFile; fileRef = 876003060D384404BFA1EE12 /* compress.c */; };
		0594B70BE9FC422D810312D9 /* crc32.c in Resources */ = {isa = PBXBuildFile; fileRef = 7DF4838E5C664B90B0468C90 /* crc32.c */; };
		A615AF43BC844C8EBA5A093F /* deflate.c in Resources */ = {isa = PBXBuildFile; fileRef = 687A78E089D34B5AAB74A959 /* deflate.c */; };
		1DFF08AF0D344942A0BCBEEB /* gzclose.c in Resources */ = {isa = PBXBuildFile; fileRef = 911CDB1800864551AEFD36FB /* gzclose.c */; };
		9B85C11165914DD0A9CD269D /* gzlib.c in Resources */ = {isa = PBXBuildFile; fileRef = C1A2388B8A144D80B64DA72E /* gzlib.c */; };
		91489776B1094CB49923A80B /* gzread.c in Resources */ = {isa = PBXBuildFile; fileRef = 3EA2F21B1D0D452784EDEDE0 /* gzread.c */; };
		1BB6520FF27C4E6EAF5BECBF /* gzwrite.c in Resources */ = {isa = PBXBuildFile; fileRef = E3DCD913CE584A8487A547AE /* gzwrite.c */; };
		3907846364AA4D0AB305678A /* infback.c in Resources */ = {isa = PBXBuildFile; fileRef = 555F892E939742FFA11FF0E0 /* infback.c */; };
		ED394CCFC1CA431A871CFFDF /* inffast.c in Resources */ = {isa = PBXBuildFile; fileRef = C6648C235AAD4C6891ACB234 /* inffast.c */; };
		6A9E128590FD40F0B9071082 /* inflate.c in Resources */ = {isa = PBXBuildFile; fileRef = FF56EE254DB7478CA03DAB9F /* inflate.c */; };
		305A31C9F452471DAB08250A /* inftrees.c in Resources */ = {isa = PBXBuildFile; fileRef = B068E66A72D14ED1AC94B1DB /* inftrees.c */; };
		50B78CB7AF2A4E92A3AF6E90 /* trees.c in Resources */ = {isa = PBXBuildFile; fileRef = BC9BF22A488E44A2BEA168DB /* trees.c */; };
		864995D9223F46389B2A4FF5 /* uncompr.c in Resources */ = {isa = PBXBuildFile; fileRef = BBC8B3C6A5924618B773FD6C /* uncompr.c */; };
		FF2281A0C739403D891DA6F6 /* zutil.c in Resources */ = {isa = PBXBuildFile; fileRef = 97E9170889FD4F74A24B0860 /* zutil.c */; };
		34B206C8B9514C7CAAA90364 /* Base64.m in Sources */ = {isa = PBXBuildFile; fileRef = 3CF20925C30743F3B94DF182 /* Base64.m */; };
		0BAA9A1341E8470B9CD3C48F /* UNIHTTPClientHelper.m in Sources */ = {isa = PBXBuildFile; fileRef = 4EC4FB36A31949E78EC4F78D /* UNIHTTPClientHelper.m */; };
		94FE698C0B8D4D188C20D189 /* UNIHTTPRequest.m in Sources */ = {isa = PBXBuildFile; fileRef = DBF0A9EA6F4A4FA8B4BAA2CF /* UNIHTTPRequest.m */; };
		7508E584E82B4AFDB78B3D30 /* UNIHTTPRequestWithBody.m in Sources */ = {isa = PBXBuildFile; fileRef = CFD14FAB0DA242A99FB6A1E1 /* UNIHTTPRequestWithBody.m */; };
		51678E6ADF5A4803AFAB94E5 /* UNIRest.m in Sources */ = {isa = PBXBuildFile; fileRef = 82424156F6C440B7870323C2 /* UNIRest.m */; };
		C6A7BD28CB184123953286FC /* UNIUrlConnection.m in Sources */ = {isa = PBXBuildFile; fileRef = DDA0C39425BB43B89A36AE1B /* UNIUrlConnection.m */; };
		6AFABB2CCB9744AD87B92560 /* UNIBaseRequest.m in Sources */ = {isa = PBXBuildFile; fileRef = D6E3ED7117FB49968F4C7CDF /* UNIBaseRequest.m */; };
		005CB5293CCF45B4847F7D9E /* UNIBodyRequest.m in Sources */ = {isa = PBXBuildFile; fileRef = 93A0289D4D6C457A8089BB72 /* UNIBodyRequest.m */; };
		7E365D0F5AC24529B76F3C48 /* UNISimpleRequest.m in Sources */ = {isa = PBXBuildFile; fileRef = 8F70EE762B42465CA8206EFF /* UNISimpleRequest.m */; };
		FADD8952C9444A05A81AFA07 /* UNIHTTPBinaryResponse.m in Sources */ = {isa = PBXBuildFile; fileRef = 15674B1C8ACE453E8EFBD6E8 /* UNIHTTPBinaryResponse.m */; };
		7B4D534FF4E041D08471DF4E /* UNIHTTPJsonResponse.m in Sources */ = {isa = PBXBuildFile; fileRef = 5E5F61A1550A47E5A3DBCC57 /* UNIHTTPJsonResponse.m */; };
		ACE9C5E778A1443C82612B9D /* UNIHTTPResponse.m in Sources */ = {isa = PBXBuildFile; fileRef = F6052B78CC3D499A8F924A81 /* UNIHTTPResponse.m */; };
		029C4220436547AFA3FB31FE /* UNIHTTPStringResponse.m in Sources */ = {isa = PBXBuildFile; fileRef = 9B190DCD474846A18F43E04E /* UNIHTTPStringResponse.m */; };
		99BD6575EA234B07B9897CA8 /* UNIJsonNode.m in Sources */ = {isa = PBXBuildFile; fileRef = 3F1D73FFC15744F99D062A2B /* UNIJsonNode.m */; };
		C2E2056CCE6142B391EEE25C /* IonicCordovaCommon.swift in Sources */ = {isa = PBXBuildFile; fileRef = E23AF7AABFBC437E9815EB04 /* IonicCordovaCommon.swift */; };
		E309E84CA2F144B08DA185DD /* APPLocalNotification.m in Sources */ = {isa = PBXBuildFile; fileRef = 1243BC3CE2874B4FB3CD5365 /* APPLocalNotification.m */; };
		7AED9EA6B3DE46E88421725F /* APPNotificationContent.m in Sources */ = {isa = PBXBuildFile; fileRef = 712DEECEE7684D7EA211DAF6 /* APPNotificationContent.m */; };
		7BA25FA68A484FF0852C3B92 /* APPNotificationOptions.m in Sources */ = {isa = PBXBuildFile; fileRef = 825FC618E37C43CD84F1F839 /* APPNotificationOptions.m */; };
		7030125A3EE14A258BDF4C03 /* UNUserNotificationCenter+APPLocalNotification.m in Sources */ = {isa = PBXBuildFile; fileRef = F59151263AC34A4B8F0727AD /* UNUserNotificationCenter+APPLocalNotification.m */; };
		5441D13717804CCE8C450101 /* UNNotificationRequest+APPLocalNotification.m in Sources */ = {isa = PBXBuildFile; fileRef = EE24B565263443A2819C5F1F /* UNNotificationRequest+APPLocalNotification.m */; };
		06245410C9AC4ECC96748567 /* UserNotifications.framework in Frameworks */ = {isa = PBXBuildFile; fileRef = 7A5EBE6BE2CC446C8F46AB43 /* UserNotifications.framework */; };
		B2A042FDE7F84D75B77F928A /* BackgroundTaskManager.m in Sources */ = {isa = PBXBuildFile; fileRef = 4C2D157713574F83879EA505 /* BackgroundTaskManager.m */; };
		5C77AF9A1EE74159925EC105 /* CDVBackgroundGeolocation.m in Sources */ = {isa = PBXBuildFile; fileRef = FB25375A999C486EAB830370 /* CDVBackgroundGeolocation.m */; };
		B2D16F71A7874D4BA655479B /* CocoaLumberjack.m in Sources */ = {isa = PBXBuildFile; fileRef = 314AFC7408BB4D0DBDCDF2B6 /* CocoaLumberjack.m */; };
		1BE2464CDE4F49CF87B141E7 /* Config.m in Sources */ = {isa = PBXBuildFile; fileRef = 13F0ECA2CA0C410493D129C5 /* Config.m */; };
		9004890A33934FA6B5ACA8EA /* FMDB.m in Sources */ = {isa = PBXBuildFile; fileRef = 8032A65A36A646A8AA902674 /* FMDB.m */; };
		9D503B133B8D4FF5B92B41CC /* FMDBLogger.m in Sources */ = {isa = PBXBuildFile; fileRef = 6B6AC36ABD504D03AA8C822E /* FMDBLogger.m */; };
		826CFCE7486C46779D565CB6 /* GeolocationOpenHelper.m in Sources */ = {isa = PBXBuildFile; fileRef = C2D86E13335F4EDD8BFB7CDB /* GeolocationOpenHelper.m */; };
		92D1742B3CFB4DABA76FCBFA /* Location.m in Sources */ = {isa = PBXBuildFile; fileRef = DA69521B208C40BDA4946333 /* Location.m */; };
		EDDB45871C6545AA9BB19277 /* LocationContract.m in Sources */ = {isa = PBXBuildFile; fileRef = 7202A81D10B347DA80BFDF35 /* LocationContract.m */; };
		C0D6D8C743C74B2CAD323E9A /* LocationManager.m in Sources */ = {isa = PBXBuildFile; fileRef = D9B0D7F51A854B388A9F4EB8 /* LocationManager.m */; };
		86CAE2873B94485AB9A26215 /* LocationUploader.m in Sources */ = {isa = PBXBuildFile; fileRef = 9FD994FD727346769D8F222D /* LocationUploader.m */; };
		4F74CDE0FE664FD388B473D2 /* Logging.m in Sources */ = {isa = PBXBuildFile; fileRef = FE93F93189E24D57A05AD48D /* Logging.m */; };
		E946BDE0DD4D4B2D92CE6BA3 /* Reachability.m in Sources */ = {isa = PBXBuildFile; fileRef = 8B7A1348EFB74918B623CFA3 /* Reachability.m */; };
		77D7365272024882B17AC461 /* SQLiteHelper.m in Sources */ = {isa = PBXBuildFile; fileRef = 13C378CDB6CF409E82E43DEB /* SQLiteHelper.m */; };
		CC375DD9837048B2BCE93054 /* SQLiteLocationDAO.m in Sources */ = {isa = PBXBuildFile; fileRef = 003286F495144D1CB5831DE9 /* SQLiteLocationDAO.m */; };
		41A3DC2F6A5A4AE48F4CC687 /* SQLiteOpenHelper.m in Sources */ = {isa = PBXBuildFile; fileRef = AC46EB914BBE405BAD094526 /* SQLiteOpenHelper.m */; };
		B50F6783F5CC40ECBD2B2E01 /* SystemConfiguration.framework in Frameworks */ = {isa = PBXBuildFile; fileRef = B3DFCF53F6E8486D9EB6E5D9 /* SystemConfiguration.framework */; };
		F988A6DFF1D14436B08B995B /* AVFoundation.framework in Frameworks */ = {isa = PBXBuildFile; fileRef = 420CA64FEC0B4280ACA00810 /* AVFoundation.framework */; settings = {ATTRIBUTES = (Weak, ); }; };
		1F279E19A1DC4E9EB9023433 /* libsqlite3.dylib in Frameworks */ = {isa = PBXBuildFile; fileRef = 86509E4D89874EA9BC89C565 /* libsqlite3.dylib */; settings = {ATTRIBUTES = (Weak, ); }; };
		A839241F3E4C4A68BDEA098B /* NativeStorage.m in Sources */ = {isa = PBXBuildFile; fileRef = 0E1C8C505ADC4ED6A3090DEB /* NativeStorage.m */; };
		47EDDB3AAE0C498A96D6D02E /* CDVConnection.m in Sources */ = {isa = PBXBuildFile; fileRef = D44E635B03204BBBA4FF6740 /* CDVConnection.m */; };
		47A376A321DC4417BDE2A6B5 /* CDVReachability.m in Sources */ = {isa = PBXBuildFile; fileRef = 8E0DE4E2A641437E92ECBF21 /* CDVReachability.m */; };
		6E5CB29D95174C8A8FC0C715 /* CoreTelephony.framework in Frameworks */ = {isa = PBXBuildFile; fileRef = 54D649DA2AEC44998C062C63 /* CoreTelephony.framework */; };
		557EA89A65C441519F045A7F /* CDVStatusBar.m in Sources */ = {isa = PBXBuildFile; fileRef = E5308EC0C53E4FD4B4EB2171 /* CDVStatusBar.m */; };
		A879769996DE4367B96CA0B3 /* CDVVibration.m in Sources */ = {isa = PBXBuildFile; fileRef = DEF9CC7595414500B2195BBD /* CDVVibration.m */; };
		5ED15106CCD046BC991FD2D4 /* SQLitePlugin.m in Sources */ = {isa = PBXBuildFile; fileRef = 54FC5E47FB5146DDB023CB41 /* SQLitePlugin.m */; };
		959B804727E34044B1599520 /* CustomPSPDFThreadSafeMutableDictionary.m in Sources */ = {isa = PBXBuildFile; fileRef = D687E243B0E243F3AF3F7F1A /* CustomPSPDFThreadSafeMutableDictionary.m */; settings = {COMPILER_FLAGS = "-w"; }; };
		9094D6C355A948F8B2FA18E5 /* sqlite3.c in Resources */ = {isa = PBXBuildFile; fileRef = 84D03BA1941D4343A8A5AE33 /* sqlite3.c */; settings = {COMPILER_FLAGS = "-w -DSQLITE_THREADSAFE=1 -DSQLITE_DEFAULT_SYNCHRONOUS=3 -DSQLITE_DEFAULT_MEMSTATUS=0 -DSQLITE_OMIT_DECLTYPE -DSQLITE_OMIT_DEPRECATED -DSQLITE_OMIT_PROGRESS_CALLBACK -DSQLITE_OMIT_SHARED_CACHE -DSQLITE_TEMP_STORE=2 -DSQLITE_OMIT_LOAD_EXTENSION -DSQLITE_ENABLE_FTS3 -DSQLITE_ENABLE_FTS3_PARENTHESIS -DSQLITE_ENABLE_FTS4 -DSQLITE_ENABLE_RTREE -DSQLITE_DEFAULT_PAGE_SIZE=4096"; }; };
		01AC2C94456A4FF0B06BF22B /* IonicKeyboard.m in Sources */ = {isa = PBXBuildFile; fileRef = 3ED8FCC28B1D49639B91E4CC /* IonicKeyboard.m */; };
/* End PBXBuildFile section */

/* Begin PBXContainerItemProxy section */
		301BF534109A57CC0062928A /* PBXContainerItemProxy */ = {
			isa = PBXContainerItemProxy;
			containerPortal = 301BF52D109A57CC0062928A /* CordovaLib.xcodeproj */;
			proxyType = 2;
			remoteGlobalIDString = D2AAC07E0554694100DB518D;
			remoteInfo = CordovaLib;
		};
		301BF550109A68C00062928A /* PBXContainerItemProxy */ = {
			isa = PBXContainerItemProxy;
			containerPortal = 301BF52D109A57CC0062928A /* CordovaLib.xcodeproj */;
			proxyType = 1;
			remoteGlobalIDString = D2AAC07D0554694100DB518D;
			remoteInfo = CordovaLib;
		};
/* End PBXContainerItemProxy section */

/* Begin PBXFileReference section */
		0207DA571B56EA530066E2B4 /* Images.xcassets */ = {isa = PBXFileReference; lastKnownFileType = folder.assetcatalog; name = Images.xcassets; path = "Vasa Pandu/Images.xcassets"; sourceTree = SOURCE_ROOT; };
		1D3623240D0F684500981E51 /* AppDelegate.h */ = {isa = PBXFileReference; fileEncoding = 4; lastKnownFileType = sourcecode.c.h; path = AppDelegate.h; sourceTree = "<group>"; };
		1D3623250D0F684500981E51 /* AppDelegate.m */ = {isa = PBXFileReference; fileEncoding = 4; lastKnownFileType = sourcecode.c.objc; path = AppDelegate.m; sourceTree = "<group>"; };
		1D6058910D05DD3D006BFB54 /* Vasa Pandu.app */ = {isa = PBXFileReference; explicitFileType = wrapper.application; includeInIndex = 0; path = "Vasa Pandu.app"; sourceTree = BUILT_PRODUCTS_DIR; };
		29B97316FDCFA39411CA2CEA /* main.m */ = {isa = PBXFileReference; fileEncoding = 4; lastKnownFileType = sourcecode.c.objc; path = main.m; sourceTree = "<group>"; };
		301BF52D109A57CC0062928A /* CordovaLib.xcodeproj */ = {isa = PBXFileReference; lastKnownFileType = "wrapper.pb-project"; path = CordovaLib/CordovaLib.xcodeproj; sourceTree = "<group>"; };
		301BF56E109A69640062928A /* www */ = {isa = PBXFileReference; lastKnownFileType = folder; path = www; sourceTree = SOURCE_ROOT; };
		302D95EE14D2391D003F00A1 /* MainViewController.h */ = {isa = PBXFileReference; fileEncoding = 4; lastKnownFileType = sourcecode.c.h; path = MainViewController.h; sourceTree = "<group>"; };
		302D95EF14D2391D003F00A1 /* MainViewController.m */ = {isa = PBXFileReference; fileEncoding = 4; lastKnownFileType = sourcecode.c.objc; path = MainViewController.m; sourceTree = "<group>"; };
		302D95F014D2391D003F00A1 /* MainViewController.xib */ = {isa = PBXFileReference; fileEncoding = 4; lastKnownFileType = file.xib; path = MainViewController.xib; sourceTree = "<group>"; };
		3047A50F1AB8059700498E2A /* build-debug.xcconfig */ = {isa = PBXFileReference; fileEncoding = 4; lastKnownFileType = text.xcconfig; name = "build-debug.xcconfig"; path = cordova/build-debug.xcconfig; sourceTree = SOURCE_ROOT; };
		3047A5101AB8059700498E2A /* build-release.xcconfig */ = {isa = PBXFileReference; fileEncoding = 4; lastKnownFileType = text.xcconfig; name = "build-release.xcconfig"; path = cordova/build-release.xcconfig; sourceTree = SOURCE_ROOT; };
		3047A5111AB8059700498E2A /* build.xcconfig */ = {isa = PBXFileReference; fileEncoding = 4; lastKnownFileType = text.xcconfig; name = build.xcconfig; path = cordova/build.xcconfig; sourceTree = SOURCE_ROOT; };
		32CA4F630368D1EE00C91783 /* Vasa Pandu-Prefix.pch */ = {isa = PBXFileReference; fileEncoding = 4; lastKnownFileType = sourcecode.c.h; path = "Vasa Pandu-Prefix.pch"; sourceTree = "<group>"; };
		6AFF5BF81D6E424B00AB3073 /* CDVLaunchScreen.storyboard */ = {isa = PBXFileReference; fileEncoding = 4; lastKnownFileType = file.storyboard; name = CDVLaunchScreen.storyboard; path = "Vasa Pandu/CDVLaunchScreen.storyboard"; sourceTree = SOURCE_ROOT; };
		8D1107310486CEB800E47090 /* Vasa Pandu-Info.plist */ = {isa = PBXFileReference; fileEncoding = 4; lastKnownFileType = text.plist.xml; name = "Vasa Pandu-Info.plist"; path = "Vasa Pandu/Vasa Pandu-Info.plist"; plistStructureDefinitionIdentifier = "com.apple.xcode.plist.structure-definition.iphone.info-plist"; sourceTree = SOURCE_ROOT; };
		EB87FDF31871DA8E0020F90C /* www */ = {isa = PBXFileReference; lastKnownFileType = folder; name = www; path = ../../www; sourceTree = "<group>"; };
		EB87FDF41871DAF40020F90C /* config.xml */ = {isa = PBXFileReference; lastKnownFileType = text.xml; name = config.xml; path = ../../config.xml; sourceTree = "<group>"; };
		F840E1F0165FE0F500CFE078 /* config.xml */ = {isa = PBXFileReference; lastKnownFileType = text.xml; name = config.xml; path = "Vasa Pandu/config.xml"; sourceTree = "<group>"; };
		ED33DF2A687741AEAF9F8254 /* Bridging-Header.h */ = {isa = PBXFileReference; fileEncoding = 4; lastKnownFileType = sourcecode.c.h; name = "Bridging-Header.h"; path = "Bridging-Header.h"; sourceTree = "<group>"; };
		763E1DEFE84D4B64BC1A1248 /* AppVersion.m */ = {isa = PBXFileReference; name = "AppVersion.m"; path = "cordova-plugin-app-version/AppVersion.m"; sourceTree = "<group>"; fileEncoding = 4; lastKnownFileType = sourcecode.c.objc; explicitFileType = undefined; includeInIndex = 0; };
		55FB238EED1548408744A6B2 /* AppVersion.h */ = {isa = PBXFileReference; name = "AppVersion.h"; path = "cordova-plugin-app-version/AppVersion.h"; sourceTree = "<group>"; fileEncoding = 4; lastKnownFileType = sourcecode.c.h; explicitFileType = undefined; includeInIndex = 0; };
		AB8FB0BA2CA44F189D94E165 /* CDVDevice.m */ = {isa = PBXFileReference; name = "CDVDevice.m"; path = "cordova-plugin-device/CDVDevice.m"; sourceTree = "<group>"; fileEncoding = 4; lastKnownFileType = sourcecode.c.objc; explicitFileType = undefined; includeInIndex = 0; };
		EE4A74C6A8204BC7A76D8744 /* CDVDevice.h */ = {isa = PBXFileReference; name = "CDVDevice.h"; path = "cordova-plugin-device/CDVDevice.h"; sourceTree = "<group>"; fileEncoding = 4; lastKnownFileType = sourcecode.c.h; explicitFileType = undefined; includeInIndex = 0; };
		C980CB1FC7644578BD5EB3C1 /* APPBackgroundMode.m */ = {isa = PBXFileReference; name = "APPBackgroundMode.m"; path = "cordova-plugin-background-mode/APPBackgroundMode.m"; sourceTree = "<group>"; fileEncoding = 4; lastKnownFileType = sourcecode.c.objc; explicitFileType = undefined; includeInIndex = 0; };
		A5D7928531BC4CA994B3712F /* APPMethodMagic.m */ = {isa = PBXFileReference; name = "APPMethodMagic.m"; path = "cordova-plugin-background-mode/APPMethodMagic.m"; sourceTree = "<group>"; fileEncoding = 4; lastKnownFileType = sourcecode.c.objc; explicitFileType = undefined; includeInIndex = 0; };
		D1BA32447C6649E2BA12D2CC /* APPBackgroundMode.h */ = {isa = PBXFileReference; name = "APPBackgroundMode.h"; path = "cordova-plugin-background-mode/APPBackgroundMode.h"; sourceTree = "<group>"; fileEncoding = 4; lastKnownFileType = sourcecode.c.h; explicitFileType = undefined; includeInIndex = 0; };
		067C2719EF1B458CBEF499C1 /* APPMethodMagic.h */ = {isa = PBXFileReference; name = "APPMethodMagic.h"; path = "cordova-plugin-background-mode/APPMethodMagic.h"; sourceTree = "<group>"; fileEncoding = 4; lastKnownFileType = sourcecode.c.h; explicitFileType = undefined; includeInIndex = 0; };
		B65B1F34DD9348A49782FB39 /* appbeep.wav */ = {isa = PBXFileReference; name = "appbeep.wav"; path = "appbeep.wav"; sourceTree = "<group>"; fileEncoding = undefined; lastKnownFileType = unknown; explicitFileType = undefined; includeInIndex = 0; };
		88A278587D284BE8B999FD6B /* APPBadge.m */ = {isa = PBXFileReference; name = "APPBadge.m"; path = "cordova-plugin-badge/APPBadge.m"; sourceTree = "<group>"; fileEncoding = 4; lastKnownFileType = sourcecode.c.objc; explicitFileType = undefined; includeInIndex = 0; };
		716C39E794DE4C9E9517BB9D /* APPBadge.h */ = {isa = PBXFileReference; name = "APPBadge.h"; path = "cordova-plugin-badge/APPBadge.h"; sourceTree = "<group>"; fileEncoding = 4; lastKnownFileType = sourcecode.c.h; explicitFileType = undefined; includeInIndex = 0; };
		95A40C2F08EE4EE39A13FB0A /* DatePicker.m */ = {isa = PBXFileReference; name = "DatePicker.m"; path = "cordova-plugin-datepicker/DatePicker.m"; sourceTree = "<group>"; fileEncoding = 4; lastKnownFileType = sourcecode.c.objc; explicitFileType = undefined; includeInIndex = 0; };
		C2C58E69BBD5439696E3504B /* DatePicker.h */ = {isa = PBXFileReference; name = "DatePicker.h"; path = "cordova-plugin-datepicker/DatePicker.h"; sourceTree = "<group>"; fileEncoding = 4; lastKnownFileType = sourcecode.c.h; explicitFileType = undefined; includeInIndex = 0; };
		D520FE6A732547278CEE2E1F /* DatePicker.xib */ = {isa = PBXFileReference; name = "DatePicker.xib"; path = "DatePicker.xib"; sourceTree = "<group>"; fileEncoding = undefined; lastKnownFileType = file.xib; explicitFileType = undefined; includeInIndex = 0; };
		2A50EACC6F664F9DAB81FEA4 /* CDVNotification.m */ = {isa = PBXFileReference; name = "CDVNotification.m"; path = "cordova-plugin-dialogs/CDVNotification.m"; sourceTree = "<group>"; fileEncoding = 4; lastKnownFileType = sourcecode.c.objc; explicitFileType = undefined; includeInIndex = 0; };
		ED05286F6817477DBD0A8A5F /* CDVNotification.h */ = {isa = PBXFileReference; name = "CDVNotification.h"; path = "cordova-plugin-dialogs/CDVNotification.h"; sourceTree = "<group>"; fileEncoding = 4; lastKnownFileType = sourcecode.c.h; explicitFileType = undefined; includeInIndex = 0; };
		359C16BDA7B84C24B5CE2D77 /* CDVNotification.bundle */ = {isa = PBXFileReference; name = "CDVNotification.bundle"; path = "CDVNotification.bundle"; sourceTree = "<group>"; fileEncoding = undefined; lastKnownFileType = wrapper.plug-in; explicitFileType = undefined; includeInIndex = 0; };
		1D249284D4744846966C97D0 /* AudioToolbox.framework */ = {isa = PBXFileReference; name = "AudioToolbox.framework"; path = "System/Library/Frameworks/AudioToolbox.framework"; sourceTree = SDKROOT; fileEncoding = undefined; lastKnownFileType = wrapper.framework; explicitFileType = undefined; includeInIndex = 0; };
		0C56EB1FE08F43109FEACACC /* CDVLocation.m */ = {isa = PBXFileReference; name = "CDVLocation.m"; path = "cordova-plugin-geolocation/CDVLocation.m"; sourceTree = "<group>"; fileEncoding = 4; lastKnownFileType = sourcecode.c.objc; explicitFileType = undefined; includeInIndex = 0; };
		6300467B9F244194ADC2B09C /* CDVLocation.h */ = {isa = PBXFileReference; name = "CDVLocation.h"; path = "cordova-plugin-geolocation/CDVLocation.h"; sourceTree = "<group>"; fileEncoding = 4; lastKnownFileType = sourcecode.c.h; explicitFileType = undefined; includeInIndex = 0; };
		EC4C015AFAA845908FAB3E79 /* CoreLocation.framework */ = {isa = PBXFileReference; name = "CoreLocation.framework"; path = "System/Library/Frameworks/CoreLocation.framework"; sourceTree = SDKROOT; fileEncoding = undefined; lastKnownFileType = wrapper.framework; explicitFileType = undefined; includeInIndex = 0; };
		F95576C7DAB24E15BBFD32EF /* CDVSplashScreen.m */ = {isa = PBXFileReference; name = "CDVSplashScreen.m"; path = "cordova-plugin-splashscreen/CDVSplashScreen.m"; sourceTree = "<group>"; fileEncoding = 4; lastKnownFileType = sourcecode.c.objc; explicitFileType = undefined; includeInIndex = 0; };
		CA28D42FC8FA45DF8DFAF9DD /* CDVViewController+SplashScreen.m */ = {isa = PBXFileReference; name = "CDVViewController+SplashScreen.m"; path = "cordova-plugin-splashscreen/CDVViewController+SplashScreen.m"; sourceTree = "<group>"; fileEncoding = 4; lastKnownFileType = sourcecode.c.objc; explicitFileType = undefined; includeInIndex = 0; };
		E2BF94C4868C4B669A3ECB64 /* CDVSplashScreen.h */ = {isa = PBXFileReference; name = "CDVSplashScreen.h"; path = "cordova-plugin-splashscreen/CDVSplashScreen.h"; sourceTree = "<group>"; fileEncoding = 4; lastKnownFileType = sourcecode.c.h; explicitFileType = undefined; includeInIndex = 0; };
		D9B5492B761944A2B1348DBA /* CDVViewController+SplashScreen.h */ = {isa = PBXFileReference; name = "CDVViewController+SplashScreen.h"; path = "cordova-plugin-splashscreen/CDVViewController+SplashScreen.h"; sourceTree = "<group>"; fileEncoding = 4; lastKnownFileType = sourcecode.c.h; explicitFileType = undefined; includeInIndex = 0; };
		EC5FE81B2084435FADB65D32 /* CDVSplashScreen+IonicDeploy.m */ = {isa = PBXFileReference; name = "CDVSplashScreen+IonicDeploy.m"; path = "cordova-plugin-ionic/CDVSplashScreen+IonicDeploy.m"; sourceTree = "<group>"; fileEncoding = 4; lastKnownFileType = sourcecode.c.objc; explicitFileType = undefined; includeInIndex = 0; };
		DED88B8A86104929B5EB1529 /* IonicConstant.m */ = {isa = PBXFileReference; name = "IonicConstant.m"; path = "cordova-plugin-ionic/IonicConstant.m"; sourceTree = "<group>"; fileEncoding = 4; lastKnownFileType = sourcecode.c.objc; explicitFileType = undefined; includeInIndex = 0; };
		48E37101E761472A846DA3A0 /* IonicDeploy.m */ = {isa = PBXFileReference; name = "IonicDeploy.m"; path = "cordova-plugin-ionic/IonicDeploy.m"; sourceTree = "<group>"; fileEncoding = 4; lastKnownFileType = sourcecode.c.objc; explicitFileType = undefined; includeInIndex = 0; };
		B638FB5F3E334E83B5C40D4E /* Download.m */ = {isa = PBXFileReference; name = "Download.m"; path = "cordova-plugin-ionic/Download.m"; sourceTree = "<group>"; fileEncoding = 4; lastKnownFileType = sourcecode.c.objc; explicitFileType = undefined; includeInIndex = 0; };
		CDF23F0446804F3385CEFCA1 /* DownloadManager.m */ = {isa = PBXFileReference; name = "DownloadManager.m"; path = "cordova-plugin-ionic/DownloadManager.m"; sourceTree = "<group>"; fileEncoding = 4; lastKnownFileType = sourcecode.c.objc; explicitFileType = undefined; includeInIndex = 0; };
		5770140551D84ACB85233364 /* SSZipArchive.m */ = {isa = PBXFileReference; name = "SSZipArchive.m"; path = "cordova-plugin-ionic/SSZipArchive.m"; sourceTree = "<group>"; fileEncoding = 4; lastKnownFileType = sourcecode.c.objc; explicitFileType = undefined; includeInIndex = 0; };
		E589ED89AFDF4409BBA0F703 /* ioapi.c */ = {isa = PBXFileReference; name = "ioapi.c"; path = "cordova-plugin-ionic/ioapi.c"; sourceTree = "<group>"; fileEncoding = undefined; lastKnownFileType = unknown; explicitFileType = undefined; includeInIndex = 0; };
		38BA32E4E9BB45EA8ECBFA42 /* unzip.c */ = {isa = PBXFileReference; name = "unzip.c"; path = "cordova-plugin-ionic/unzip.c"; sourceTree = "<group>"; fileEncoding = undefined; lastKnownFileType = unknown; explicitFileType = undefined; includeInIndex = 0; };
		7B34C99C92AE4E5FBAC8CD0E /* zip.c */ = {isa = PBXFileReference; name = "zip.c"; path = "cordova-plugin-ionic/zip.c"; sourceTree = "<group>"; fileEncoding = undefined; lastKnownFileType = unknown; explicitFileType = undefined; includeInIndex = 0; };
		7CEB90A405EF4551A44A7CC2 /* adler32.c */ = {isa = PBXFileReference; name = "adler32.c"; path = "cordova-plugin-ionic/adler32.c"; sourceTree = "<group>"; fileEncoding = undefined; lastKnownFileType = unknown; explicitFileType = undefined; includeInIndex = 0; };
		876003060D384404BFA1EE12 /* compress.c */ = {isa = PBXFileReference; name = "compress.c"; path = "cordova-plugin-ionic/compress.c"; sourceTree = "<group>"; fileEncoding = undefined; lastKnownFileType = unknown; explicitFileType = undefined; includeInIndex = 0; };
		7DF4838E5C664B90B0468C90 /* crc32.c */ = {isa = PBXFileReference; name = "crc32.c"; path = "cordova-plugin-ionic/crc32.c"; sourceTree = "<group>"; fileEncoding = undefined; lastKnownFileType = unknown; explicitFileType = undefined; includeInIndex = 0; };
		687A78E089D34B5AAB74A959 /* deflate.c */ = {isa = PBXFileReference; name = "deflate.c"; path = "cordova-plugin-ionic/deflate.c"; sourceTree = "<group>"; fileEncoding = undefined; lastKnownFileType = unknown; explicitFileType = undefined; includeInIndex = 0; };
		911CDB1800864551AEFD36FB /* gzclose.c */ = {isa = PBXFileReference; name = "gzclose.c"; path = "cordova-plugin-ionic/gzclose.c"; sourceTree = "<group>"; fileEncoding = undefined; lastKnownFileType = unknown; explicitFileType = undefined; includeInIndex = 0; };
		C1A2388B8A144D80B64DA72E /* gzlib.c */ = {isa = PBXFileReference; name = "gzlib.c"; path = "cordova-plugin-ionic/gzlib.c"; sourceTree = "<group>"; fileEncoding = undefined; lastKnownFileType = unknown; explicitFileType = undefined; includeInIndex = 0; };
		3EA2F21B1D0D452784EDEDE0 /* gzread.c */ = {isa = PBXFileReference; name = "gzread.c"; path = "cordova-plugin-ionic/gzread.c"; sourceTree = "<group>"; fileEncoding = undefined; lastKnownFileType = unknown; explicitFileType = undefined; includeInIndex = 0; };
		E3DCD913CE584A8487A547AE /* gzwrite.c */ = {isa = PBXFileReference; name = "gzwrite.c"; path = "cordova-plugin-ionic/gzwrite.c"; sourceTree = "<group>"; fileEncoding = undefined; lastKnownFileType = unknown; explicitFileType = undefined; includeInIndex = 0; };
		555F892E939742FFA11FF0E0 /* infback.c */ = {isa = PBXFileReference; name = "infback.c"; path = "cordova-plugin-ionic/infback.c"; sourceTree = "<group>"; fileEncoding = undefined; lastKnownFileType = unknown; explicitFileType = undefined; includeInIndex = 0; };
		C6648C235AAD4C6891ACB234 /* inffast.c */ = {isa = PBXFileReference; name = "inffast.c"; path = "cordova-plugin-ionic/inffast.c"; sourceTree = "<group>"; fileEncoding = undefined; lastKnownFileType = unknown; explicitFileType = undefined; includeInIndex = 0; };
		FF56EE254DB7478CA03DAB9F /* inflate.c */ = {isa = PBXFileReference; name = "inflate.c"; path = "cordova-plugin-ionic/inflate.c"; sourceTree = "<group>"; fileEncoding = undefined; lastKnownFileType = unknown; explicitFileType = undefined; includeInIndex = 0; };
		B068E66A72D14ED1AC94B1DB /* inftrees.c */ = {isa = PBXFileReference; name = "inftrees.c"; path = "cordova-plugin-ionic/inftrees.c"; sourceTree = "<group>"; fileEncoding = undefined; lastKnownFileType = unknown; explicitFileType = undefined; includeInIndex = 0; };
		BC9BF22A488E44A2BEA168DB /* trees.c */ = {isa = PBXFileReference; name = "trees.c"; path = "cordova-plugin-ionic/trees.c"; sourceTree = "<group>"; fileEncoding = undefined; lastKnownFileType = unknown; explicitFileType = undefined; includeInIndex = 0; };
		BBC8B3C6A5924618B773FD6C /* uncompr.c */ = {isa = PBXFileReference; name = "uncompr.c"; path = "cordova-plugin-ionic/uncompr.c"; sourceTree = "<group>"; fileEncoding = undefined; lastKnownFileType = unknown; explicitFileType = undefined; includeInIndex = 0; };
		97E9170889FD4F74A24B0860 /* zutil.c */ = {isa = PBXFileReference; name = "zutil.c"; path = "cordova-plugin-ionic/zutil.c"; sourceTree = "<group>"; fileEncoding = undefined; lastKnownFileType = unknown; explicitFileType = undefined; includeInIndex = 0; };
		3CF20925C30743F3B94DF182 /* Base64.m */ = {isa = PBXFileReference; name = "Base64.m"; path = "cordova-plugin-ionic/Base64.m"; sourceTree = "<group>"; fileEncoding = 4; lastKnownFileType = sourcecode.c.objc; explicitFileType = undefined; includeInIndex = 0; };
		4EC4FB36A31949E78EC4F78D /* UNIHTTPClientHelper.m */ = {isa = PBXFileReference; name = "UNIHTTPClientHelper.m"; path = "cordova-plugin-ionic/UNIHTTPClientHelper.m"; sourceTree = "<group>"; fileEncoding = 4; lastKnownFileType = sourcecode.c.objc; explicitFileType = undefined; includeInIndex = 0; };
		DBF0A9EA6F4A4FA8B4BAA2CF /* UNIHTTPRequest.m */ = {isa = PBXFileReference; name = "UNIHTTPRequest.m"; path = "cordova-plugin-ionic/UNIHTTPRequest.m"; sourceTree = "<group>"; fileEncoding = 4; lastKnownFileType = sourcecode.c.objc; explicitFileType = undefined; includeInIndex = 0; };
		CFD14FAB0DA242A99FB6A1E1 /* UNIHTTPRequestWithBody.m */ = {isa = PBXFileReference; name = "UNIHTTPRequestWithBody.m"; path = "cordova-plugin-ionic/UNIHTTPRequestWithBody.m"; sourceTree = "<group>"; fileEncoding = 4; lastKnownFileType = sourcecode.c.objc; explicitFileType = undefined; includeInIndex = 0; };
		82424156F6C440B7870323C2 /* UNIRest.m */ = {isa = PBXFileReference; name = "UNIRest.m"; path = "cordova-plugin-ionic/UNIRest.m"; sourceTree = "<group>"; fileEncoding = 4; lastKnownFileType = sourcecode.c.objc; explicitFileType = undefined; includeInIndex = 0; };
		DDA0C39425BB43B89A36AE1B /* UNIUrlConnection.m */ = {isa = PBXFileReference; name = "UNIUrlConnection.m"; path = "cordova-plugin-ionic/UNIUrlConnection.m"; sourceTree = "<group>"; fileEncoding = 4; lastKnownFileType = sourcecode.c.objc; explicitFileType = undefined; includeInIndex = 0; };
		D6E3ED7117FB49968F4C7CDF /* UNIBaseRequest.m */ = {isa = PBXFileReference; name = "UNIBaseRequest.m"; path = "cordova-plugin-ionic/UNIBaseRequest.m"; sourceTree = "<group>"; fileEncoding = 4; lastKnownFileType = sourcecode.c.objc; explicitFileType = undefined; includeInIndex = 0; };
		93A0289D4D6C457A8089BB72 /* UNIBodyRequest.m */ = {isa = PBXFileReference; name = "UNIBodyRequest.m"; path = "cordova-plugin-ionic/UNIBodyRequest.m"; sourceTree = "<group>"; fileEncoding = 4; lastKnownFileType = sourcecode.c.objc; explicitFileType = undefined; includeInIndex = 0; };
		8F70EE762B42465CA8206EFF /* UNISimpleRequest.m */ = {isa = PBXFileReference; name = "UNISimpleRequest.m"; path = "cordova-plugin-ionic/UNISimpleRequest.m"; sourceTree = "<group>"; fileEncoding = 4; lastKnownFileType = sourcecode.c.objc; explicitFileType = undefined; includeInIndex = 0; };
		15674B1C8ACE453E8EFBD6E8 /* UNIHTTPBinaryResponse.m */ = {isa = PBXFileReference; name = "UNIHTTPBinaryResponse.m"; path = "cordova-plugin-ionic/UNIHTTPBinaryResponse.m"; sourceTree = "<group>"; fileEncoding = 4; lastKnownFileType = sourcecode.c.objc; explicitFileType = undefined; includeInIndex = 0; };
		5E5F61A1550A47E5A3DBCC57 /* UNIHTTPJsonResponse.m */ = {isa = PBXFileReference; name = "UNIHTTPJsonResponse.m"; path = "cordova-plugin-ionic/UNIHTTPJsonResponse.m"; sourceTree = "<group>"; fileEncoding = 4; lastKnownFileType = sourcecode.c.objc; explicitFileType = undefined; includeInIndex = 0; };
		F6052B78CC3D499A8F924A81 /* UNIHTTPResponse.m */ = {isa = PBXFileReference; name = "UNIHTTPResponse.m"; path = "cordova-plugin-ionic/UNIHTTPResponse.m"; sourceTree = "<group>"; fileEncoding = 4; lastKnownFileType = sourcecode.c.objc; explicitFileType = undefined; includeInIndex = 0; };
		9B190DCD474846A18F43E04E /* UNIHTTPStringResponse.m */ = {isa = PBXFileReference; name = "UNIHTTPStringResponse.m"; path = "cordova-plugin-ionic/UNIHTTPStringResponse.m"; sourceTree = "<group>"; fileEncoding = 4; lastKnownFileType = sourcecode.c.objc; explicitFileType = undefined; includeInIndex = 0; };
		3F1D73FFC15744F99D062A2B /* UNIJsonNode.m */ = {isa = PBXFileReference; name = "UNIJsonNode.m"; path = "cordova-plugin-ionic/UNIJsonNode.m"; sourceTree = "<group>"; fileEncoding = 4; lastKnownFileType = sourcecode.c.objc; explicitFileType = undefined; includeInIndex = 0; };
		E23AF7AABFBC437E9815EB04 /* IonicCordovaCommon.swift */ = {isa = PBXFileReference; name = "IonicCordovaCommon.swift"; path = "cordova-plugin-ionic/IonicCordovaCommon.swift"; sourceTree = "<group>"; fileEncoding = 4; lastKnownFileType = sourcecode.swift; explicitFileType = undefined; includeInIndex = 0; };
		05307C9633FE4035A32308A3 /* CDVSplashScreen+IonicDeploy.h */ = {isa = PBXFileReference; name = "CDVSplashScreen+IonicDeploy.h"; path = "cordova-plugin-ionic/CDVSplashScreen+IonicDeploy.h"; sourceTree = "<group>"; fileEncoding = 4; lastKnownFileType = sourcecode.c.h; explicitFileType = undefined; includeInIndex = 0; };
		059352380E4940B0997E1892 /* IonicConstant.h */ = {isa = PBXFileReference; name = "IonicConstant.h"; path = "cordova-plugin-ionic/IonicConstant.h"; sourceTree = "<group>"; fileEncoding = 4; lastKnownFileType = sourcecode.c.h; explicitFileType = undefined; includeInIndex = 0; };
		4C508AB98B7045ECBA7ECEF3 /* IonicDeploy.h */ = {isa = PBXFileReference; name = "IonicDeploy.h"; path = "cordova-plugin-ionic/IonicDeploy.h"; sourceTree = "<group>"; fileEncoding = 4; lastKnownFileType = sourcecode.c.h; explicitFileType = undefined; includeInIndex = 0; };
		EC4E3E43DB6C419FBC9CE55F /* Download.h */ = {isa = PBXFileReference; name = "Download.h"; path = "cordova-plugin-ionic/Download.h"; sourceTree = "<group>"; fileEncoding = 4; lastKnownFileType = sourcecode.c.h; explicitFileType = undefined; includeInIndex = 0; };
		7DD839AF0BD549BCA645CC21 /* DownloadManager.h */ = {isa = PBXFileReference; name = "DownloadManager.h"; path = "cordova-plugin-ionic/DownloadManager.h"; sourceTree = "<group>"; fileEncoding = 4; lastKnownFileType = sourcecode.c.h; explicitFileType = undefined; includeInIndex = 0; };
		4E9EAD23E5C641668E78BB9A /* SSZipArchive.h */ = {isa = PBXFileReference; name = "SSZipArchive.h"; path = "cordova-plugin-ionic/SSZipArchive.h"; sourceTree = "<group>"; fileEncoding = 4; lastKnownFileType = sourcecode.c.h; explicitFileType = undefined; includeInIndex = 0; };
		C9C12BACB04149408C94F126 /* ARCHelper.h */ = {isa = PBXFileReference; name = "ARCHelper.h"; path = "cordova-plugin-ionic/ARCHelper.h"; sourceTree = "<group>"; fileEncoding = 4; lastKnownFileType = sourcecode.c.h; explicitFileType = undefined; includeInIndex = 0; };
		020FB5086453457FA7CCA7C7 /* crypt.h */ = {isa = PBXFileReference; name = "crypt.h"; path = "cordova-plugin-ionic/crypt.h"; sourceTree = "<group>"; fileEncoding = 4; lastKnownFileType = sourcecode.c.h; explicitFileType = undefined; includeInIndex = 0; };
		9ADDE47FF63944B5908E6ACE /* ioapi.h */ = {isa = PBXFileReference; name = "ioapi.h"; path = "cordova-plugin-ionic/ioapi.h"; sourceTree = "<group>"; fileEncoding = 4; lastKnownFileType = sourcecode.c.h; explicitFileType = undefined; includeInIndex = 0; };
		49E80D6E954E4159A593A866 /* unzip.h */ = {isa = PBXFileReference; name = "unzip.h"; path = "cordova-plugin-ionic/unzip.h"; sourceTree = "<group>"; fileEncoding = 4; lastKnownFileType = sourcecode.c.h; explicitFileType = undefined; includeInIndex = 0; };
		5755E349FF6B4F949DF95EAB /* zip.h */ = {isa = PBXFileReference; name = "zip.h"; path = "cordova-plugin-ionic/zip.h"; sourceTree = "<group>"; fileEncoding = 4; lastKnownFileType = sourcecode.c.h; explicitFileType = undefined; includeInIndex = 0; };
		34A4B02BED274E68B20218F3 /* crc32.h */ = {isa = PBXFileReference; name = "crc32.h"; path = "cordova-plugin-ionic/crc32.h"; sourceTree = "<group>"; fileEncoding = 4; lastKnownFileType = sourcecode.c.h; explicitFileType = undefined; includeInIndex = 0; };
		2595DFDE81C6455B9F414466 /* deflate.h */ = {isa = PBXFileReference; name = "deflate.h"; path = "cordova-plugin-ionic/deflate.h"; sourceTree = "<group>"; fileEncoding = 4; lastKnownFileType = sourcecode.c.h; explicitFileType = undefined; includeInIndex = 0; };
		BCAB72D713D3418DA4F815C7 /* gzguts.h */ = {isa = PBXFileReference; name = "gzguts.h"; path = "cordova-plugin-ionic/gzguts.h"; sourceTree = "<group>"; fileEncoding = 4; lastKnownFileType = sourcecode.c.h; explicitFileType = undefined; includeInIndex = 0; };
		DEA464D28372423FA42B30F6 /* inffast.h */ = {isa = PBXFileReference; name = "inffast.h"; path = "cordova-plugin-ionic/inffast.h"; sourceTree = "<group>"; fileEncoding = 4; lastKnownFileType = sourcecode.c.h; explicitFileType = undefined; includeInIndex = 0; };
		72B0E4CFE0A146A5AFBDB958 /* inffixed.h */ = {isa = PBXFileReference; name = "inffixed.h"; path = "cordova-plugin-ionic/inffixed.h"; sourceTree = "<group>"; fileEncoding = 4; lastKnownFileType = sourcecode.c.h; explicitFileType = undefined; includeInIndex = 0; };
		3B36C84D0B8E4897BC6C615F /* inflate.h */ = {isa = PBXFileReference; name = "inflate.h"; path = "cordova-plugin-ionic/inflate.h"; sourceTree = "<group>"; fileEncoding = 4; lastKnownFileType = sourcecode.c.h; explicitFileType = undefined; includeInIndex = 0; };
		92AC2F9ABD404305B879788D /* inftrees.h */ = {isa = PBXFileReference; name = "inftrees.h"; path = "cordova-plugin-ionic/inftrees.h"; sourceTree = "<group>"; fileEncoding = 4; lastKnownFileType = sourcecode.c.h; explicitFileType = undefined; includeInIndex = 0; };
		C1EDDBB11D2841F895066CCE /* trees.h */ = {isa = PBXFileReference; name = "trees.h"; path = "cordova-plugin-ionic/trees.h"; sourceTree = "<group>"; fileEncoding = 4; lastKnownFileType = sourcecode.c.h; explicitFileType = undefined; includeInIndex = 0; };
		AF132B181A7147C4A015FAE0 /* zconf.h */ = {isa = PBXFileReference; name = "zconf.h"; path = "cordova-plugin-ionic/zconf.h"; sourceTree = "<group>"; fileEncoding = 4; lastKnownFileType = sourcecode.c.h; explicitFileType = undefined; includeInIndex = 0; };
		5F0D444FBD1F49A1BD19F322 /* zlib.h */ = {isa = PBXFileReference; name = "zlib.h"; path = "cordova-plugin-ionic/zlib.h"; sourceTree = "<group>"; fileEncoding = 4; lastKnownFileType = sourcecode.c.h; explicitFileType = undefined; includeInIndex = 0; };
		3310905A79E144A082EA6877 /* zutil.h */ = {isa = PBXFileReference; name = "zutil.h"; path = "cordova-plugin-ionic/zutil.h"; sourceTree = "<group>"; fileEncoding = 4; lastKnownFileType = sourcecode.c.h; explicitFileType = undefined; includeInIndex = 0; };
		5ECD5CE6E2514ED78D85967A /* Base64.h */ = {isa = PBXFileReference; name = "Base64.h"; path = "cordova-plugin-ionic/Base64.h"; sourceTree = "<group>"; fileEncoding = 4; lastKnownFileType = sourcecode.c.h; explicitFileType = undefined; includeInIndex = 0; };
		4BA7A2DBE22147EF9414B24D /* UNIHTTPClientHelper.h */ = {isa = PBXFileReference; name = "UNIHTTPClientHelper.h"; path = "cordova-plugin-ionic/UNIHTTPClientHelper.h"; sourceTree = "<group>"; fileEncoding = 4; lastKnownFileType = sourcecode.c.h; explicitFileType = undefined; includeInIndex = 0; };
		21C811E7E1814463BA5699D6 /* UNIHTTPRequest.h */ = {isa = PBXFileReference; name = "UNIHTTPRequest.h"; path = "cordova-plugin-ionic/UNIHTTPRequest.h"; sourceTree = "<group>"; fileEncoding = 4; lastKnownFileType = sourcecode.c.h; explicitFileType = undefined; includeInIndex = 0; };
		BE315550424548178B837A75 /* UNIHTTPRequestWithBody.h */ = {isa = PBXFileReference; name = "UNIHTTPRequestWithBody.h"; path = "cordova-plugin-ionic/UNIHTTPRequestWithBody.h"; sourceTree = "<group>"; fileEncoding = 4; lastKnownFileType = sourcecode.c.h; explicitFileType = undefined; includeInIndex = 0; };
		09F279C734CA4B7C916E870F /* Unirest-Prefix.pch */ = {isa = PBXFileReference; name = "Unirest-Prefix.pch"; path = "cordova-plugin-ionic/Unirest-Prefix.pch"; sourceTree = "<group>"; fileEncoding = 4; lastKnownFileType = sourcecode.c.h; explicitFileType = undefined; includeInIndex = 0; };
		43C4B73C3B054A649F4C7C54 /* UNIRest.h */ = {isa = PBXFileReference; name = "UNIRest.h"; path = "cordova-plugin-ionic/UNIRest.h"; sourceTree = "<group>"; fileEncoding = 4; lastKnownFileType = sourcecode.c.h; explicitFileType = undefined; includeInIndex = 0; };
		6ACF2FDA3A3F47AFAA570102 /* UNIUrlConnection.h */ = {isa = PBXFileReference; name = "UNIUrlConnection.h"; path = "cordova-plugin-ionic/UNIUrlConnection.h"; sourceTree = "<group>"; fileEncoding = 4; lastKnownFileType = sourcecode.c.h; explicitFileType = undefined; includeInIndex = 0; };
		F9F05B7C153C4AF19DBCDABD /* UNIBaseRequest.h */ = {isa = PBXFileReference; name = "UNIBaseRequest.h"; path = "cordova-plugin-ionic/UNIBaseRequest.h"; sourceTree = "<group>"; fileEncoding = 4; lastKnownFileType = sourcecode.c.h; explicitFileType = undefined; includeInIndex = 0; };
		D6249976EDA741FFB60FF208 /* UNIBodyRequest.h */ = {isa = PBXFileReference; name = "UNIBodyRequest.h"; path = "cordova-plugin-ionic/UNIBodyRequest.h"; sourceTree = "<group>"; fileEncoding = 4; lastKnownFileType = sourcecode.c.h; explicitFileType = undefined; includeInIndex = 0; };
		99FDF1328A6D4959A130D077 /* UNISimpleRequest.h */ = {isa = PBXFileReference; name = "UNISimpleRequest.h"; path = "cordova-plugin-ionic/UNISimpleRequest.h"; sourceTree = "<group>"; fileEncoding = 4; lastKnownFileType = sourcecode.c.h; explicitFileType = undefined; includeInIndex = 0; };
		59872E0EB65042B9B8E870BA /* UNIHTTPBinaryResponse.h */ = {isa = PBXFileReference; name = "UNIHTTPBinaryResponse.h"; path = "cordova-plugin-ionic/UNIHTTPBinaryResponse.h"; sourceTree = "<group>"; fileEncoding = 4; lastKnownFileType = sourcecode.c.h; explicitFileType = undefined; includeInIndex = 0; };
		DE0A50CF6940439B9588DDEA /* UNIHTTPJsonResponse.h */ = {isa = PBXFileReference; name = "UNIHTTPJsonResponse.h"; path = "cordova-plugin-ionic/UNIHTTPJsonResponse.h"; sourceTree = "<group>"; fileEncoding = 4; lastKnownFileType = sourcecode.c.h; explicitFileType = undefined; includeInIndex = 0; };
		C806BA453D9D44FEB9E45808 /* UNIHTTPResponse.h */ = {isa = PBXFileReference; name = "UNIHTTPResponse.h"; path = "cordova-plugin-ionic/UNIHTTPResponse.h"; sourceTree = "<group>"; fileEncoding = 4; lastKnownFileType = sourcecode.c.h; explicitFileType = undefined; includeInIndex = 0; };
		511242BD2A994B2B975A7D22 /* UNIHTTPStringResponse.h */ = {isa = PBXFileReference; name = "UNIHTTPStringResponse.h"; path = "cordova-plugin-ionic/UNIHTTPStringResponse.h"; sourceTree = "<group>"; fileEncoding = 4; lastKnownFileType = sourcecode.c.h; explicitFileType = undefined; includeInIndex = 0; };
		7973E658E55241EE8432692D /* UNIJsonNode.h */ = {isa = PBXFileReference; name = "UNIJsonNode.h"; path = "cordova-plugin-ionic/UNIJsonNode.h"; sourceTree = "<group>"; fileEncoding = 4; lastKnownFileType = sourcecode.c.h; explicitFileType = undefined; includeInIndex = 0; };
		1243BC3CE2874B4FB3CD5365 /* APPLocalNotification.m */ = {isa = PBXFileReference; name = "APPLocalNotification.m"; path = "cordova-plugin-local-notification/APPLocalNotification.m"; sourceTree = "<group>"; fileEncoding = 4; lastKnownFileType = sourcecode.c.objc; explicitFileType = undefined; includeInIndex = 0; };
		712DEECEE7684D7EA211DAF6 /* APPNotificationContent.m */ = {isa = PBXFileReference; name = "APPNotificationContent.m"; path = "cordova-plugin-local-notification/APPNotificationContent.m"; sourceTree = "<group>"; fileEncoding = 4; lastKnownFileType = sourcecode.c.objc; explicitFileType = undefined; includeInIndex = 0; };
		825FC618E37C43CD84F1F839 /* APPNotificationOptions.m */ = {isa = PBXFileReference; name = "APPNotificationOptions.m"; path = "cordova-plugin-local-notification/APPNotificationOptions.m"; sourceTree = "<group>"; fileEncoding = 4; lastKnownFileType = sourcecode.c.objc; explicitFileType = undefined; includeInIndex = 0; };
		F59151263AC34A4B8F0727AD /* UNUserNotificationCenter+APPLocalNotification.m */ = {isa = PBXFileReference; name = "UNUserNotificationCenter+APPLocalNotification.m"; path = "cordova-plugin-local-notification/UNUserNotificationCenter+APPLocalNotification.m"; sourceTree = "<group>"; fileEncoding = 4; lastKnownFileType = sourcecode.c.objc; explicitFileType = undefined; includeInIndex = 0; };
		EE24B565263443A2819C5F1F /* UNNotificationRequest+APPLocalNotification.m */ = {isa = PBXFileReference; name = "UNNotificationRequest+APPLocalNotification.m"; path = "cordova-plugin-local-notification/UNNotificationRequest+APPLocalNotification.m"; sourceTree = "<group>"; fileEncoding = 4; lastKnownFileType = sourcecode.c.objc; explicitFileType = undefined; includeInIndex = 0; };
		3B5F6AE24D57409C94FF4CDA /* APPLocalNotification.h */ = {isa = PBXFileReference; name = "APPLocalNotification.h"; path = "cordova-plugin-local-notification/APPLocalNotification.h"; sourceTree = "<group>"; fileEncoding = 4; lastKnownFileType = sourcecode.c.h; explicitFileType = undefined; includeInIndex = 0; };
		35BA8499E1B54C9D95916D68 /* APPNotificationContent.h */ = {isa = PBXFileReference; name = "APPNotificationContent.h"; path = "cordova-plugin-local-notification/APPNotificationContent.h"; sourceTree = "<group>"; fileEncoding = 4; lastKnownFileType = sourcecode.c.h; explicitFileType = undefined; includeInIndex = 0; };
		B5A3C34AC3A8412BB7DA1E48 /* APPNotificationOptions.h */ = {isa = PBXFileReference; name = "APPNotificationOptions.h"; path = "cordova-plugin-local-notification/APPNotificationOptions.h"; sourceTree = "<group>"; fileEncoding = 4; lastKnownFileType = sourcecode.c.h; explicitFileType = undefined; includeInIndex = 0; };
		01AEC0C7DAA84CFFA8C012AB /* UNUserNotificationCenter+APPLocalNotification.h */ = {isa = PBXFileReference; name = "UNUserNotificationCenter+APPLocalNotification.h"; path = "cordova-plugin-local-notification/UNUserNotificationCenter+APPLocalNotification.h"; sourceTree = "<group>"; fileEncoding = 4; lastKnownFileType = sourcecode.c.h; explicitFileType = undefined; includeInIndex = 0; };
		4E2B340B7F3D44C7A9A8506D /* UNNotificationRequest+APPLocalNotification.h */ = {isa = PBXFileReference; name = "UNNotificationRequest+APPLocalNotification.h"; path = "cordova-plugin-local-notification/UNNotificationRequest+APPLocalNotification.h"; sourceTree = "<group>"; fileEncoding = 4; lastKnownFileType = sourcecode.c.h; explicitFileType = undefined; includeInIndex = 0; };
		7A5EBE6BE2CC446C8F46AB43 /* UserNotifications.framework */ = {isa = PBXFileReference; name = "UserNotifications.framework"; path = "System/Library/Frameworks/UserNotifications.framework"; sourceTree = SDKROOT; fileEncoding = undefined; lastKnownFileType = wrapper.framework; explicitFileType = undefined; includeInIndex = 0; };
		4C2D157713574F83879EA505 /* BackgroundTaskManager.m */ = {isa = PBXFileReference; name = "BackgroundTaskManager.m"; path = "cordova-plugin-mauron85-background-geolocation/BackgroundTaskManager.m"; sourceTree = "<group>"; fileEncoding = 4; lastKnownFileType = sourcecode.c.objc; explicitFileType = undefined; includeInIndex = 0; };
		FB25375A999C486EAB830370 /* CDVBackgroundGeolocation.m */ = {isa = PBXFileReference; name = "CDVBackgroundGeolocation.m"; path = "cordova-plugin-mauron85-background-geolocation/CDVBackgroundGeolocation.m"; sourceTree = "<group>"; fileEncoding = 4; lastKnownFileType = sourcecode.c.objc; explicitFileType = undefined; includeInIndex = 0; };
		314AFC7408BB4D0DBDCDF2B6 /* CocoaLumberjack.m */ = {isa = PBXFileReference; name = "CocoaLumberjack.m"; path = "cordova-plugin-mauron85-background-geolocation/CocoaLumberjack.m"; sourceTree = "<group>"; fileEncoding = 4; lastKnownFileType = sourcecode.c.objc; explicitFileType = undefined; includeInIndex = 0; };
		13F0ECA2CA0C410493D129C5 /* Config.m */ = {isa = PBXFileReference; name = "Config.m"; path = "cordova-plugin-mauron85-background-geolocation/Config.m"; sourceTree = "<group>"; fileEncoding = 4; lastKnownFileType = sourcecode.c.objc; explicitFileType = undefined; includeInIndex = 0; };
		8032A65A36A646A8AA902674 /* FMDB.m */ = {isa = PBXFileReference; name = "FMDB.m"; path = "cordova-plugin-mauron85-background-geolocation/FMDB.m"; sourceTree = "<group>"; fileEncoding = 4; lastKnownFileType = sourcecode.c.objc; explicitFileType = undefined; includeInIndex = 0; };
		6B6AC36ABD504D03AA8C822E /* FMDBLogger.m */ = {isa = PBXFileReference; name = "FMDBLogger.m"; path = "cordova-plugin-mauron85-background-geolocation/FMDBLogger.m"; sourceTree = "<group>"; fileEncoding = 4; lastKnownFileType = sourcecode.c.objc; explicitFileType = undefined; includeInIndex = 0; };
		C2D86E13335F4EDD8BFB7CDB /* GeolocationOpenHelper.m */ = {isa = PBXFileReference; name = "GeolocationOpenHelper.m"; path = "cordova-plugin-mauron85-background-geolocation/GeolocationOpenHelper.m"; sourceTree = "<group>"; fileEncoding = 4; lastKnownFileType = sourcecode.c.objc; explicitFileType = undefined; includeInIndex = 0; };
		DA69521B208C40BDA4946333 /* Location.m */ = {isa = PBXFileReference; name = "Location.m"; path = "cordova-plugin-mauron85-background-geolocation/Location.m"; sourceTree = "<group>"; fileEncoding = 4; lastKnownFileType = sourcecode.c.objc; explicitFileType = undefined; includeInIndex = 0; };
		7202A81D10B347DA80BFDF35 /* LocationContract.m */ = {isa = PBXFileReference; name = "LocationContract.m"; path = "cordova-plugin-mauron85-background-geolocation/LocationContract.m"; sourceTree = "<group>"; fileEncoding = 4; lastKnownFileType = sourcecode.c.objc; explicitFileType = undefined; includeInIndex = 0; };
		D9B0D7F51A854B388A9F4EB8 /* LocationManager.m */ = {isa = PBXFileReference; name = "LocationManager.m"; path = "cordova-plugin-mauron85-background-geolocation/LocationManager.m"; sourceTree = "<group>"; fileEncoding = 4; lastKnownFileType = sourcecode.c.objc; explicitFileType = undefined; includeInIndex = 0; };
		9FD994FD727346769D8F222D /* LocationUploader.m */ = {isa = PBXFileReference; name = "LocationUploader.m"; path = "cordova-plugin-mauron85-background-geolocation/LocationUploader.m"; sourceTree = "<group>"; fileEncoding = 4; lastKnownFileType = sourcecode.c.objc; explicitFileType = undefined; includeInIndex = 0; };
		FE93F93189E24D57A05AD48D /* Logging.m */ = {isa = PBXFileReference; name = "Logging.m"; path = "cordova-plugin-mauron85-background-geolocation/Logging.m"; sourceTree = "<group>"; fileEncoding = 4; lastKnownFileType = sourcecode.c.objc; explicitFileType = undefined; includeInIndex = 0; };
		8B7A1348EFB74918B623CFA3 /* Reachability.m */ = {isa = PBXFileReference; name = "Reachability.m"; path = "cordova-plugin-mauron85-background-geolocation/Reachability.m"; sourceTree = "<group>"; fileEncoding = 4; lastKnownFileType = sourcecode.c.objc; explicitFileType = undefined; includeInIndex = 0; };
		13C378CDB6CF409E82E43DEB /* SQLiteHelper.m */ = {isa = PBXFileReference; name = "SQLiteHelper.m"; path = "cordova-plugin-mauron85-background-geolocation/SQLiteHelper.m"; sourceTree = "<group>"; fileEncoding = 4; lastKnownFileType = sourcecode.c.objc; explicitFileType = undefined; includeInIndex = 0; };
		003286F495144D1CB5831DE9 /* SQLiteLocationDAO.m */ = {isa = PBXFileReference; name = "SQLiteLocationDAO.m"; path = "cordova-plugin-mauron85-background-geolocation/SQLiteLocationDAO.m"; sourceTree = "<group>"; fileEncoding = 4; lastKnownFileType = sourcecode.c.objc; explicitFileType = undefined; includeInIndex = 0; };
		AC46EB914BBE405BAD094526 /* SQLiteOpenHelper.m */ = {isa = PBXFileReference; name = "SQLiteOpenHelper.m"; path = "cordova-plugin-mauron85-background-geolocation/SQLiteOpenHelper.m"; sourceTree = "<group>"; fileEncoding = 4; lastKnownFileType = sourcecode.c.objc; explicitFileType = undefined; includeInIndex = 0; };
		930082811668403DA4DDCF8A /* BackgroundTaskManager.h */ = {isa = PBXFileReference; name = "BackgroundTaskManager.h"; path = "cordova-plugin-mauron85-background-geolocation/BackgroundTaskManager.h"; sourceTree = "<group>"; fileEncoding = 4; lastKnownFileType = sourcecode.c.h; explicitFileType = undefined; includeInIndex = 0; };
		7884B455B10241138386B508 /* CDVBackgroundGeolocation.h */ = {isa = PBXFileReference; name = "CDVBackgroundGeolocation.h"; path = "cordova-plugin-mauron85-background-geolocation/CDVBackgroundGeolocation.h"; sourceTree = "<group>"; fileEncoding = 4; lastKnownFileType = sourcecode.c.h; explicitFileType = undefined; includeInIndex = 0; };
		E390843FCDD74FC58538DA70 /* CocoaLumberjack.h */ = {isa = PBXFileReference; name = "CocoaLumberjack.h"; path = "cordova-plugin-mauron85-background-geolocation/CocoaLumberjack.h"; sourceTree = "<group>"; fileEncoding = 4; lastKnownFileType = sourcecode.c.h; explicitFileType = undefined; includeInIndex = 0; };
		3D0A2FBB5B5C45F88C0B1E4D /* Config.h */ = {isa = PBXFileReference; name = "Config.h"; path = "cordova-plugin-mauron85-background-geolocation/Config.h"; sourceTree = "<group>"; fileEncoding = 4; lastKnownFileType = sourcecode.c.h; explicitFileType = undefined; includeInIndex = 0; };
		16938328174B43FCA7E477EC /* FMDB.h */ = {isa = PBXFileReference; name = "FMDB.h"; path = "cordova-plugin-mauron85-background-geolocation/FMDB.h"; sourceTree = "<group>"; fileEncoding = 4; lastKnownFileType = sourcecode.c.h; explicitFileType = undefined; includeInIndex = 0; };
		F177E44249534F658D3ED89F /* FMDBLogger.h */ = {isa = PBXFileReference; name = "FMDBLogger.h"; path = "cordova-plugin-mauron85-background-geolocation/FMDBLogger.h"; sourceTree = "<group>"; fileEncoding = 4; lastKnownFileType = sourcecode.c.h; explicitFileType = undefined; includeInIndex = 0; };
		43E41C1448434703BC057A34 /* GeolocationOpenHelper.h */ = {isa = PBXFileReference; name = "GeolocationOpenHelper.h"; path = "cordova-plugin-mauron85-background-geolocation/GeolocationOpenHelper.h"; sourceTree = "<group>"; fileEncoding = 4; lastKnownFileType = sourcecode.c.h; explicitFileType = undefined; includeInIndex = 0; };
		3248BA2A58394B058AABB9DD /* Location.h */ = {isa = PBXFileReference; name = "Location.h"; path = "cordova-plugin-mauron85-background-geolocation/Location.h"; sourceTree = "<group>"; fileEncoding = 4; lastKnownFileType = sourcecode.c.h; explicitFileType = undefined; includeInIndex = 0; };
		624DF3F56D5C4155A53D1C94 /* LocationContract.h */ = {isa = PBXFileReference; name = "LocationContract.h"; path = "cordova-plugin-mauron85-background-geolocation/LocationContract.h"; sourceTree = "<group>"; fileEncoding = 4; lastKnownFileType = sourcecode.c.h; explicitFileType = undefined; includeInIndex = 0; };
		2EF1C2FB0EC24040865A8137 /* LocationManager.h */ = {isa = PBXFileReference; name = "LocationManager.h"; path = "cordova-plugin-mauron85-background-geolocation/LocationManager.h"; sourceTree = "<group>"; fileEncoding = 4; lastKnownFileType = sourcecode.c.h; explicitFileType = undefined; includeInIndex = 0; };
		8735E8ABB9A140CF8D84D2CD /* LocationUploader.h */ = {isa = PBXFileReference; name = "LocationUploader.h"; path = "cordova-plugin-mauron85-background-geolocation/LocationUploader.h"; sourceTree = "<group>"; fileEncoding = 4; lastKnownFileType = sourcecode.c.h; explicitFileType = undefined; includeInIndex = 0; };
		EFFB29A240A941028670EFDE /* Logging.h */ = {isa = PBXFileReference; name = "Logging.h"; path = "cordova-plugin-mauron85-background-geolocation/Logging.h"; sourceTree = "<group>"; fileEncoding = 4; lastKnownFileType = sourcecode.c.h; explicitFileType = undefined; includeInIndex = 0; };
		E4B9ECB69DB24DE2B36F7284 /* Reachability.h */ = {isa = PBXFileReference; name = "Reachability.h"; path = "cordova-plugin-mauron85-background-geolocation/Reachability.h"; sourceTree = "<group>"; fileEncoding = 4; lastKnownFileType = sourcecode.c.h; explicitFileType = undefined; includeInIndex = 0; };
		D9FACDCD3DE043FAA14A2B44 /* SQLiteHelper.h */ = {isa = PBXFileReference; name = "SQLiteHelper.h"; path = "cordova-plugin-mauron85-background-geolocation/SQLiteHelper.h"; sourceTree = "<group>"; fileEncoding = 4; lastKnownFileType = sourcecode.c.h; explicitFileType = undefined; includeInIndex = 0; };
		7E75DE4005734294B8663887 /* SQLiteLocationDAO.h */ = {isa = PBXFileReference; name = "SQLiteLocationDAO.h"; path = "cordova-plugin-mauron85-background-geolocation/SQLiteLocationDAO.h"; sourceTree = "<group>"; fileEncoding = 4; lastKnownFileType = sourcecode.c.h; explicitFileType = undefined; includeInIndex = 0; };
		DB6A3143714B479AAF2BA3CA /* SQLiteOpenHelper.h */ = {isa = PBXFileReference; name = "SQLiteOpenHelper.h"; path = "cordova-plugin-mauron85-background-geolocation/SQLiteOpenHelper.h"; sourceTree = "<group>"; fileEncoding = 4; lastKnownFileType = sourcecode.c.h; explicitFileType = undefined; includeInIndex = 0; };
		B3DFCF53F6E8486D9EB6E5D9 /* SystemConfiguration.framework */ = {isa = PBXFileReference; name = "SystemConfiguration.framework"; path = "System/Library/Frameworks/SystemConfiguration.framework"; sourceTree = SDKROOT; fileEncoding = undefined; lastKnownFileType = wrapper.framework; explicitFileType = undefined; includeInIndex = 0; };
		420CA64FEC0B4280ACA00810 /* AVFoundation.framework */ = {isa = PBXFileReference; name = "AVFoundation.framework"; path = "System/Library/Frameworks/AVFoundation.framework"; sourceTree = SDKROOT; fileEncoding = undefined; lastKnownFileType = wrapper.framework; explicitFileType = undefined; includeInIndex = 0; };
		86509E4D89874EA9BC89C565 /* libsqlite3.dylib */ = {isa = PBXFileReference; name = "libsqlite3.dylib"; path = "usr/lib/libsqlite3.dylib"; sourceTree = SDKROOT; fileEncoding = undefined; lastKnownFileType = compiled.mach-o.dylib; explicitFileType = undefined; includeInIndex = 0; };
		0E1C8C505ADC4ED6A3090DEB /* NativeStorage.m */ = {isa = PBXFileReference; name = "NativeStorage.m"; path = "cordova-plugin-nativestorage/NativeStorage.m"; sourceTree = "<group>"; fileEncoding = 4; lastKnownFileType = sourcecode.c.objc; explicitFileType = undefined; includeInIndex = 0; };
		61625ECE01084179AAA98E5F /* NativeStorage.h */ = {isa = PBXFileReference; name = "NativeStorage.h"; path = "cordova-plugin-nativestorage/NativeStorage.h"; sourceTree = "<group>"; fileEncoding = 4; lastKnownFileType = sourcecode.c.h; explicitFileType = undefined; includeInIndex = 0; };
		D44E635B03204BBBA4FF6740 /* CDVConnection.m */ = {isa = PBXFileReference; name = "CDVConnection.m"; path = "cordova-plugin-network-information/CDVConnection.m"; sourceTree = "<group>"; fileEncoding = 4; lastKnownFileType = sourcecode.c.objc; explicitFileType = undefined; includeInIndex = 0; };
		8E0DE4E2A641437E92ECBF21 /* CDVReachability.m */ = {isa = PBXFileReference; name = "CDVReachability.m"; path = "cordova-plugin-network-information/CDVReachability.m"; sourceTree = "<group>"; fileEncoding = 4; lastKnownFileType = sourcecode.c.objc; explicitFileType = undefined; includeInIndex = 0; };
		52ECF98276F5449BAB48D314 /* CDVConnection.h */ = {isa = PBXFileReference; name = "CDVConnection.h"; path = "cordova-plugin-network-information/CDVConnection.h"; sourceTree = "<group>"; fileEncoding = 4; lastKnownFileType = sourcecode.c.h; explicitFileType = undefined; includeInIndex = 0; };
		B20731F09D70482F8BB24753 /* CDVReachability.h */ = {isa = PBXFileReference; name = "CDVReachability.h"; path = "cordova-plugin-network-information/CDVReachability.h"; sourceTree = "<group>"; fileEncoding = 4; lastKnownFileType = sourcecode.c.h; explicitFileType = undefined; includeInIndex = 0; };
		54D649DA2AEC44998C062C63 /* CoreTelephony.framework */ = {isa = PBXFileReference; name = "CoreTelephony.framework"; path = "System/Library/Frameworks/CoreTelephony.framework"; sourceTree = SDKROOT; fileEncoding = undefined; lastKnownFileType = wrapper.framework; explicitFileType = undefined; includeInIndex = 0; };
		E5308EC0C53E4FD4B4EB2171 /* CDVStatusBar.m */ = {isa = PBXFileReference; name = "CDVStatusBar.m"; path = "cordova-plugin-statusbar/CDVStatusBar.m"; sourceTree = "<group>"; fileEncoding = 4; lastKnownFileType = sourcecode.c.objc; explicitFileType = undefined; includeInIndex = 0; };
		3B30447900A94636B07EDED8 /* CDVStatusBar.h */ = {isa = PBXFileReference; name = "CDVStatusBar.h"; path = "cordova-plugin-statusbar/CDVStatusBar.h"; sourceTree = "<group>"; fileEncoding = 4; lastKnownFileType = sourcecode.c.h; explicitFileType = undefined; includeInIndex = 0; };
		DEF9CC7595414500B2195BBD /* CDVVibration.m */ = {isa = PBXFileReference; name = "CDVVibration.m"; path = "cordova-plugin-vibration/CDVVibration.m"; sourceTree = "<group>"; fileEncoding = 4; lastKnownFileType = sourcecode.c.objc; explicitFileType = undefined; includeInIndex = 0; };
		6373319E387545E8B51DA20D /* CDVVibration.h */ = {isa = PBXFileReference; name = "CDVVibration.h"; path = "cordova-plugin-vibration/CDVVibration.h"; sourceTree = "<group>"; fileEncoding = 4; lastKnownFileType = sourcecode.c.h; explicitFileType = undefined; includeInIndex = 0; };
		54FC5E47FB5146DDB023CB41 /* SQLitePlugin.m */ = {isa = PBXFileReference; name = "SQLitePlugin.m"; path = "cordova-sqlite-storage/SQLitePlugin.m"; sourceTree = "<group>"; fileEncoding = 4; lastKnownFileType = sourcecode.c.objc; explicitFileType = undefined; includeInIndex = 0; };
		D687E243B0E243F3AF3F7F1A /* CustomPSPDFThreadSafeMutableDictionary.m */ = {isa = PBXFileReference; name = "CustomPSPDFThreadSafeMutableDictionary.m"; path = "cordova-sqlite-storage/CustomPSPDFThreadSafeMutableDictionary.m"; sourceTree = "<group>"; fileEncoding = 4; lastKnownFileType = sourcecode.c.objc; explicitFileType = undefined; includeInIndex = 0; };
		84D03BA1941D4343A8A5AE33 /* sqlite3.c */ = {isa = PBXFileReference; name = "sqlite3.c"; path = "cordova-sqlite-storage/sqlite3.c"; sourceTree = "<group>"; fileEncoding = undefined; lastKnownFileType = unknown; explicitFileType = undefined; includeInIndex = 0; };
		F761C7244D6B460EA3E507E7 /* SQLitePlugin.h */ = {isa = PBXFileReference; name = "SQLitePlugin.h"; path = "cordova-sqlite-storage/SQLitePlugin.h"; sourceTree = "<group>"; fileEncoding = 4; lastKnownFileType = sourcecode.c.h; explicitFileType = undefined; includeInIndex = 0; };
		5B46B6D448E643108FB89E2F /* sqlite3.h */ = {isa = PBXFileReference; name = "sqlite3.h"; path = "cordova-sqlite-storage/sqlite3.h"; sourceTree = "<group>"; fileEncoding = 4; lastKnownFileType = sourcecode.c.h; explicitFileType = undefined; includeInIndex = 0; };
		3ED8FCC28B1D49639B91E4CC /* IonicKeyboard.m */ = {isa = PBXFileReference; name = "IonicKeyboard.m"; path = "ionic-plugin-keyboard/IonicKeyboard.m"; sourceTree = "<group>"; fileEncoding = 4; lastKnownFileType = sourcecode.c.objc; explicitFileType = undefined; includeInIndex = 0; };
		00BC29C312FB424E8DFD4F54 /* IonicKeyboard.h */ = {isa = PBXFileReference; name = "IonicKeyboard.h"; path = "ionic-plugin-keyboard/IonicKeyboard.h"; sourceTree = "<group>"; fileEncoding = 4; lastKnownFileType = sourcecode.c.h; explicitFileType = undefined; includeInIndex = 0; };
/* End PBXFileReference section */

/* Begin PBXFrameworksBuildPhase section */
		1D60588F0D05DD3D006BFB54 /* Frameworks */ = {
			isa = PBXFrameworksBuildPhase;
			buildActionMask = 2147483647;
			files = (
				301BF552109A68D80062928A /* libCordova.a in Frameworks */,
				36B27BC346F148E2B072B264 /* AudioToolbox.framework in Frameworks */,
				917D00D4C746451CBE07955A /* CoreLocation.framework in Frameworks */,
				06245410C9AC4ECC96748567 /* UserNotifications.framework in Frameworks */,
				B50F6783F5CC40ECBD2B2E01 /* SystemConfiguration.framework in Frameworks */,
				F988A6DFF1D14436B08B995B /* AVFoundation.framework in Frameworks */,
				1F279E19A1DC4E9EB9023433 /* libsqlite3.dylib in Frameworks */,
				6E5CB29D95174C8A8FC0C715 /* CoreTelephony.framework in Frameworks */,
			);
			runOnlyForDeploymentPostprocessing = 0;
		};
/* End PBXFrameworksBuildPhase section */

/* Begin PBXGroup section */
		080E96DDFE201D6D7F000001 /* Classes */ = {
			isa = PBXGroup;
			children = (
				302D95EE14D2391D003F00A1 /* MainViewController.h */,
				302D95EF14D2391D003F00A1 /* MainViewController.m */,
				302D95F014D2391D003F00A1 /* MainViewController.xib */,
				1D3623240D0F684500981E51 /* AppDelegate.h */,
				1D3623250D0F684500981E51 /* AppDelegate.m */,
			);
			name = Classes;
			path = "Vasa Pandu/Classes";
			sourceTree = SOURCE_ROOT;
		};
		19C28FACFE9D520D11CA2CBB /* Products */ = {
			isa = PBXGroup;
			children = (
				1D6058910D05DD3D006BFB54 /* Vasa Pandu.app */,
			);
			name = Products;
			sourceTree = "<group>";
		};
		29B97314FDCFA39411CA2CEA /* CustomTemplate */ = {
			isa = PBXGroup;
			children = (
				EB87FDF41871DAF40020F90C /* config.xml */,
				EB87FDF31871DA8E0020F90C /* www */,
				EB87FDF11871DA420020F90C /* Staging */,
				301BF52D109A57CC0062928A /* CordovaLib.xcodeproj */,
				080E96DDFE201D6D7F000001 /* Classes */,
				307C750510C5A3420062BCA9 /* Plugins */,
				29B97315FDCFA39411CA2CEA /* Other Sources */,
				29B97317FDCFA39411CA2CEA /* Resources */,
				29B97323FDCFA39411CA2CEA /* Frameworks */,
				19C28FACFE9D520D11CA2CBB /* Products */,
			);
			name = CustomTemplate;
			sourceTree = "<group>";
		};
		29B97315FDCFA39411CA2CEA /* Other Sources */ = {
			isa = PBXGroup;
			children = (
				32CA4F630368D1EE00C91783 /* Vasa Pandu-Prefix.pch */,
				29B97316FDCFA39411CA2CEA /* main.m */,
				ED33DF2A687741AEAF9F8254 /* Bridging-Header.h */,
			);
			name = "Other Sources";
			path = "Vasa Pandu";
			sourceTree = "<group>";
		};
		29B97317FDCFA39411CA2CEA /* Resources */ = {
			isa = PBXGroup;
			children = (
				0207DA571B56EA530066E2B4 /* Images.xcassets */,
				3047A50E1AB8057F00498E2A /* config */,
				8D1107310486CEB800E47090 /* Vasa Pandu-Info.plist */,
				6AFF5BF81D6E424B00AB3073 /* CDVLaunchScreen.storyboard */,
				B65B1F34DD9348A49782FB39 /* appbeep.wav */,
				D520FE6A732547278CEE2E1F /* DatePicker.xib */,
				359C16BDA7B84C24B5CE2D77 /* CDVNotification.bundle */,
			);
			name = Resources;
			path = "Vasa Pandu/Resources";
			sourceTree = "<group>";
		};
		29B97323FDCFA39411CA2CEA /* Frameworks */ = {
			isa = PBXGroup;
			children = (
				1D249284D4744846966C97D0 /* AudioToolbox.framework */,
				EC4C015AFAA845908FAB3E79 /* CoreLocation.framework */,
				7A5EBE6BE2CC446C8F46AB43 /* UserNotifications.framework */,
				B3DFCF53F6E8486D9EB6E5D9 /* SystemConfiguration.framework */,
				420CA64FEC0B4280ACA00810 /* AVFoundation.framework */,
				86509E4D89874EA9BC89C565 /* libsqlite3.dylib */,
				54D649DA2AEC44998C062C63 /* CoreTelephony.framework */,
			);
			name = Frameworks;
			sourceTree = "<group>";
		};
		301BF52E109A57CC0062928A /* Products */ = {
			isa = PBXGroup;
			children = (
				301BF535109A57CC0062928A /* libCordova.a */,
			);
			name = Products;
			sourceTree = "<group>";
		};
		3047A50E1AB8057F00498E2A /* config */ = {
			isa = PBXGroup;
			children = (
				3047A50F1AB8059700498E2A /* build-debug.xcconfig */,
				3047A5101AB8059700498E2A /* build-release.xcconfig */,
				3047A5111AB8059700498E2A /* build.xcconfig */,
			);
			name = config;
			sourceTree = "<group>";
		};
		307C750510C5A3420062BCA9 /* Plugins */ = {
			isa = PBXGroup;
			children = (
				763E1DEFE84D4B64BC1A1248 /* AppVersion.m */,
				55FB238EED1548408744A6B2 /* AppVersion.h */,
				AB8FB0BA2CA44F189D94E165 /* CDVDevice.m */,
				EE4A74C6A8204BC7A76D8744 /* CDVDevice.h */,
				C980CB1FC7644578BD5EB3C1 /* APPBackgroundMode.m */,
				A5D7928531BC4CA994B3712F /* APPMethodMagic.m */,
				D1BA32447C6649E2BA12D2CC /* APPBackgroundMode.h */,
				067C2719EF1B458CBEF499C1 /* APPMethodMagic.h */,
				88A278587D284BE8B999FD6B /* APPBadge.m */,
				716C39E794DE4C9E9517BB9D /* APPBadge.h */,
				95A40C2F08EE4EE39A13FB0A /* DatePicker.m */,
				C2C58E69BBD5439696E3504B /* DatePicker.h */,
				2A50EACC6F664F9DAB81FEA4 /* CDVNotification.m */,
				ED05286F6817477DBD0A8A5F /* CDVNotification.h */,
				0C56EB1FE08F43109FEACACC /* CDVLocation.m */,
				6300467B9F244194ADC2B09C /* CDVLocation.h */,
				F95576C7DAB24E15BBFD32EF /* CDVSplashScreen.m */,
				CA28D42FC8FA45DF8DFAF9DD /* CDVViewController+SplashScreen.m */,
				E2BF94C4868C4B669A3ECB64 /* CDVSplashScreen.h */,
				D9B5492B761944A2B1348DBA /* CDVViewController+SplashScreen.h */,
				EC5FE81B2084435FADB65D32 /* CDVSplashScreen+IonicDeploy.m */,
				DED88B8A86104929B5EB1529 /* IonicConstant.m */,
				48E37101E761472A846DA3A0 /* IonicDeploy.m */,
				B638FB5F3E334E83B5C40D4E /* Download.m */,
				CDF23F0446804F3385CEFCA1 /* DownloadManager.m */,
				5770140551D84ACB85233364 /* SSZipArchive.m */,
				E589ED89AFDF4409BBA0F703 /* ioapi.c */,
				38BA32E4E9BB45EA8ECBFA42 /* unzip.c */,
				7B34C99C92AE4E5FBAC8CD0E /* zip.c */,
				7CEB90A405EF4551A44A7CC2 /* adler32.c */,
				876003060D384404BFA1EE12 /* compress.c */,
				7DF4838E5C664B90B0468C90 /* crc32.c */,
				687A78E089D34B5AAB74A959 /* deflate.c */,
				911CDB1800864551AEFD36FB /* gzclose.c */,
				C1A2388B8A144D80B64DA72E /* gzlib.c */,
				3EA2F21B1D0D452784EDEDE0 /* gzread.c */,
				E3DCD913CE584A8487A547AE /* gzwrite.c */,
				555F892E939742FFA11FF0E0 /* infback.c */,
				C6648C235AAD4C6891ACB234 /* inffast.c */,
				FF56EE254DB7478CA03DAB9F /* inflate.c */,
				B068E66A72D14ED1AC94B1DB /* inftrees.c */,
				BC9BF22A488E44A2BEA168DB /* trees.c */,
				BBC8B3C6A5924618B773FD6C /* uncompr.c */,
				97E9170889FD4F74A24B0860 /* zutil.c */,
				3CF20925C30743F3B94DF182 /* Base64.m */,
				4EC4FB36A31949E78EC4F78D /* UNIHTTPClientHelper.m */,
				DBF0A9EA6F4A4FA8B4BAA2CF /* UNIHTTPRequest.m */,
				CFD14FAB0DA242A99FB6A1E1 /* UNIHTTPRequestWithBody.m */,
				82424156F6C440B7870323C2 /* UNIRest.m */,
				DDA0C39425BB43B89A36AE1B /* UNIUrlConnection.m */,
				D6E3ED7117FB49968F4C7CDF /* UNIBaseRequest.m */,
				93A0289D4D6C457A8089BB72 /* UNIBodyRequest.m */,
				8F70EE762B42465CA8206EFF /* UNISimpleRequest.m */,
				15674B1C8ACE453E8EFBD6E8 /* UNIHTTPBinaryResponse.m */,
				5E5F61A1550A47E5A3DBCC57 /* UNIHTTPJsonResponse.m */,
				F6052B78CC3D499A8F924A81 /* UNIHTTPResponse.m */,
				9B190DCD474846A18F43E04E /* UNIHTTPStringResponse.m */,
				3F1D73FFC15744F99D062A2B /* UNIJsonNode.m */,
				E23AF7AABFBC437E9815EB04 /* IonicCordovaCommon.swift */,
				05307C9633FE4035A32308A3 /* CDVSplashScreen+IonicDeploy.h */,
				059352380E4940B0997E1892 /* IonicConstant.h */,
				4C508AB98B7045ECBA7ECEF3 /* IonicDeploy.h */,
				EC4E3E43DB6C419FBC9CE55F /* Download.h */,
				7DD839AF0BD549BCA645CC21 /* DownloadManager.h */,
				4E9EAD23E5C641668E78BB9A /* SSZipArchive.h */,
				C9C12BACB04149408C94F126 /* ARCHelper.h */,
				020FB5086453457FA7CCA7C7 /* crypt.h */,
				9ADDE47FF63944B5908E6ACE /* ioapi.h */,
				49E80D6E954E4159A593A866 /* unzip.h */,
				5755E349FF6B4F949DF95EAB /* zip.h */,
				34A4B02BED274E68B20218F3 /* crc32.h */,
				2595DFDE81C6455B9F414466 /* deflate.h */,
				BCAB72D713D3418DA4F815C7 /* gzguts.h */,
				DEA464D28372423FA42B30F6 /* inffast.h */,
				72B0E4CFE0A146A5AFBDB958 /* inffixed.h */,
				3B36C84D0B8E4897BC6C615F /* inflate.h */,
				92AC2F9ABD404305B879788D /* inftrees.h */,
				C1EDDBB11D2841F895066CCE /* trees.h */,
				AF132B181A7147C4A015FAE0 /* zconf.h */,
				5F0D444FBD1F49A1BD19F322 /* zlib.h */,
				3310905A79E144A082EA6877 /* zutil.h */,
				5ECD5CE6E2514ED78D85967A /* Base64.h */,
				4BA7A2DBE22147EF9414B24D /* UNIHTTPClientHelper.h */,
				21C811E7E1814463BA5699D6 /* UNIHTTPRequest.h */,
				BE315550424548178B837A75 /* UNIHTTPRequestWithBody.h */,
				09F279C734CA4B7C916E870F /* Unirest-Prefix.pch */,
				43C4B73C3B054A649F4C7C54 /* UNIRest.h */,
				6ACF2FDA3A3F47AFAA570102 /* UNIUrlConnection.h */,
				F9F05B7C153C4AF19DBCDABD /* UNIBaseRequest.h */,
				D6249976EDA741FFB60FF208 /* UNIBodyRequest.h */,
				99FDF1328A6D4959A130D077 /* UNISimpleRequest.h */,
				59872E0EB65042B9B8E870BA /* UNIHTTPBinaryResponse.h */,
				DE0A50CF6940439B9588DDEA /* UNIHTTPJsonResponse.h */,
				C806BA453D9D44FEB9E45808 /* UNIHTTPResponse.h */,
				511242BD2A994B2B975A7D22 /* UNIHTTPStringResponse.h */,
				7973E658E55241EE8432692D /* UNIJsonNode.h */,
				1243BC3CE2874B4FB3CD5365 /* APPLocalNotification.m */,
				712DEECEE7684D7EA211DAF6 /* APPNotificationContent.m */,
				825FC618E37C43CD84F1F839 /* APPNotificationOptions.m */,
				F59151263AC34A4B8F0727AD /* UNUserNotificationCenter+APPLocalNotification.m */,
				EE24B565263443A2819C5F1F /* UNNotificationRequest+APPLocalNotification.m */,
				3B5F6AE24D57409C94FF4CDA /* APPLocalNotification.h */,
				35BA8499E1B54C9D95916D68 /* APPNotificationContent.h */,
				B5A3C34AC3A8412BB7DA1E48 /* APPNotificationOptions.h */,
				01AEC0C7DAA84CFFA8C012AB /* UNUserNotificationCenter+APPLocalNotification.h */,
				4E2B340B7F3D44C7A9A8506D /* UNNotificationRequest+APPLocalNotification.h */,
				4C2D157713574F83879EA505 /* BackgroundTaskManager.m */,
				FB25375A999C486EAB830370 /* CDVBackgroundGeolocation.m */,
				314AFC7408BB4D0DBDCDF2B6 /* CocoaLumberjack.m */,
				13F0ECA2CA0C410493D129C5 /* Config.m */,
				8032A65A36A646A8AA902674 /* FMDB.m */,
				6B6AC36ABD504D03AA8C822E /* FMDBLogger.m */,
				C2D86E13335F4EDD8BFB7CDB /* GeolocationOpenHelper.m */,
				DA69521B208C40BDA4946333 /* Location.m */,
				7202A81D10B347DA80BFDF35 /* LocationContract.m */,
				D9B0D7F51A854B388A9F4EB8 /* LocationManager.m */,
				9FD994FD727346769D8F222D /* LocationUploader.m */,
				FE93F93189E24D57A05AD48D /* Logging.m */,
				8B7A1348EFB74918B623CFA3 /* Reachability.m */,
				13C378CDB6CF409E82E43DEB /* SQLiteHelper.m */,
				003286F495144D1CB5831DE9 /* SQLiteLocationDAO.m */,
				AC46EB914BBE405BAD094526 /* SQLiteOpenHelper.m */,
				930082811668403DA4DDCF8A /* BackgroundTaskManager.h */,
				7884B455B10241138386B508 /* CDVBackgroundGeolocation.h */,
				E390843FCDD74FC58538DA70 /* CocoaLumberjack.h */,
				3D0A2FBB5B5C45F88C0B1E4D /* Config.h */,
				16938328174B43FCA7E477EC /* FMDB.h */,
				F177E44249534F658D3ED89F /* FMDBLogger.h */,
				43E41C1448434703BC057A34 /* GeolocationOpenHelper.h */,
				3248BA2A58394B058AABB9DD /* Location.h */,
				624DF3F56D5C4155A53D1C94 /* LocationContract.h */,
				2EF1C2FB0EC24040865A8137 /* LocationManager.h */,
				8735E8ABB9A140CF8D84D2CD /* LocationUploader.h */,
				EFFB29A240A941028670EFDE /* Logging.h */,
				E4B9ECB69DB24DE2B36F7284 /* Reachability.h */,
				D9FACDCD3DE043FAA14A2B44 /* SQLiteHelper.h */,
				7E75DE4005734294B8663887 /* SQLiteLocationDAO.h */,
				DB6A3143714B479AAF2BA3CA /* SQLiteOpenHelper.h */,
				0E1C8C505ADC4ED6A3090DEB /* NativeStorage.m */,
				61625ECE01084179AAA98E5F /* NativeStorage.h */,
				D44E635B03204BBBA4FF6740 /* CDVConnection.m */,
				8E0DE4E2A641437E92ECBF21 /* CDVReachability.m */,
				52ECF98276F5449BAB48D314 /* CDVConnection.h */,
				B20731F09D70482F8BB24753 /* CDVReachability.h */,
				E5308EC0C53E4FD4B4EB2171 /* CDVStatusBar.m */,
				3B30447900A94636B07EDED8 /* CDVStatusBar.h */,
				DEF9CC7595414500B2195BBD /* CDVVibration.m */,
				6373319E387545E8B51DA20D /* CDVVibration.h */,
				54FC5E47FB5146DDB023CB41 /* SQLitePlugin.m */,
				D687E243B0E243F3AF3F7F1A /* CustomPSPDFThreadSafeMutableDictionary.m */,
				84D03BA1941D4343A8A5AE33 /* sqlite3.c */,
				F761C7244D6B460EA3E507E7 /* SQLitePlugin.h */,
				5B46B6D448E643108FB89E2F /* sqlite3.h */,
				3ED8FCC28B1D49639B91E4CC /* IonicKeyboard.m */,
				00BC29C312FB424E8DFD4F54 /* IonicKeyboard.h */,
			);
			name = Plugins;
			path = "Vasa Pandu/Plugins";
			sourceTree = SOURCE_ROOT;
		};
		EB87FDF11871DA420020F90C /* Staging */ = {
			isa = PBXGroup;
			children = (
				F840E1F0165FE0F500CFE078 /* config.xml */,
				301BF56E109A69640062928A /* www */,
			);
			name = Staging;
			sourceTree = "<group>";
		};
/* End PBXGroup section */

/* Begin PBXNativeTarget section */
		1D6058900D05DD3D006BFB54 /* Vasa Pandu */ = {
			isa = PBXNativeTarget;
			buildConfigurationList = 1D6058960D05DD3E006BFB54 /* Build configuration list for PBXNativeTarget "Vasa Pandu" */;
			buildPhases = (
				304B58A110DAC018002A0835 /* Copy www directory */,
				1D60588D0D05DD3D006BFB54 /* Resources */,
				1D60588E0D05DD3D006BFB54 /* Sources */,
				1D60588F0D05DD3D006BFB54 /* Frameworks */,
			);
			buildRules = (
			);
			dependencies = (
				301BF551109A68C00062928A /* PBXTargetDependency */,
			);
			name = "Vasa Pandu";
			productName = "Vasa Pandu";
			productReference = 1D6058910D05DD3D006BFB54 /* Vasa Pandu.app */;
			productType = "com.apple.product-type.application";
		};
/* End PBXNativeTarget section */

/* Begin PBXProject section */
		29B97313FDCFA39411CA2CEA /* Project object */ = {
			isa = PBXProject;
			attributes = {
				LastUpgradeCheck = 510;
			};
			buildConfigurationList = C01FCF4E08A954540054247B /* Build configuration list for PBXProject "__NON-CLI__" */;
			compatibilityVersion = "Xcode 3.2";
			developmentRegion = English;
			hasScannedForEncodings = 1;
			mainGroup = 29B97314FDCFA39411CA2CEA /* CustomTemplate */;
			projectDirPath = "";
			projectReferences = (
				{
					ProductGroup = 301BF52E109A57CC0062928A /* Products */;
					ProjectRef = 301BF52D109A57CC0062928A /* CordovaLib.xcodeproj */;
				},
			);
			projectRoot = "";
			targets = (
				1D6058900D05DD3D006BFB54 /* Vasa Pandu */,
			);
		};
/* End PBXProject section */

/* Begin PBXReferenceProxy section */
		301BF535109A57CC0062928A /* libCordova.a */ = {
			isa = PBXReferenceProxy;
			fileType = archive.ar;
			path = libCordova.a;
			remoteRef = 301BF534109A57CC0062928A /* PBXContainerItemProxy */;
			sourceTree = BUILT_PRODUCTS_DIR;
		};
/* End PBXReferenceProxy section */

/* Begin PBXResourcesBuildPhase section */
		1D60588D0D05DD3D006BFB54 /* Resources */ = {
			isa = PBXResourcesBuildPhase;
			buildActionMask = 2147483647;
			files = (
				302D95F214D2391D003F00A1 /* MainViewController.xib in Resources */,
				0207DA581B56EA530066E2B4 /* Images.xcassets in Resources */,
				6AFF5BF91D6E424B00AB3073 /* CDVLaunchScreen.storyboard in Resources */,
				F52E73DB379145D3B5F3B48F /* appbeep.wav in Resources */,
				CF61A18DB0304978B546B73D /* DatePicker.xib in Resources */,
				89A22097D6D64A0295BDFC99 /* CDVNotification.bundle in Resources */,
			);
			runOnlyForDeploymentPostprocessing = 0;
		};
/* End PBXResourcesBuildPhase section */

/* Begin PBXShellScriptBuildPhase section */
		304B58A110DAC018002A0835 /* Copy www directory */ = {
			isa = PBXShellScriptBuildPhase;
			buildActionMask = 2147483647;
			files = (
			);
			inputPaths = (
			);
			name = "Copy www directory";
			outputPaths = (
			);
			runOnlyForDeploymentPostprocessing = 0;
			shellPath = /bin/sh;
			shellScript = "NODEJS_PATH=/usr/local/bin; NVM_NODE_PATH=~/.nvm/versions/node/`nvm version 2>/dev/null`/bin; N_NODE_PATH=`find /usr/local/n/versions/node/* -maxdepth 0 -type d 2>/dev/null | tail -1`/bin; XCODE_NODE_PATH=`xcode-select --print-path`/usr/share/xcs/Node/bin; PATH=$NODEJS_PATH:$NVM_NODE_PATH:$N_NODE_PATH:$XCODE_NODE_PATH:$PATH && node cordova/lib/copy-www-build-step.js";
			showEnvVarsInLog = 0;
		};
/* End PBXShellScriptBuildPhase section */

/* Begin PBXSourcesBuildPhase section */
		1D60588E0D05DD3D006BFB54 /* Sources */ = {
			isa = PBXSourcesBuildPhase;
			buildActionMask = 2147483647;
			files = (
				1D60589B0D05DD56006BFB54 /* main.m in Sources */,
				1D3623260D0F684500981E51 /* AppDelegate.m in Sources */,
				302D95F114D2391D003F00A1 /* MainViewController.m in Sources */,
				B1650C6D31EE402FA938D211 /* AppVersion.m in Sources */,
				80DCBDC8297D4CCC9A8A4A03 /* CDVDevice.m in Sources */,
				C811677C0A484568877F5E5B /* APPBackgroundMode.m in Sources */,
				91D094B43A17441A839D7F25 /* APPMethodMagic.m in Sources */,
				FDBC8975CEBE4946B0F9C3FC /* APPBadge.m in Sources */,
				89135AB3815049BEB1A57FBC /* DatePicker.m in Sources */,
				D189BD31F39C4818802B567E /* CDVNotification.m in Sources */,
				48D9FD643DBE4514806E8827 /* CDVLocation.m in Sources */,
				5E569A7DDB424CE5916699B9 /* CDVSplashScreen.m in Sources */,
				35BDA786C1C64E319EA4D1C8 /* CDVViewController+SplashScreen.m in Sources */,
				9D87F2874D3549F4A7C71D77 /* CDVSplashScreen+IonicDeploy.m in Sources */,
				A654A965A58E4560B37D181D /* IonicConstant.m in Sources */,
				DCB0D7880A724AE29DC1C8B1 /* IonicDeploy.m in Sources */,
				582CD0123FBB4F38B3650F39 /* Download.m in Sources */,
				85444A6F66E64C638B6CEFC1 /* DownloadManager.m in Sources */,
				15912F2C13E7451D8063E0AB /* SSZipArchive.m in Sources */,
				5E31C095AE1E4B4FA7A7D4EC /* ioapi.c in Resources */,
				70298E5B5D3D45FEA5C867D2 /* unzip.c in Resources */,
				EA00A7A5B64B4FC9B48A28E7 /* zip.c in Resources */,
				B356BAA95D4645E290D86D5A /* adler32.c in Resources */,
				E9E21505863C470D9438A78F /* compress.c in Resources */,
				0594B70BE9FC422D810312D9 /* crc32.c in Resources */,
				A615AF43BC844C8EBA5A093F /* deflate.c in Resources */,
				1DFF08AF0D344942A0BCBEEB /* gzclose.c in Resources */,
				9B85C11165914DD0A9CD269D /* gzlib.c in Resources */,
				91489776B1094CB49923A80B /* gzread.c in Resources */,
				1BB6520FF27C4E6EAF5BECBF /* gzwrite.c in Resources */,
				3907846364AA4D0AB305678A /* infback.c in Resources */,
				ED394CCFC1CA431A871CFFDF /* inffast.c in Resources */,
				6A9E128590FD40F0B9071082 /* inflate.c in Resources */,
				305A31C9F452471DAB08250A /* inftrees.c in Resources */,
				50B78CB7AF2A4E92A3AF6E90 /* trees.c in Resources */,
				864995D9223F46389B2A4FF5 /* uncompr.c in Resources */,
				FF2281A0C739403D891DA6F6 /* zutil.c in Resources */,
				34B206C8B9514C7CAAA90364 /* Base64.m in Sources */,
				0BAA9A1341E8470B9CD3C48F /* UNIHTTPClientHelper.m in Sources */,
				94FE698C0B8D4D188C20D189 /* UNIHTTPRequest.m in Sources */,
				7508E584E82B4AFDB78B3D30 /* UNIHTTPRequestWithBody.m in Sources */,
				51678E6ADF5A4803AFAB94E5 /* UNIRest.m in Sources */,
				C6A7BD28CB184123953286FC /* UNIUrlConnection.m in Sources */,
				6AFABB2CCB9744AD87B92560 /* UNIBaseRequest.m in Sources */,
				005CB5293CCF45B4847F7D9E /* UNIBodyRequest.m in Sources */,
				7E365D0F5AC24529B76F3C48 /* UNISimpleRequest.m in Sources */,
				FADD8952C9444A05A81AFA07 /* UNIHTTPBinaryResponse.m in Sources */,
				7B4D534FF4E041D08471DF4E /* UNIHTTPJsonResponse.m in Sources */,
				ACE9C5E778A1443C82612B9D /* UNIHTTPResponse.m in Sources */,
				029C4220436547AFA3FB31FE /* UNIHTTPStringResponse.m in Sources */,
				99BD6575EA234B07B9897CA8 /* UNIJsonNode.m in Sources */,
				C2E2056CCE6142B391EEE25C /* IonicCordovaCommon.swift in Sources */,
				E309E84CA2F144B08DA185DD /* APPLocalNotification.m in Sources */,
				7AED9EA6B3DE46E88421725F /* APPNotificationContent.m in Sources */,
				7BA25FA68A484FF0852C3B92 /* APPNotificationOptions.m in Sources */,
				7030125A3EE14A258BDF4C03 /* UNUserNotificationCenter+APPLocalNotification.m in Sources */,
				5441D13717804CCE8C450101 /* UNNotificationRequest+APPLocalNotification.m in Sources */,
				B2A042FDE7F84D75B77F928A /* BackgroundTaskManager.m in Sources */,
				5C77AF9A1EE74159925EC105 /* CDVBackgroundGeolocation.m in Sources */,
				B2D16F71A7874D4BA655479B /* CocoaLumberjack.m in Sources */,
				1BE2464CDE4F49CF87B141E7 /* Config.m in Sources */,
				9004890A33934FA6B5ACA8EA /* FMDB.m in Sources */,
				9D503B133B8D4FF5B92B41CC /* FMDBLogger.m in Sources */,
				826CFCE7486C46779D565CB6 /* GeolocationOpenHelper.m in Sources */,
				92D1742B3CFB4DABA76FCBFA /* Location.m in Sources */,
				EDDB45871C6545AA9BB19277 /* LocationContract.m in Sources */,
				C0D6D8C743C74B2CAD323E9A /* LocationManager.m in Sources */,
				86CAE2873B94485AB9A26215 /* LocationUploader.m in Sources */,
				4F74CDE0FE664FD388B473D2 /* Logging.m in Sources */,
				E946BDE0DD4D4B2D92CE6BA3 /* Reachability.m in Sources */,
				77D7365272024882B17AC461 /* SQLiteHelper.m in Sources */,
				CC375DD9837048B2BCE93054 /* SQLiteLocationDAO.m in Sources */,
				41A3DC2F6A5A4AE48F4CC687 /* SQLiteOpenHelper.m in Sources */,
				A839241F3E4C4A68BDEA098B /* NativeStorage.m in Sources */,
				47EDDB3AAE0C498A96D6D02E /* CDVConnection.m in Sources */,
				47A376A321DC4417BDE2A6B5 /* CDVReachability.m in Sources */,
				557EA89A65C441519F045A7F /* CDVStatusBar.m in Sources */,
				A879769996DE4367B96CA0B3 /* CDVVibration.m in Sources */,
				5ED15106CCD046BC991FD2D4 /* SQLitePlugin.m in Sources */,
				959B804727E34044B1599520 /* CustomPSPDFThreadSafeMutableDictionary.m in Sources */,
				9094D6C355A948F8B2FA18E5 /* sqlite3.c in Resources */,
				01AC2C94456A4FF0B06BF22B /* IonicKeyboard.m in Sources */,
			);
			runOnlyForDeploymentPostprocessing = 0;
		};
/* End PBXSourcesBuildPhase section */

/* Begin PBXTargetDependency section */
		301BF551109A68C00062928A /* PBXTargetDependency */ = {
			isa = PBXTargetDependency;
			name = CordovaLib;
			targetProxy = 301BF550109A68C00062928A /* PBXContainerItemProxy */;
		};
/* End PBXTargetDependency section */

/* Begin XCBuildConfiguration section */
		1D6058940D05DD3E006BFB54 /* Debug */ = {
			isa = XCBuildConfiguration;
			baseConfigurationReference = 3047A50F1AB8059700498E2A /* build-debug.xcconfig */;
			buildSettings = {
				ALWAYS_SEARCH_USER_PATHS = NO;
				ASSETCATALOG_COMPILER_APPICON_NAME = AppIcon;
				ASSETCATALOG_COMPILER_LAUNCHIMAGE_NAME = LaunchImage;
				CLANG_ENABLE_MODULES = YES;
				CLANG_ENABLE_OBJC_ARC = YES;
				COPY_PHASE_STRIP = NO;
				GCC_DYNAMIC_NO_PIC = NO;
				GCC_OPTIMIZATION_LEVEL = 0;
				GCC_PRECOMPILE_PREFIX_HEADER = YES;
				GCC_PREFIX_HEADER = "Vasa Pandu/Vasa Pandu-Prefix.pch";
				GCC_THUMB_SUPPORT = NO;
				GCC_VERSION = "";
				INFOPLIST_FILE = "Vasa Pandu/Vasa Pandu-Info.plist";
				IPHONEOS_DEPLOYMENT_TARGET = 9.0;
				LD_RUNPATH_SEARCH_PATHS = "@executable_path/Frameworks";
				TARGETED_DEVICE_FAMILY = "1,2";
				PRODUCT_NAME = "Vasa Pandu";
				SWIFT_OBJC_BRIDGING_HEADER = "$(PROJECT_DIR)/$(PROJECT_NAME)/Bridging-Header.h";
				ALWAYS_EMBED_SWIFT_STANDARD_LIBRARIES = YES;
				SWIFT_VERSION = 5;
				SWIFT_OPTIMIZATION_LEVEL = "-Onone";
			};
			name = Debug;
		};
		1D6058950D05DD3E006BFB54 /* Release */ = {
			isa = XCBuildConfiguration;
			baseConfigurationReference = 3047A5101AB8059700498E2A /* build-release.xcconfig */;
			buildSettings = {
				ALWAYS_SEARCH_USER_PATHS = NO;
				ASSETCATALOG_COMPILER_APPICON_NAME = AppIcon;
				ASSETCATALOG_COMPILER_LAUNCHIMAGE_NAME = LaunchImage;
				CLANG_ENABLE_MODULES = YES;
				CLANG_ENABLE_OBJC_ARC = YES;
				COPY_PHASE_STRIP = YES;
				GCC_PRECOMPILE_PREFIX_HEADER = YES;
				GCC_PREFIX_HEADER = "Vasa Pandu/Vasa Pandu-Prefix.pch";
				GCC_THUMB_SUPPORT = NO;
				GCC_VERSION = "";
				INFOPLIST_FILE = "Vasa Pandu/Vasa Pandu-Info.plist";
				IPHONEOS_DEPLOYMENT_TARGET = 9.0;
				LD_RUNPATH_SEARCH_PATHS = "@executable_path/Frameworks";
				TARGETED_DEVICE_FAMILY = "1,2";
				PRODUCT_NAME = "Vasa Pandu";
				SWIFT_OBJC_BRIDGING_HEADER = "$(PROJECT_DIR)/$(PROJECT_NAME)/Bridging-Header.h";
				ALWAYS_EMBED_SWIFT_STANDARD_LIBRARIES = YES;
				SWIFT_VERSION = 5;
			};
			name = Release;
		};
		C01FCF4F08A954540054247B /* Debug */ = {
			isa = XCBuildConfiguration;
			baseConfigurationReference = 3047A5111AB8059700498E2A /* build.xcconfig */;
			buildSettings = {
				CLANG_ENABLE_MODULES = YES;
				CLANG_ENABLE_OBJC_ARC = YES;
				CLANG_WARN_BOOL_CONVERSION = YES;
				CLANG_WARN_CONSTANT_CONVERSION = YES;
				CLANG_WARN_EMPTY_BODY = YES;
				CLANG_WARN_ENUM_CONVERSION = YES;
				CLANG_WARN_INT_CONVERSION = YES;
				CLANG_WARN__DUPLICATE_METHOD_MATCH = YES;
				GCC_C_LANGUAGE_STANDARD = c99;
				GCC_THUMB_SUPPORT = NO;
				GCC_VERSION = "";
				GCC_WARN_ABOUT_RETURN_TYPE = YES;
				GCC_WARN_UNDECLARED_SELECTOR = YES;
				GCC_WARN_UNINITIALIZED_AUTOS = YES;
				GCC_WARN_UNUSED_FUNCTION = YES;
				GCC_WARN_UNUSED_VARIABLE = YES;
				ONLY_ACTIVE_ARCH = YES;
				SDKROOT = iphoneos;
				SKIP_INSTALL = NO;
				SWIFT_OBJC_BRIDGING_HEADER = "$(PROJECT_DIR)/$(PROJECT_NAME)/Bridging-Header.h";
				ALWAYS_EMBED_SWIFT_STANDARD_LIBRARIES = YES;
				SWIFT_VERSION = 5;
				SWIFT_OPTIMIZATION_LEVEL = "-Onone";
			};
			name = Debug;
		};
		C01FCF5008A954540054247B /* Release */ = {
			isa = XCBuildConfiguration;
			baseConfigurationReference = 3047A5111AB8059700498E2A /* build.xcconfig */;
			buildSettings = {
				CLANG_ENABLE_MODULES = YES;
				CLANG_ENABLE_OBJC_ARC = YES;
				CLANG_WARN_BOOL_CONVERSION = YES;
				CLANG_WARN_CONSTANT_CONVERSION = YES;
				CLANG_WARN_EMPTY_BODY = YES;
				CLANG_WARN_ENUM_CONVERSION = YES;
				CLANG_WARN_INT_CONVERSION = YES;
				CLANG_WARN__DUPLICATE_METHOD_MATCH = YES;
				GCC_C_LANGUAGE_STANDARD = c99;
				GCC_THUMB_SUPPORT = NO;
				GCC_VERSION = "";
				GCC_WARN_ABOUT_RETURN_TYPE = YES;
				GCC_WARN_UNDECLARED_SELECTOR = YES;
				GCC_WARN_UNINITIALIZED_AUTOS = YES;
				GCC_WARN_UNUSED_FUNCTION = YES;
				GCC_WARN_UNUSED_VARIABLE = YES;
				SDKROOT = iphoneos;
				SKIP_INSTALL = NO;
				SWIFT_OBJC_BRIDGING_HEADER = "$(PROJECT_DIR)/$(PROJECT_NAME)/Bridging-Header.h";
				ALWAYS_EMBED_SWIFT_STANDARD_LIBRARIES = YES;
				SWIFT_VERSION = 5;
			};
			name = Release;
		};
/* End XCBuildConfiguration section */

/* Begin XCConfigurationList section */
		1D6058960D05DD3E006BFB54 /* Build configuration list for PBXNativeTarget "Vasa Pandu" */ = {
			isa = XCConfigurationList;
			buildConfigurations = (
				1D6058940D05DD3E006BFB54 /* Debug */,
				1D6058950D05DD3E006BFB54 /* Release */,
			);
			defaultConfigurationIsVisible = 0;
			defaultConfigurationName = Release;
		};
		C01FCF4E08A954540054247B /* Build configuration list for PBXProject "__NON-CLI__" */ = {
			isa = XCConfigurationList;
			buildConfigurations = (
				C01FCF4F08A954540054247B /* Debug */,
				C01FCF5008A954540054247B /* Release */,
			);
			defaultConfigurationIsVisible = 0;
			defaultConfigurationName = Release;
		};
/* End XCConfigurationList section */
	};
	rootObject = 29B97313FDCFA39411CA2CEA /* Project object */;
}
